
Microsoft Visual Studio Solution File, Format Version 12.00
# Visual Studio Version 16
VisualStudioVersion = 16.0.29424.173
MinimumVisualStudioVersion = 10.0.40219.1
Project("{8BC9CEB8-8B4A-11D0-8D11-00A0C91BC942}") = "Stroika-Foundation", "..\..\Library\Projects\VisualStudio.Net-2019\Stroika-Foundation.vcxproj", "{5AFC8E54-EFA6-45A6-9E8F-7BB89C84AE5B}"
EndProject
Project("{2150E333-8FDC-42A3-9474-1A3956D46DE8}") = "Solution Items", "Solution Items", "{A4F20229-F4CF-4EC3-9887-AB6FBE5C3BAB}"
EndProject
Project("{8BC9CEB8-8B4A-11D0-8D11-00A0C91BC942}") = "Stroika-Frameworks", "..\..\Library\Projects\VisualStudio.Net-2019\Stroika-Frameworks.vcxproj", "{91C825D0-2702-4800-98DD-B83727D51F5E}"
	ProjectSection(ProjectDependencies) = postProject
		{5AFC8E54-EFA6-45A6-9E8F-7BB89C84AE5B} = {5AFC8E54-EFA6-45A6-9E8F-7BB89C84AE5B}
	EndProjectSection
EndProject
Project("{8BC9CEB8-8B4A-11D0-8D11-00A0C91BC942}") = "StroikaTools-Frameworks-WebServer-HTMLViewCompiler", "..\..\Tools\Projects\VisualStudio.Net-2019\StroikaTools-Frameworks-WebServer-HTMLViewCompiler.vcxproj", "{1F02CD14-34A7-4501-AF72-D39F7E8F76B0}"
	ProjectSection(ProjectDependencies) = postProject
		{5AFC8E54-EFA6-45A6-9E8F-7BB89C84AE5B} = {5AFC8E54-EFA6-45A6-9E8F-7BB89C84AE5B}
		{91C825D0-2702-4800-98DD-B83727D51F5E} = {91C825D0-2702-4800-98DD-B83727D51F5E}
	EndProjectSection
EndProject
Project("{2150E333-8FDC-42A3-9474-1A3956D46DE8}") = "Stroika-Tools-Top-Level", "Stroika-Tools-Top-Level", "{4BD4957F-C6F9-4E2D-8BA3-8AAD529D5B3B}"
	ProjectSection(SolutionItems) = preProject
		..\..\Tools\Makefile = ..\..\Tools\Makefile
	EndProjectSection
EndProject
Project("{2150E333-8FDC-42A3-9474-1A3956D46DE8}") = "Sources", "Sources", "{B0188C06-57B7-4CE7-904B-865813DF07A5}"
EndProject
Project("{2150E333-8FDC-42A3-9474-1A3956D46DE8}") = "Stroika", "Stroika", "{0DA3B119-6C97-436A-9090-58440594C823}"
EndProject
Project("{2150E333-8FDC-42A3-9474-1A3956D46DE8}") = "Frameworks", "Frameworks", "{3865D21E-36CE-4968-9678-14BA9C914AF5}"
	ProjectSection(SolutionItems) = preProject
		..\..\Tools\Sources\Stroika\Frameworks\Makefile = ..\..\Tools\Sources\Stroika\Frameworks\Makefile
	EndProjectSection
EndProject
Project("{2150E333-8FDC-42A3-9474-1A3956D46DE8}") = "WebServer", "WebServer", "{76E61B97-2E7C-4A5C-A7B5-917878772B80}"
	ProjectSection(SolutionItems) = preProject
		..\..\Tools\Sources\Stroika\Frameworks\WebServer\Makefile = ..\..\Tools\Sources\Stroika\Frameworks\WebServer\Makefile
	EndProjectSection
EndProject
Global
	GlobalSection(SolutionConfigurationPlatforms) = preSolution
		Debug-U-32|Unspecified = Debug-U-32|Unspecified
		Debug-U-64|Unspecified = Debug-U-64|Unspecified
		Release-DbgMemLeaks-U-32|Unspecified = Release-DbgMemLeaks-U-32|Unspecified
		Release-Logging-U-32|Unspecified = Release-Logging-U-32|Unspecified
		Release-Logging-U-64|Unspecified = Release-Logging-U-64|Unspecified
		Release-U-32|Unspecified = Release-U-32|Unspecified
		Release-U-64|Unspecified = Release-U-64|Unspecified
	EndGlobalSection
	GlobalSection(ProjectConfigurationPlatforms) = postSolution
		{5AFC8E54-EFA6-45A6-9E8F-7BB89C84AE5B}.Debug-U-32|Unspecified.ActiveCfg = Debug-U-32|Win32
		{5AFC8E54-EFA6-45A6-9E8F-7BB89C84AE5B}.Debug-U-32|Unspecified.Build.0 = Debug-U-32|Win32
		{5AFC8E54-EFA6-45A6-9E8F-7BB89C84AE5B}.Debug-U-64|Unspecified.ActiveCfg = Debug-U-64|Win32
		{5AFC8E54-EFA6-45A6-9E8F-7BB89C84AE5B}.Debug-U-64|Unspecified.Build.0 = Debug-U-64|Win32
		{5AFC8E54-EFA6-45A6-9E8F-7BB89C84AE5B}.Release-DbgMemLeaks-U-32|Unspecified.ActiveCfg = Release-DbgMemLeaks-U-32|Win32
		{5AFC8E54-EFA6-45A6-9E8F-7BB89C84AE5B}.Release-DbgMemLeaks-U-32|Unspecified.Build.0 = Release-DbgMemLeaks-U-32|Win32
		{5AFC8E54-EFA6-45A6-9E8F-7BB89C84AE5B}.Release-Logging-U-32|Unspecified.ActiveCfg = Release-Logging-U-32|Win32
		{5AFC8E54-EFA6-45A6-9E8F-7BB89C84AE5B}.Release-Logging-U-32|Unspecified.Build.0 = Release-Logging-U-32|Win32
		{5AFC8E54-EFA6-45A6-9E8F-7BB89C84AE5B}.Release-Logging-U-64|Unspecified.ActiveCfg = Release-Logging-U-64|Win32
		{5AFC8E54-EFA6-45A6-9E8F-7BB89C84AE5B}.Release-Logging-U-64|Unspecified.Build.0 = Release-Logging-U-64|Win32
		{5AFC8E54-EFA6-45A6-9E8F-7BB89C84AE5B}.Release-U-32|Unspecified.ActiveCfg = Release-U-32|Win32
		{5AFC8E54-EFA6-45A6-9E8F-7BB89C84AE5B}.Release-U-32|Unspecified.Build.0 = Release-U-32|Win32
		{5AFC8E54-EFA6-45A6-9E8F-7BB89C84AE5B}.Release-U-64|Unspecified.ActiveCfg = Release-U-64|Win32
		{5AFC8E54-EFA6-45A6-9E8F-7BB89C84AE5B}.Release-U-64|Unspecified.Build.0 = Release-U-64|Win32
		{91C825D0-2702-4800-98DD-B83727D51F5E}.Debug-U-32|Unspecified.ActiveCfg = Debug-U-32|Win32
		{91C825D0-2702-4800-98DD-B83727D51F5E}.Debug-U-32|Unspecified.Build.0 = Debug-U-32|Win32
		{91C825D0-2702-4800-98DD-B83727D51F5E}.Debug-U-64|Unspecified.ActiveCfg = Debug-U-64|Win32
		{91C825D0-2702-4800-98DD-B83727D51F5E}.Debug-U-64|Unspecified.Build.0 = Debug-U-64|Win32
		{91C825D0-2702-4800-98DD-B83727D51F5E}.Release-DbgMemLeaks-U-32|Unspecified.ActiveCfg = Release-DbgMemLeaks-U-32|Win32
		{91C825D0-2702-4800-98DD-B83727D51F5E}.Release-DbgMemLeaks-U-32|Unspecified.Build.0 = Release-DbgMemLeaks-U-32|Win32
		{91C825D0-2702-4800-98DD-B83727D51F5E}.Release-Logging-U-32|Unspecified.ActiveCfg = Release-Logging-U-32|Win32
		{91C825D0-2702-4800-98DD-B83727D51F5E}.Release-Logging-U-32|Unspecified.Build.0 = Release-Logging-U-32|Win32
		{91C825D0-2702-4800-98DD-B83727D51F5E}.Release-Logging-U-64|Unspecified.ActiveCfg = Release-Logging-U-64|Win32
		{91C825D0-2702-4800-98DD-B83727D51F5E}.Release-Logging-U-64|Unspecified.Build.0 = Release-Logging-U-64|Win32
		{91C825D0-2702-4800-98DD-B83727D51F5E}.Release-U-32|Unspecified.ActiveCfg = Release-U-32|Win32
		{91C825D0-2702-4800-98DD-B83727D51F5E}.Release-U-32|Unspecified.Build.0 = Release-U-32|Win32
		{91C825D0-2702-4800-98DD-B83727D51F5E}.Release-U-64|Unspecified.ActiveCfg = Release-U-64|Win32
		{91C825D0-2702-4800-98DD-B83727D51F5E}.Release-U-64|Unspecified.Build.0 = Release-U-64|Win32
		{1F02CD14-34A7-4501-AF72-D39F7E8F76B0}.Debug-U-32|Unspecified.ActiveCfg = Debug-U-32|Win32
		{1F02CD14-34A7-4501-AF72-D39F7E8F76B0}.Debug-U-32|Unspecified.Build.0 = Debug-U-32|Win32
		{1F02CD14-34A7-4501-AF72-D39F7E8F76B0}.Debug-U-64|Unspecified.ActiveCfg = Debug-U-64|Win32
		{1F02CD14-34A7-4501-AF72-D39F7E8F76B0}.Debug-U-64|Unspecified.Build.0 = Debug-U-64|Win32
		{1F02CD14-34A7-4501-AF72-D39F7E8F76B0}.Release-DbgMemLeaks-U-32|Unspecified.ActiveCfg = Release-DbgMemLeaks-U-32|Win32
		{1F02CD14-34A7-4501-AF72-D39F7E8F76B0}.Release-DbgMemLeaks-U-32|Unspecified.Build.0 = Release-DbgMemLeaks-U-32|Win32
		{1F02CD14-34A7-4501-AF72-D39F7E8F76B0}.Release-Logging-U-32|Unspecified.ActiveCfg = Release-Logging-U-32|Win32
		{1F02CD14-34A7-4501-AF72-D39F7E8F76B0}.Release-Logging-U-32|Unspecified.Build.0 = Release-Logging-U-32|Win32
		{1F02CD14-34A7-4501-AF72-D39F7E8F76B0}.Release-Logging-U-64|Unspecified.ActiveCfg = Release-Logging-U-64|Win32
		{1F02CD14-34A7-4501-AF72-D39F7E8F76B0}.Release-Logging-U-64|Unspecified.Build.0 = Release-Logging-U-64|Win32
		{1F02CD14-34A7-4501-AF72-D39F7E8F76B0}.Release-U-32|Unspecified.ActiveCfg = Release-U-32|Win32
		{1F02CD14-34A7-4501-AF72-D39F7E8F76B0}.Release-U-32|Unspecified.Build.0 = Release-U-32|Win32
		{1F02CD14-34A7-4501-AF72-D39F7E8F76B0}.Release-U-64|Unspecified.ActiveCfg = Release-U-64|Win32
		{1F02CD14-34A7-4501-AF72-D39F7E8F76B0}.Release-U-64|Unspecified.Build.0 = Release-U-64|Win32
	EndGlobalSection
	GlobalSection(SolutionProperties) = preSolution
		HideSolutionNode = FALSE
	EndGlobalSection
	GlobalSection(NestedProjects) = preSolution
		{B0188C06-57B7-4CE7-904B-865813DF07A5} = {4BD4957F-C6F9-4E2D-8BA3-8AAD529D5B3B}
		{0DA3B119-6C97-436A-9090-58440594C823} = {B0188C06-57B7-4CE7-904B-865813DF07A5}
		{3865D21E-36CE-4968-9678-14BA9C914AF5} = {0DA3B119-6C97-436A-9090-58440594C823}
		{76E61B97-2E7C-4A5C-A7B5-917878772B80} = {3865D21E-36CE-4968-9678-14BA9C914AF5}
	EndGlobalSection
	GlobalSection(ExtensibilityGlobals) = postSolution
		SolutionGuid = {64D99AE5-72E4-4A17-993D-F768501667B6}
	EndGlobalSection
EndGlobal
