Microsoft Visual Studio Solution File, Format Version 8.00
Project("{8BC9CEB8-8B4A-11D0-8D11-00A0C91BC942}") = "Led", "Led.vcproj", "{131BCE39-A3F5-4A4E-B96D-1CACB7D19DF6}"
	ProjectSection(ProjectDependencies) = postProject
	EndProjectSection
EndProject
Project("{8BC9CEB8-8B4A-11D0-8D11-00A0C91BC942}") = "NetLedIt", "NetLedIt.vcproj", "{573E684E-E81E-4329-8C32-16EA65474472}"
	ProjectSection(ProjectDependencies) = postProject
		{131BCE39-A3F5-4A4E-B96D-1CACB7D19DF6} = {131BCE39-A3F5-4A4E-B96D-1CACB7D19DF6}
	EndProjectSection
EndProject
Global
	GlobalSection(SolutionConfiguration) = preSolution
		Debug = Debug
		Debug Demo = Debug Demo
		Release = Release
		Release Demo = Release Demo
	EndGlobalSection
	GlobalSection(ProjectConfiguration) = postSolution
		{131BCE39-A3F5-4A4E-B96D-1CACB7D19DF6}.Debug.ActiveCfg = Debug|Win32
		{131BCE39-A3F5-4A4E-B96D-1CACB7D19DF6}.Debug.Build.0 = Debug|Win32
		{131BCE39-A3F5-4A4E-B96D-1CACB7D19DF6}.Debug Demo.ActiveCfg = Debug Demo|Win32
		{131BCE39-A3F5-4A4E-B96D-1CACB7D19DF6}.Debug Demo.Build.0 = Debug Demo|Win32
		{131BCE39-A3F5-4A4E-B96D-1CACB7D19DF6}.Release.ActiveCfg = Release|Win32
		{131BCE39-A3F5-4A4E-B96D-1CACB7D19DF6}.Release.Build.0 = Release|Win32
		{131BCE39-A3F5-4A4E-B96D-1CACB7D19DF6}.Release Demo.ActiveCfg = Release Demo|Win32
		{131BCE39-A3F5-4A4E-B96D-1CACB7D19DF6}.Release Demo.Build.0 = Release Demo|Win32
		{573E684E-E81E-4329-8C32-16EA65474472}.Debug.ActiveCfg = Debug|Win32
		{573E684E-E81E-4329-8C32-16EA65474472}.Debug.Build.0 = Debug|Win32
		{573E684E-E81E-4329-8C32-16EA65474472}.Debug Demo.ActiveCfg = Debug Demo|Win32
		{573E684E-E81E-4329-8C32-16EA65474472}.Debug Demo.Build.0 = Debug Demo|Win32
		{573E684E-E81E-4329-8C32-16EA65474472}.Release.ActiveCfg = Release|Win32
		{573E684E-E81E-4329-8C32-16EA65474472}.Release.Build.0 = Release|Win32
		{573E684E-E81E-4329-8C32-16EA65474472}.Release Demo.ActiveCfg = Release Demo|Win32
		{573E684E-E81E-4329-8C32-16EA65474472}.Release Demo.Build.0 = Release Demo|Win32
	EndGlobalSection
	GlobalSection(ExtensibilityGlobals) = postSolution
	EndGlobalSection
	GlobalSection(ExtensibilityAddIns) = postSolution
	EndGlobalSection
EndGlobal
