Microsoft Visual Studio Solution File, Format Version 7.00
Project("{8BC9CEB8-8B4A-11D0-8D11-00A0C91BC942}") = "Led", "Led_VC7.vcproj", "{131BCE39-A3F5-4A4E-B96D-1CACB7D19DF6}"
EndProject
Project("{8BC9CEB8-8B4A-11D0-8D11-00A0C91BC942}") = "NetLedIt", "NetLedIt_VC7.vcproj", "{573E684E-E81E-4329-8C32-16EA65474472}"
EndProject
Global
	GlobalSection(SolutionConfiguration) = preSolution
		ConfigName.0 = Debug
		ConfigName.1 = Debug Demo
		ConfigName.2 = Release
		ConfigName.3 = Release Demo
	EndGlobalSection
	GlobalSection(ProjectDependencies) = postSolution
		{573E684E-E81E-4329-8C32-16EA65474472}.0 = {131BCE39-A3F5-4A4E-B96D-1CACB7D19DF6}
	EndGlobalSection
	GlobalSection(ProjectConfiguration) = postSolution
		{131BCE39-A3F5-4A4E-B96D-1CACB7D19DF6}.Debug.ActiveCfg = Debug|Win32
		{131BCE39-A3F5-4A4E-B96D-1CACB7D19DF6}.Debug.Build.0 = Debug|Win32
		{131BCE39-A3F5-4A4E-B96D-1CACB7D19DF6}.Debug Demo.ActiveCfg = Debug Demo|Win32
		{131BCE39-A3F5-4A4E-B96D-1CACB7D19DF6}.Debug Demo.Build.0 = Debug Demo|Win32
		{131BCE39-A3F5-4A4E-B96D-1CACB7D19DF6}.Release.ActiveCfg = Release|Win32
		{131BCE39-A3F5-4A4E-B96D-1CACB7D19DF6}.Release.Build.0 = Release|Win32
		{131BCE39-A3F5-4A4E-B96D-1CACB7D19DF6}.Release Demo.ActiveCfg = Release Demo|Win32
		{131BCE39-A3F5-4A4E-B96D-1CACB7D19DF6}.Release Demo.Build.0 = Release Demo|Win32
		{573E684E-E81E-4329-8C32-16EA65474472}.Debug.ActiveCfg = Debug|Win32
		{573E684E-E81E-4329-8C32-16EA65474472}.Debug.Build.0 = Debug|Win32
		{573E684E-E81E-4329-8C32-16EA65474472}.Debug Demo.ActiveCfg = Debug Demo|Win32
		{573E684E-E81E-4329-8C32-16EA65474472}.Debug Demo.Build.0 = Debug Demo|Win32
		{573E684E-E81E-4329-8C32-16EA65474472}.Release.ActiveCfg = Release|Win32
		{573E684E-E81E-4329-8C32-16EA65474472}.Release.Build.0 = Release|Win32
		{573E684E-E81E-4329-8C32-16EA65474472}.Release Demo.ActiveCfg = Release Demo|Win32
		{573E684E-E81E-4329-8C32-16EA65474472}.Release Demo.Build.0 = Release Demo|Win32
	EndGlobalSection
	GlobalSection(ExtensibilityGlobals) = postSolution
	EndGlobalSection
	GlobalSection(ExtensibilityAddIns) = postSolution
	EndGlobalSection
EndGlobal
