<?xml version="1.0" encoding="UTF-8" standalone="yes" ?>
<CodeBlocks_project_file>
	<FileVersion major="1" minor="6" />
	<Project>
		<Option title="ADTs" />
		<Option pch_mode="2" />
		<Option compiler="gcc" />
		<Build>
			<Target title="Debug">
				<Option output="bin/Debug/ADTs" prefix_auto="1" extension_auto="1" />
				<Option object_output="obj/Debug/" />
				<Option type="1" />
				<Option compiler="gcc" />
				<Compiler>
					<Add option="-Wshadow" />
					<Add option="-Winit-self" />
					<Add option="-Wredundant-decls" />
					<Add option="-Wcast-align" />
					<Add option="-Wundef" />
					<Add option="-Wfloat-equal" />
					<Add option="-Winline" />
					<Add option="-Wunreachable-code" />
					<Add option="-Wmissing-declarations" />
					<Add option="-Wmissing-include-dirs" />
					<Add option="-Wswitch-default" />
					<Add option="-Wmain" />
					<Add option="-pedantic" />
					<Add option="-std=c++0x" />
					<Add option="-Wextra" />
					<Add option="-Wall" />
					<Add option="-g" />
					<Add option="-DqKeepADTStatistics=1" />
					<Add option="-DqDebug=1" />
				</Compiler>
			</Target>
			<Target title="Release">
				<Option output="bin/Release/ADTs" prefix_auto="1" extension_auto="1" />
				<Option object_output="obj/Release/" />
				<Option type="1" />
				<Option compiler="gcc" />
				<Compiler>
					<Add option="-O2" />
					<Add option="-Winit-self" />
					<Add option="-Wredundant-decls" />
					<Add option="-Wcast-align" />
					<Add option="-Wundef" />
					<Add option="-Wfloat-equal" />
					<Add option="-Winline" />
					<Add option="-Wunreachable-code" />
					<Add option="-Wmissing-declarations" />
					<Add option="-Wmissing-include-dirs" />
					<Add option="-Wswitch-default" />
					<Add option="-Wmain" />
					<Add option="-pedantic" />
					<Add option="-std=c++0x" />
					<Add option="-Wextra" />
					<Add option="-Wall" />
					<Add option="-DqKeepADTStatistics=1" />
					<Add option="-DqDebug=0" />
				</Compiler>
				<Linker>
					<Add option="-s" />
				</Linker>
			</Target>
		</Build>
		<Compiler>
			<Add option="-Wall" />
			<Add option="-fexceptions" />
		</Compiler>
		<Unit filename="main.cpp" />
		<Unit filename="../Docs/AVLTreeToDo.txt" />
		<Unit filename="../Docs/RedBlackTreeToDo.txt" />
		<Unit filename="../Docs/ScapeGoatTree.txt" />
		<Unit filename="../Docs/ShuffleTreeToDo.txt" />
		<Unit filename="../Docs/SkipListToDo.txt" />
		<Unit filename="../Docs/SortedBinaryTree.txt" />
		<Unit filename="../Docs/SplayTreeToDo.txt" />
		<Unit filename="../Docs/ToDo.txt" />
		<Unit filename="../Docs/TreapToDo.txt" />
		<Unit filename="../Headers/AVLTree.h" />
		<Unit filename="../Headers/AVLTree.inl" />
		<Unit filename="../Headers/RedBlackTree.h" />
		<Unit filename="../Headers/RedBlackTree.inl" />
		<Unit filename="../Headers/ScapeGoatTree.h" />
		<Unit filename="../Headers/ScapeGoatTree.inl" />
		<Unit filename="../Headers/ShuffleTree.h" />
		<Unit filename="../Headers/ShuffleTree.inl" />
		<Unit filename="../Headers/SkipList.h" />
		<Unit filename="../Headers/SkipList.inl" />
		<Unit filename="../Headers/SortedBinaryTree.h" />
		<Unit filename="../Headers/SortedBinaryTree.inl" />
		<Unit filename="../Headers/SplayTree.h" />
		<Unit filename="../Headers/SplayTree.inl" />
		<Unit filename="../Headers/Treap.h" />
		<Unit filename="../Headers/Treap.inl" />
		<Unit filename="../Shared/Headers/ADT.h" />
		<Unit filename="../Shared/Headers/BinaryTree.h" />
		<Unit filename="../Shared/Headers/BinaryTree.inl" />
		<Unit filename="../Shared/Headers/BlockAllocated.h" />
		<Unit filename="../Shared/Headers/BlockAllocated.inl" />
		<Unit filename="../Shared/Headers/Comparer.h" />
		<Unit filename="../Shared/Headers/Config.h" />
		<Unit filename="../Shared/Headers/ContainerValidation.h" />
		<Unit filename="../Shared/Headers/ContainerValidation.inl" />
		<Unit filename="../Shared/Headers/Exception.h" />
		<Unit filename="../Shared/Headers/HashKey.h" />
		<Unit filename="../Shared/Headers/HashKey.inl" />
		<Unit filename="../Shared/Headers/KeyValue.h" />
		<Unit filename="../Shared/Headers/KeyValue.inl" />
		<Unit filename="../Shared/Headers/TestingData.h" />
		<Unit filename="../Shared/Headers/TestingData.inl" />
		<Unit filename="../Shared/Headers/Utils.h" />
		<Unit filename="../Shared/Headers/Utils.inl" />
		<Unit filename="../Shared/Sources/BlockAllocated.cpp" />
		<Unit filename="../Shared/Sources/ContainerValidation.cpp" />
		<Unit filename="../Shared/Sources/HashKey.cpp" />
		<Unit filename="../Shared/Sources/TestingData.cpp" />
		<Unit filename="../Shared/Sources/Utils.cpp" />
		<Unit filename="../Sources/RedBlackTree.cpp" />
		<Unit filename="../Sources/ShuffleTree.cpp" />
		<Unit filename="../Sources/SkipList.cpp" />
		<Unit filename="../Sources/SortedBinaryTree.cpp" />
		<Unit filename="../Sources/SplayTree.cpp" />
		<Unit filename="../Sources/Treap.cpp" />
		<Extensions>
			<code_completion />
			<debugger />
		</Extensions>
	</Project>
</CodeBlocks_project_file>
