Microsoft Visual Studio Solution File, Format Version 11.00
# Visual Studio 2010
Project("{8BC9CEB8-8B4A-11D0-8D11-00A0C91BC942}") = "LedIt", "LedIt.vcxproj", "{E4B81416-7521-49C8-B7C0-4FEF491B22F6}"
EndProject
Project("{8BC9CEB8-8B4A-11D0-8D11-00A0C91BC942}") = "LedLibrary", "LedLibrary.vcxproj", "{AED51607-5397-4616-9AED-2C37B66A64DF}"
EndProject
Project("{8BC9CEB8-8B4A-11D0-8D11-00A0C91BC942}") = "fribidilib", "..\AuxiliaryPackages\fribidi\fribidilib\fribidilib.vcxproj", "{0414FFDD-1D97-4FCA-AA30-69F36D364112}"
EndProject
Global
	GlobalSection(SolutionConfigurationPlatforms) = preSolution
		Debug|Win32 = Debug|Win32
		DebugMemoryLeaks|Win32 = DebugMemoryLeaks|Win32
		Full UNICODE Debug|Win32 = Full UNICODE Debug|Win32
		Full UNICODE Release|Win32 = Full UNICODE Release|Win32
		Partial UNICODE Debug|Win32 = Partial UNICODE Debug|Win32
		Partial UNICODE Release|Win32 = Partial UNICODE Release|Win32
		Profile|Win32 = Profile|Win32
		Release|Win32 = Release|Win32
		SingleByte Debug|Win32 = SingleByte Debug|Win32
		SingleByte Release|Win32 = SingleByte Release|Win32
	EndGlobalSection
	GlobalSection(ProjectConfigurationPlatforms) = postSolution
		{E4B81416-7521-49C8-B7C0-4FEF491B22F6}.Debug|Win32.ActiveCfg = DebugMemoryLeaks|Win32
		{E4B81416-7521-49C8-B7C0-4FEF491B22F6}.Debug|Win32.Build.0 = DebugMemoryLeaks|Win32
		{E4B81416-7521-49C8-B7C0-4FEF491B22F6}.DebugMemoryLeaks|Win32.ActiveCfg = DebugMemoryLeaks|Win32
		{E4B81416-7521-49C8-B7C0-4FEF491B22F6}.DebugMemoryLeaks|Win32.Build.0 = DebugMemoryLeaks|Win32
		{E4B81416-7521-49C8-B7C0-4FEF491B22F6}.Full UNICODE Debug|Win32.ActiveCfg = Full UNICODE Debug|Win32
		{E4B81416-7521-49C8-B7C0-4FEF491B22F6}.Full UNICODE Debug|Win32.Build.0 = Full UNICODE Debug|Win32
		{E4B81416-7521-49C8-B7C0-4FEF491B22F6}.Full UNICODE Release|Win32.ActiveCfg = Full UNICODE Release|Win32
		{E4B81416-7521-49C8-B7C0-4FEF491B22F6}.Full UNICODE Release|Win32.Build.0 = Full UNICODE Release|Win32
		{E4B81416-7521-49C8-B7C0-4FEF491B22F6}.Partial UNICODE Debug|Win32.ActiveCfg = Partial UNICODE Debug|Win32
		{E4B81416-7521-49C8-B7C0-4FEF491B22F6}.Partial UNICODE Debug|Win32.Build.0 = Partial UNICODE Debug|Win32
		{E4B81416-7521-49C8-B7C0-4FEF491B22F6}.Partial UNICODE Release|Win32.ActiveCfg = Partial UNICODE Release|Win32
		{E4B81416-7521-49C8-B7C0-4FEF491B22F6}.Partial UNICODE Release|Win32.Build.0 = Partial UNICODE Release|Win32
		{E4B81416-7521-49C8-B7C0-4FEF491B22F6}.Profile|Win32.ActiveCfg = Profile|Win32
		{E4B81416-7521-49C8-B7C0-4FEF491B22F6}.Profile|Win32.Build.0 = Profile|Win32
		{E4B81416-7521-49C8-B7C0-4FEF491B22F6}.Release|Win32.ActiveCfg = Partial UNICODE Release|Win32
		{E4B81416-7521-49C8-B7C0-4FEF491B22F6}.Release|Win32.Build.0 = Partial UNICODE Release|Win32
		{E4B81416-7521-49C8-B7C0-4FEF491B22F6}.SingleByte Debug|Win32.ActiveCfg = SingleByte Debug|Win32
		{E4B81416-7521-49C8-B7C0-4FEF491B22F6}.SingleByte Debug|Win32.Build.0 = SingleByte Debug|Win32
		{E4B81416-7521-49C8-B7C0-4FEF491B22F6}.SingleByte Release|Win32.ActiveCfg = SingleByte Release|Win32
		{E4B81416-7521-49C8-B7C0-4FEF491B22F6}.SingleByte Release|Win32.Build.0 = SingleByte Release|Win32
		{AED51607-5397-4616-9AED-2C37B66A64DF}.Debug|Win32.ActiveCfg = DebugMemoryLeaks|Win32
		{AED51607-5397-4616-9AED-2C37B66A64DF}.Debug|Win32.Build.0 = DebugMemoryLeaks|Win32
		{AED51607-5397-4616-9AED-2C37B66A64DF}.DebugMemoryLeaks|Win32.ActiveCfg = DebugMemoryLeaks|Win32
		{AED51607-5397-4616-9AED-2C37B66A64DF}.DebugMemoryLeaks|Win32.Build.0 = DebugMemoryLeaks|Win32
		{AED51607-5397-4616-9AED-2C37B66A64DF}.Full UNICODE Debug|Win32.ActiveCfg = Full UNICODE Debug|Win32
		{AED51607-5397-4616-9AED-2C37B66A64DF}.Full UNICODE Debug|Win32.Build.0 = Full UNICODE Debug|Win32
		{AED51607-5397-4616-9AED-2C37B66A64DF}.Full UNICODE Release|Win32.ActiveCfg = Full UNICODE Release|Win32
		{AED51607-5397-4616-9AED-2C37B66A64DF}.Full UNICODE Release|Win32.Build.0 = Full UNICODE Release|Win32
		{AED51607-5397-4616-9AED-2C37B66A64DF}.Partial UNICODE Debug|Win32.ActiveCfg = Partial UNICODE Debug|Win32
		{AED51607-5397-4616-9AED-2C37B66A64DF}.Partial UNICODE Debug|Win32.Build.0 = Partial UNICODE Debug|Win32
		{AED51607-5397-4616-9AED-2C37B66A64DF}.Partial UNICODE Release|Win32.ActiveCfg = Partial UNICODE Release|Win32
		{AED51607-5397-4616-9AED-2C37B66A64DF}.Partial UNICODE Release|Win32.Build.0 = Partial UNICODE Release|Win32
		{AED51607-5397-4616-9AED-2C37B66A64DF}.Profile|Win32.ActiveCfg = Profile|Win32
		{AED51607-5397-4616-9AED-2C37B66A64DF}.Profile|Win32.Build.0 = Profile|Win32
		{AED51607-5397-4616-9AED-2C37B66A64DF}.Release|Win32.ActiveCfg = Partial UNICODE Release|Win32
		{AED51607-5397-4616-9AED-2C37B66A64DF}.Release|Win32.Build.0 = Partial UNICODE Release|Win32
		{AED51607-5397-4616-9AED-2C37B66A64DF}.SingleByte Debug|Win32.ActiveCfg = SingleByte Debug|Win32
		{AED51607-5397-4616-9AED-2C37B66A64DF}.SingleByte Debug|Win32.Build.0 = SingleByte Debug|Win32
		{AED51607-5397-4616-9AED-2C37B66A64DF}.SingleByte Release|Win32.ActiveCfg = SingleByte Release|Win32
		{AED51607-5397-4616-9AED-2C37B66A64DF}.SingleByte Release|Win32.Build.0 = SingleByte Release|Win32
		{0414FFDD-1D97-4FCA-AA30-69F36D364112}.Debug|Win32.ActiveCfg = Debug|Win32
		{0414FFDD-1D97-4FCA-AA30-69F36D364112}.Debug|Win32.Build.0 = Debug|Win32
		{0414FFDD-1D97-4FCA-AA30-69F36D364112}.DebugMemoryLeaks|Win32.ActiveCfg = Debug|Win32
		{0414FFDD-1D97-4FCA-AA30-69F36D364112}.DebugMemoryLeaks|Win32.Build.0 = Debug|Win32
		{0414FFDD-1D97-4FCA-AA30-69F36D364112}.Full UNICODE Debug|Win32.ActiveCfg = Debug|Win32
		{0414FFDD-1D97-4FCA-AA30-69F36D364112}.Full UNICODE Debug|Win32.Build.0 = Debug|Win32
		{0414FFDD-1D97-4FCA-AA30-69F36D364112}.Full UNICODE Release|Win32.ActiveCfg = Release|Win32
		{0414FFDD-1D97-4FCA-AA30-69F36D364112}.Full UNICODE Release|Win32.Build.0 = Release|Win32
		{0414FFDD-1D97-4FCA-AA30-69F36D364112}.Partial UNICODE Debug|Win32.ActiveCfg = Debug|Win32
		{0414FFDD-1D97-4FCA-AA30-69F36D364112}.Partial UNICODE Debug|Win32.Build.0 = Debug|Win32
		{0414FFDD-1D97-4FCA-AA30-69F36D364112}.Partial UNICODE Release|Win32.ActiveCfg = Release|Win32
		{0414FFDD-1D97-4FCA-AA30-69F36D364112}.Partial UNICODE Release|Win32.Build.0 = Release|Win32
		{0414FFDD-1D97-4FCA-AA30-69F36D364112}.Profile|Win32.ActiveCfg = Release|Win32
		{0414FFDD-1D97-4FCA-AA30-69F36D364112}.Profile|Win32.Build.0 = Release|Win32
		{0414FFDD-1D97-4FCA-AA30-69F36D364112}.Release|Win32.ActiveCfg = Release|Win32
		{0414FFDD-1D97-4FCA-AA30-69F36D364112}.Release|Win32.Build.0 = Release|Win32
		{0414FFDD-1D97-4FCA-AA30-69F36D364112}.SingleByte Debug|Win32.ActiveCfg = Debug|Win32
		{0414FFDD-1D97-4FCA-AA30-69F36D364112}.SingleByte Debug|Win32.Build.0 = Debug|Win32
		{0414FFDD-1D97-4FCA-AA30-69F36D364112}.SingleByte Release|Win32.ActiveCfg = Release|Win32
		{0414FFDD-1D97-4FCA-AA30-69F36D364112}.SingleByte Release|Win32.Build.0 = Release|Win32
	EndGlobalSection
	GlobalSection(SolutionProperties) = preSolution
		HideSolutionNode = FALSE
	EndGlobalSection
	GlobalSection(ExtensibilityGlobals) = postSolution
		DPBuild = 5
	EndGlobalSection
EndGlobal
