<?xml version="1.0" encoding="utf-8"?>
<Project ToolsVersion="4.0" xmlns="http://schemas.microsoft.com/developer/msbuild/2003">
  <ItemGroup>
    <Filter Include="Source Files">
      <UniqueIdentifier>{4FC737F1-C7A5-4376-A066-2A32D752A2FF}</UniqueIdentifier>
      <Extensions>cpp;c;cxx;def;odl;idl;hpj;bat;asm;asmx</Extensions>
    </Filter>
    <Filter Include="Header Files">
      <UniqueIdentifier>{93995380-89BD-4b04-88EB-625FBE52EBFB}</UniqueIdentifier>
      <Extensions>h;hpp;hxx;hm;inl;inc;xsd</Extensions>
    </Filter>
    <Filter Include="Resource Files">
      <UniqueIdentifier>{67DA6AB6-F800-4c08-8B7A-83BB121AAD01}</UniqueIdentifier>
      <Extensions>rc;ico;cur;bmp;dlg;rc2;rct;bin;rgs;gif;jpg;jpeg;jpe;resx</Extensions>
    </Filter>
    <Filter Include="Generated Files">
      <UniqueIdentifier>{2821f232-116e-45e7-8c50-743f61e37522}</UniqueIdentifier>
      <SourceControlFiles>False</SourceControlFiles>
    </Filter>
    <Filter Include="Led Headers">
      <UniqueIdentifier>{90522198-3cc2-40b8-a41b-e4f6d3947638}</UniqueIdentifier>
    </Filter>
    <Filter Include="Samples">
      <UniqueIdentifier>{a610601c-c611-4f71-800b-32e8f2f208ba}</UniqueIdentifier>
    </Filter>
    <Filter Include="Samples\HTML-Javascript">
      <UniqueIdentifier>{6de86a97-467c-4a6a-8c65-458dc8d7ebfd}</UniqueIdentifier>
    </Filter>
  </ItemGroup>
  <ItemGroup>
    <None Include="Sources\ActiveSpelledIt.def">
      <Filter>Source Files</Filter>
    </None>
    <None Include="Sources\ActiveSpelledIt.rgs">
      <Filter>Resource Files</Filter>
    </None>
    <None Include="Sources\ActiveSpelledItCtl.bmp">
      <Filter>Resource Files</Filter>
    </None>
    <None Include="Sources\ActiveSpelledItCtl.rgs">
      <Filter>Resource Files</Filter>
    </None>
    <None Include="Samples\HTML-JavaScript\SimpleActiveLedItSpellCheck.html">
      <Filter>Samples\HTML-Javascript</Filter>
    </None>
    <None Include="Samples\HTML-JavaScript\SimpleTest.htm">
      <Filter>Samples\HTML-Javascript</Filter>
    </None>
    <None Include="Tests\ActiveSpelledItCtl.htm" />
  </ItemGroup>
  <ItemGroup>
    <Midl Include="Sources\ActiveSpelledIt.idl">
      <Filter>Source Files</Filter>
    </Midl>
  </ItemGroup>
  <ItemGroup>
    <ClCompile Include="Sources\ActiveSpelledIt_ScanContext.cpp">
      <Filter>Source Files</Filter>
    </ClCompile>
    <ClCompile Include="Sources\ActiveSpelledIt_WordInfo.cpp">
      <Filter>Source Files</Filter>
    </ClCompile>
    <ClCompile Include="Sources\ActiveSpelledItCtl.cpp">
      <Filter>Source Files</Filter>
    </ClCompile>
    <ClCompile Include="Sources\ActiveSpelledItMain.cpp">
      <Filter>Source Files</Filter>
    </ClCompile>
    <ClCompile Include="ActiveSpelledIt_i.c">
      <Filter>Generated Files</Filter>
    </ClCompile>
  </ItemGroup>
  <ItemGroup>
    <ClInclude Include="Headers\ActiveSpelledIt_ScanContext.h">
      <Filter>Header Files</Filter>
    </ClInclude>
    <ClInclude Include="Headers\ActiveSpelledIt_WordInfo.h">
      <Filter>Header Files</Filter>
    </ClInclude>
    <ClInclude Include="Headers\ActiveSpelledItConfig.h">
      <Filter>Header Files</Filter>
    </ClInclude>
    <ClInclude Include="Headers\ActiveSpelledItCtl.h">
      <Filter>Header Files</Filter>
    </ClInclude>
    <ClInclude Include="Headers\Resource.h">
      <Filter>Header Files</Filter>
    </ClInclude>
    <ClInclude Include="ActiveSpelledIt_IDL.h">
      <Filter>Generated Files</Filter>
    </ClInclude>
    <ClInclude Include="..\Led\Headers\CodePage.h">
      <Filter>Led Headers</Filter>
    </ClInclude>
    <ClInclude Include="..\Led\Headers\Led_ATL.h">
      <Filter>Led Headers</Filter>
    </ClInclude>
    <ClInclude Include="..\Led\Headers\LedConfig.h">
      <Filter>Led Headers</Filter>
    </ClInclude>
    <ClInclude Include="..\Led\Headers\LedOptionsSupport.h">
      <Filter>Led Headers</Filter>
    </ClInclude>
    <ClInclude Include="..\Led\Headers\LedStdDialogs.h">
      <Filter>Led Headers</Filter>
    </ClInclude>
    <ClInclude Include="..\Led\Headers\LedSupport.h">
      <Filter>Led Headers</Filter>
    </ClInclude>
    <ClInclude Include="..\Led\Headers\SpellCheckEngine.h">
      <Filter>Led Headers</Filter>
    </ClInclude>
    <ClInclude Include="..\Led\Headers\SpellCheckEngine_Basic.h">
      <Filter>Led Headers</Filter>
    </ClInclude>
    <ClInclude Include="..\Led\Headers\TextBreaks.h">
      <Filter>Led Headers</Filter>
    </ClInclude>
  </ItemGroup>
  <ItemGroup>
    <ResourceCompile Include="Sources\ActiveSpelledIt.rc">
      <Filter>Resource Files</Filter>
    </ResourceCompile>
  </ItemGroup>
</Project>