Microsoft Visual Studio Solution File, Format Version 8.00
Project("{8BC9CEB8-8B4A-11D0-8D11-00A0C91BC942}") = "AutoDoc", "AutoDoc.vcproj", "{C0B89D09-640B-46BF-99FC-7A7B6590DA11}"
	ProjectSection(ProjectDependencies) = postProject
	EndProjectSection
EndProject
Global
	GlobalSection(SolutionConfiguration) = preSolution
		Debug = Debug
		Release = Release
	EndGlobalSection
	GlobalSection(ProjectConfiguration) = postSolution
		{C0B89D09-640B-46BF-99FC-7A7B6590DA11}.Debug.ActiveCfg = Debug|Win32
		{C0B89D09-640B-46BF-99FC-7A7B6590DA11}.Debug.Build.0 = Debug|Win32
		{C0B89D09-640B-46BF-99FC-7A7B6590DA11}.Release.ActiveCfg = Release|Win32
		{C0B89D09-640B-46BF-99FC-7A7B6590DA11}.Release.Build.0 = Release|Win32
	EndGlobalSection
	GlobalSection(ExtensibilityGlobals) = postSolution
	EndGlobalSection
	GlobalSection(ExtensibilityAddIns) = postSolution
	EndGlobalSection
EndGlobal
