Microsoft Visual Studio Solution File, Format Version 8.00
Project("{8BC9CEB8-8B4A-11D0-8D11-00A0C91BC942}") = "Led", "Led.vcproj", "{C07B16C4-466B-400B-AA04-6BB42D182450}"
	ProjectSection(ProjectDependencies) = postProject
	EndProjectSection
EndProject
Project("{8BC9CEB8-8B4A-11D0-8D11-00A0C91BC942}") = "LedTestXWindows", "LedTestXWindows.vcproj", "{3DB4BB7F-3AE9-4DB6-A878-B3D4AED04A68}"
	ProjectSection(ProjectDependencies) = postProject
	EndProjectSection
EndProject
Global
	GlobalSection(SolutionConfiguration) = preSolution
		Debug = Debug
		Release = Release
	EndGlobalSection
	GlobalSection(ProjectConfiguration) = postSolution
		{C07B16C4-466B-400B-AA04-6BB42D182450}.Debug.ActiveCfg = Debug|Win32
		{C07B16C4-466B-400B-AA04-6BB42D182450}.Debug.Build.0 = Debug|Win32
		{C07B16C4-466B-400B-AA04-6BB42D182450}.Release.ActiveCfg = Release|Win32
		{C07B16C4-466B-400B-AA04-6BB42D182450}.Release.Build.0 = Release|Win32
		{3DB4BB7F-3AE9-4DB6-A878-B3D4AED04A68}.Debug.ActiveCfg = Debug|Win32
		{3DB4BB7F-3AE9-4DB6-A878-B3D4AED04A68}.Debug.Build.0 = Debug|Win32
		{3DB4BB7F-3AE9-4DB6-A878-B3D4AED04A68}.Release.ActiveCfg = Release|Win32
		{3DB4BB7F-3AE9-4DB6-A878-B3D4AED04A68}.Release.Build.0 = Release|Win32
	EndGlobalSection
	GlobalSection(ExtensibilityGlobals) = postSolution
	EndGlobalSection
	GlobalSection(ExtensibilityAddIns) = postSolution
	EndGlobalSection
EndGlobal
