Microsoft Visual Studio Solution File, Format Version 7.00
Project("{8BC9CEB8-8B4A-11D0-8D11-00A0C91BC942}") = "LedLineIt", "LedLineIt_VC7.vcproj", "{BB2106B5-57C4-4AE0-B5AA-080A7A64CC8D}"
EndProject
Project("{8BC9CEB8-8B4A-11D0-8D11-00A0C91BC942}") = "LedLibrary", "LedLibrary_VC7.vcproj", "{99B3E6A4-D7A3-4175-8F82-5B4A0E466437}"
EndProject
Global
	GlobalSection(SolutionConfiguration) = preSolution
		ConfigName.0 = Full UNICODE Debug
		ConfigName.1 = Full UNICODE Release
		ConfigName.2 = Partial UNICODE Debug
		ConfigName.3 = Partial UNICODE Release
		ConfigName.4 = SingleByte Debug
		ConfigName.5 = SingleByte Release
	EndGlobalSection
	GlobalSection(ProjectDependencies) = postSolution
		{BB2106B5-57C4-4AE0-B5AA-080A7A64CC8D}.0 = {99B3E6A4-D7A3-4175-8F82-5B4A0E466437}
	EndGlobalSection
	GlobalSection(ProjectConfiguration) = postSolution
		{BB2106B5-57C4-4AE0-B5AA-080A7A64CC8D}.Full UNICODE Debug.ActiveCfg = Full UNICODE Debug|Win32
		{BB2106B5-57C4-4AE0-B5AA-080A7A64CC8D}.Full UNICODE Debug.Build.0 = Full UNICODE Debug|Win32
		{BB2106B5-57C4-4AE0-B5AA-080A7A64CC8D}.Full UNICODE Release.ActiveCfg = Full UNICODE Release|Win32
		{BB2106B5-57C4-4AE0-B5AA-080A7A64CC8D}.Full UNICODE Release.Build.0 = Full UNICODE Release|Win32
		{BB2106B5-57C4-4AE0-B5AA-080A7A64CC8D}.Partial UNICODE Debug.ActiveCfg = Partial UNICODE Debug|Win32
		{BB2106B5-57C4-4AE0-B5AA-080A7A64CC8D}.Partial UNICODE Debug.Build.0 = Partial UNICODE Debug|Win32
		{BB2106B5-57C4-4AE0-B5AA-080A7A64CC8D}.Partial UNICODE Release.ActiveCfg = Partial UNICODE Release|Win32
		{BB2106B5-57C4-4AE0-B5AA-080A7A64CC8D}.Partial UNICODE Release.Build.0 = Partial UNICODE Release|Win32
		{BB2106B5-57C4-4AE0-B5AA-080A7A64CC8D}.SingleByte Debug.ActiveCfg = SingleByte Debug|Win32
		{BB2106B5-57C4-4AE0-B5AA-080A7A64CC8D}.SingleByte Debug.Build.0 = SingleByte Debug|Win32
		{BB2106B5-57C4-4AE0-B5AA-080A7A64CC8D}.SingleByte Release.ActiveCfg = SingleByte Release|Win32
		{BB2106B5-57C4-4AE0-B5AA-080A7A64CC8D}.SingleByte Release.Build.0 = SingleByte Release|Win32
		{99B3E6A4-D7A3-4175-8F82-5B4A0E466437}.Full UNICODE Debug.ActiveCfg = Full UNICODE Debug|Win32
		{99B3E6A4-D7A3-4175-8F82-5B4A0E466437}.Full UNICODE Debug.Build.0 = Full UNICODE Debug|Win32
		{99B3E6A4-D7A3-4175-8F82-5B4A0E466437}.Full UNICODE Release.ActiveCfg = Full UNICODE Release|Win32
		{99B3E6A4-D7A3-4175-8F82-5B4A0E466437}.Full UNICODE Release.Build.0 = Full UNICODE Release|Win32
		{99B3E6A4-D7A3-4175-8F82-5B4A0E466437}.Partial UNICODE Debug.ActiveCfg = Partial UNICODE Debug|Win32
		{99B3E6A4-D7A3-4175-8F82-5B4A0E466437}.Partial UNICODE Debug.Build.0 = Partial UNICODE Debug|Win32
		{99B3E6A4-D7A3-4175-8F82-5B4A0E466437}.Partial UNICODE Release.ActiveCfg = Partial UNICODE Release|Win32
		{99B3E6A4-D7A3-4175-8F82-5B4A0E466437}.Partial UNICODE Release.Build.0 = Partial UNICODE Release|Win32
		{99B3E6A4-D7A3-4175-8F82-5B4A0E466437}.SingleByte Debug.ActiveCfg = SingleByte Debug|Win32
		{99B3E6A4-D7A3-4175-8F82-5B4A0E466437}.SingleByte Debug.Build.0 = SingleByte Debug|Win32
		{99B3E6A4-D7A3-4175-8F82-5B4A0E466437}.SingleByte Release.ActiveCfg = SingleByte Release|Win32
		{99B3E6A4-D7A3-4175-8F82-5B4A0E466437}.SingleByte Release.Build.0 = SingleByte Release|Win32
	EndGlobalSection
	GlobalSection(ExtensibilityGlobals) = postSolution
	EndGlobalSection
	GlobalSection(ExtensibilityAddIns) = postSolution
	EndGlobalSection
EndGlobal
