
Microsoft Visual Studio Solution File, Format Version 12.00
# Visual Studio 15
VisualStudioVersion = 15.0.28307.960
MinimumVisualStudioVersion = 10.0.40219.1
Project("{8BC9CEB8-8B4A-11D0-8D11-00A0C91BC942}") = "Stroika-Foundation", "..\..\Library\Projects\VisualStudio.Net-2019\Stroika-Foundation.vcxproj", "{5AFC8E54-EFA6-45A6-9E8F-7BB89C84AE5B}"
EndProject
Project("{8BC9CEB8-8B4A-11D0-8D11-00A0C91BC942}") = "Stroika-Frameworks", "..\..\Library\Projects\VisualStudio.Net-2019\Stroika-Frameworks.vcxproj", "{91C825D0-2702-4800-98DD-B83727D51F5E}"
	ProjectSection(ProjectDependencies) = postProject
		{5AFC8E54-EFA6-45A6-9E8F-7BB89C84AE5B} = {5AFC8E54-EFA6-45A6-9E8F-7BB89C84AE5B}
	EndProjectSection
EndProject
Project("{2150E333-8FDC-42A3-9474-1A3956D46DE8}") = "Samples", "Samples", "{0D9311A4-3664-4903-A8CA-66B67CEC1727}"
	ProjectSection(SolutionItems) = preProject
		..\..\Samples\Makefile = ..\..\Samples\Makefile
		..\..\Samples\ReadMe.md = ..\..\Samples\ReadMe.md
		..\..\Samples\ToDo.md = ..\..\Samples\ToDo.md
	EndProjectSection
EndProject
Project("{8BC9CEB8-8B4A-11D0-8D11-00A0C91BC942}") = "LedIt", "..\..\Samples\LedIt\Projects\VisualStudio.Net-2019\LedIt.vcxproj", "{CB990386-9FDE-4FBA-9B1F-8A373322E978}"
	ProjectSection(ProjectDependencies) = postProject
		{5AFC8E54-EFA6-45A6-9E8F-7BB89C84AE5B} = {5AFC8E54-EFA6-45A6-9E8F-7BB89C84AE5B}
		{91C825D0-2702-4800-98DD-B83727D51F5E} = {91C825D0-2702-4800-98DD-B83727D51F5E}
	EndProjectSection
EndProject
Project("{8BC9CEB8-8B4A-11D0-8D11-00A0C91BC942}") = "SystemPerformanceClient", "..\..\Samples\SystemPerformanceClient\Projects\VisualStudio.Net-2019\SystemPerformanceClient.vcxproj", "{5BD6F3C4-C037-43F4-9849-5751D35B8A76}"
	ProjectSection(ProjectDependencies) = postProject
		{5AFC8E54-EFA6-45A6-9E8F-7BB89C84AE5B} = {5AFC8E54-EFA6-45A6-9E8F-7BB89C84AE5B}
		{91C825D0-2702-4800-98DD-B83727D51F5E} = {91C825D0-2702-4800-98DD-B83727D51F5E}
	EndProjectSection
EndProject
Project("{8BC9CEB8-8B4A-11D0-8D11-00A0C91BC942}") = "SSDPServer", "..\..\Samples\SSDPServer\Projects\VisualStudio.Net-2019\SSDPServer.vcxproj", "{474730FA-6DA6-4660-9D53-7AA36FBB0373}"
	ProjectSection(ProjectDependencies) = postProject
		{5AFC8E54-EFA6-45A6-9E8F-7BB89C84AE5B} = {5AFC8E54-EFA6-45A6-9E8F-7BB89C84AE5B}
		{91C825D0-2702-4800-98DD-B83727D51F5E} = {91C825D0-2702-4800-98DD-B83727D51F5E}
	EndProjectSection
EndProject
Project("{8BC9CEB8-8B4A-11D0-8D11-00A0C91BC942}") = "SSDPClient", "..\..\Samples\SSDPClient\Projects\VisualStudio.Net-2019\SSDPClient.vcxproj", "{50EDA128-F1DF-4CDA-AFDF-F50E1A8BA421}"
	ProjectSection(ProjectDependencies) = postProject
		{5AFC8E54-EFA6-45A6-9E8F-7BB89C84AE5B} = {5AFC8E54-EFA6-45A6-9E8F-7BB89C84AE5B}
		{91C825D0-2702-4800-98DD-B83727D51F5E} = {91C825D0-2702-4800-98DD-B83727D51F5E}
	EndProjectSection
EndProject
Project("{8BC9CEB8-8B4A-11D0-8D11-00A0C91BC942}") = "TEMPLATE", "..\..\Samples\Skel\Projects\VisualStudio.Net-2019\TEMPLATE.vcxproj", "{46038101-1D06-45D5-B0ED-5AD62E15AADD}"
EndProject
Project("{8BC9CEB8-8B4A-11D0-8D11-00A0C91BC942}") = "LedLineIt", "..\..\Samples\LedLineIt\Projects\VisualStudio.Net-2019\LedLineIt.vcxproj", "{8EA91AE8-5DE9-2A75-8211-18478ED91741}"
	ProjectSection(ProjectDependencies) = postProject
		{5AFC8E54-EFA6-45A6-9E8F-7BB89C84AE5B} = {5AFC8E54-EFA6-45A6-9E8F-7BB89C84AE5B}
		{91C825D0-2702-4800-98DD-B83727D51F5E} = {91C825D0-2702-4800-98DD-B83727D51F5E}
	EndProjectSection
EndProject
Project("{8BC9CEB8-8B4A-11D0-8D11-00A0C91BC942}") = "WebServer", "..\..\Samples\WebServer\Projects\VisualStudio.Net-2019\WebServer.vcxproj", "{2E2192CA-3B55-45AD-A66A-3E43FAB9B42C}"
	ProjectSection(ProjectDependencies) = postProject
		{5AFC8E54-EFA6-45A6-9E8F-7BB89C84AE5B} = {5AFC8E54-EFA6-45A6-9E8F-7BB89C84AE5B}
		{91C825D0-2702-4800-98DD-B83727D51F5E} = {91C825D0-2702-4800-98DD-B83727D51F5E}
	EndProjectSection
EndProject
Project("{8BC9CEB8-8B4A-11D0-8D11-00A0C91BC942}") = "SimpleLedTest", "..\..\Samples\SimpleLedTest\Projects\VisualStudio.Net-2019\SimpleLedTest.vcxproj", "{524A1EE0-309A-415C-0445-AF403B339C4B}"
	ProjectSection(ProjectDependencies) = postProject
		{5AFC8E54-EFA6-45A6-9E8F-7BB89C84AE5B} = {5AFC8E54-EFA6-45A6-9E8F-7BB89C84AE5B}
		{91C825D0-2702-4800-98DD-B83727D51F5E} = {91C825D0-2702-4800-98DD-B83727D51F5E}
	EndProjectSection
EndProject
Project("{8BC9CEB8-8B4A-11D0-8D11-00A0C91BC942}") = "ArchiveUtility", "..\..\Samples\ArchiveUtility\Projects\VisualStudio.Net-2019\ArchiveUtility.vcxproj", "{E6501207-BB83-4CE7-94CA-7429272D4977}"
	ProjectSection(ProjectDependencies) = postProject
		{5AFC8E54-EFA6-45A6-9E8F-7BB89C84AE5B} = {5AFC8E54-EFA6-45A6-9E8F-7BB89C84AE5B}
	EndProjectSection
EndProject
Project("{8BC9CEB8-8B4A-11D0-8D11-00A0C91BC942}") = "ActiveLedIt", "..\..\Samples\ActiveLedIt\Projects\VisualStudio.Net-2019\ActiveLedIt.vcxproj", "{3912B87E-C560-4EEA-A936-5F4BB26B0AA6}"
	ProjectSection(ProjectDependencies) = postProject
		{5AFC8E54-EFA6-45A6-9E8F-7BB89C84AE5B} = {5AFC8E54-EFA6-45A6-9E8F-7BB89C84AE5B}
		{91C825D0-2702-4800-98DD-B83727D51F5E} = {91C825D0-2702-4800-98DD-B83727D51F5E}
	EndProjectSection
EndProject
Project("{8BC9CEB8-8B4A-11D0-8D11-00A0C91BC942}") = "Traceroute", "..\..\Samples\Traceroute\Projects\VisualStudio.Net-2019\Traceroute.vcxproj", "{985C4A1E-F99E-4B52-8CF0-4CFE5B9DC530}"
	ProjectSection(ProjectDependencies) = postProject
		{5AFC8E54-EFA6-45A6-9E8F-7BB89C84AE5B} = {5AFC8E54-EFA6-45A6-9E8F-7BB89C84AE5B}
		{91C825D0-2702-4800-98DD-B83727D51F5E} = {91C825D0-2702-4800-98DD-B83727D51F5E}
	EndProjectSection
EndProject
Project("{8BC9CEB8-8B4A-11D0-8D11-00A0C91BC942}") = "Serialization", "..\..\Samples\Serialization\Projects\VisualStudio.Net-2019\Serialization.vcxproj", "{FA8668EC-9366-4862-85E2-67D2F686B937}"
	ProjectSection(ProjectDependencies) = postProject
		{5AFC8E54-EFA6-45A6-9E8F-7BB89C84AE5B} = {5AFC8E54-EFA6-45A6-9E8F-7BB89C84AE5B}
	EndProjectSection
EndProject
Project("{8BC9CEB8-8B4A-11D0-8D11-00A0C91BC942}") = "Containers", "..\..\Samples\Containers\Projects\VisualStudio.Net-2019\Containers.vcxproj", "{30B6D154-A548-40A5-BCF1-E8B5B6112CD3}"
	ProjectSection(ProjectDependencies) = postProject
		{5AFC8E54-EFA6-45A6-9E8F-7BB89C84AE5B} = {5AFC8E54-EFA6-45A6-9E8F-7BB89C84AE5B}
	EndProjectSection
EndProject
Project("{8BC9CEB8-8B4A-11D0-8D11-00A0C91BC942}") = "Service", "..\..\Samples\Service\Projects\VisualStudio.Net-2019\Service.vcxproj", "{5065D4BB-4395-4874-A4F0-C6B4AA6D5DBD}"
	ProjectSection(ProjectDependencies) = postProject
		{5AFC8E54-EFA6-45A6-9E8F-7BB89C84AE5B} = {5AFC8E54-EFA6-45A6-9E8F-7BB89C84AE5B}
		{91C825D0-2702-4800-98DD-B83727D51F5E} = {91C825D0-2702-4800-98DD-B83727D51F5E}
	EndProjectSection
EndProject
Project("{8BC9CEB8-8B4A-11D0-8D11-00A0C91BC942}") = "WebService", "..\..\Samples\WebService\Projects\VisualStudio.Net-2019\WebService.vcxproj", "{709740B9-80FF-42D8-96A6-FE3A6A8F3AB4}"
	ProjectSection(ProjectDependencies) = postProject
		{5AFC8E54-EFA6-45A6-9E8F-7BB89C84AE5B} = {5AFC8E54-EFA6-45A6-9E8F-7BB89C84AE5B}
		{91C825D0-2702-4800-98DD-B83727D51F5E} = {91C825D0-2702-4800-98DD-B83727D51F5E}
	EndProjectSection
EndProject
Project("{8BC9CEB8-8B4A-11D0-8D11-00A0C91BC942}") = "AppSettings", "..\..\Samples\AppSettings\Projects\VisualStudio.Net-2019\AppSettings.vcxproj", "{1A5CEC6A-16AD-4EFF-AFB9-5833B12D5737}"
	ProjectSection(ProjectDependencies) = postProject
		{5AFC8E54-EFA6-45A6-9E8F-7BB89C84AE5B} = {5AFC8E54-EFA6-45A6-9E8F-7BB89C84AE5B}
	EndProjectSection
EndProject
Global
	GlobalSection(SolutionConfigurationPlatforms) = preSolution
		Debug-U-32|Unspecified = Debug-U-32|Unspecified
		Debug-U-64|Unspecified = Debug-U-64|Unspecified
		Release-Logging-U-32|Unspecified = Release-Logging-U-32|Unspecified
		Release-Logging-U-64|Unspecified = Release-Logging-U-64|Unspecified
		Release-U-32|Unspecified = Release-U-32|Unspecified
		Release-U-64|Unspecified = Release-U-64|Unspecified
	EndGlobalSection
	GlobalSection(ProjectConfigurationPlatforms) = postSolution
		{5AFC8E54-EFA6-45A6-9E8F-7BB89C84AE5B}.Debug-U-32|Unspecified.ActiveCfg = Debug-U-32|Win32
		{5AFC8E54-EFA6-45A6-9E8F-7BB89C84AE5B}.Debug-U-32|Unspecified.Build.0 = Debug-U-32|Win32
		{5AFC8E54-EFA6-45A6-9E8F-7BB89C84AE5B}.Debug-U-64|Unspecified.ActiveCfg = Debug-U-64|Win32
		{5AFC8E54-EFA6-45A6-9E8F-7BB89C84AE5B}.Debug-U-64|Unspecified.Build.0 = Debug-U-64|Win32
		{5AFC8E54-EFA6-45A6-9E8F-7BB89C84AE5B}.Release-Logging-U-32|Unspecified.ActiveCfg = Release-Logging-U-32|Win32
		{5AFC8E54-EFA6-45A6-9E8F-7BB89C84AE5B}.Release-Logging-U-32|Unspecified.Build.0 = Release-Logging-U-32|Win32
		{5AFC8E54-EFA6-45A6-9E8F-7BB89C84AE5B}.Release-Logging-U-64|Unspecified.ActiveCfg = Release-Logging-U-64|Win32
		{5AFC8E54-EFA6-45A6-9E8F-7BB89C84AE5B}.Release-Logging-U-64|Unspecified.Build.0 = Release-Logging-U-64|Win32
		{5AFC8E54-EFA6-45A6-9E8F-7BB89C84AE5B}.Release-U-32|Unspecified.ActiveCfg = Release-U-32|Win32
		{5AFC8E54-EFA6-45A6-9E8F-7BB89C84AE5B}.Release-U-32|Unspecified.Build.0 = Release-U-32|Win32
		{5AFC8E54-EFA6-45A6-9E8F-7BB89C84AE5B}.Release-U-64|Unspecified.ActiveCfg = Release-U-64|Win32
		{5AFC8E54-EFA6-45A6-9E8F-7BB89C84AE5B}.Release-U-64|Unspecified.Build.0 = Release-U-64|Win32
		{91C825D0-2702-4800-98DD-B83727D51F5E}.Debug-U-32|Unspecified.ActiveCfg = Debug-U-32|Win32
		{91C825D0-2702-4800-98DD-B83727D51F5E}.Debug-U-32|Unspecified.Build.0 = Debug-U-32|Win32
		{91C825D0-2702-4800-98DD-B83727D51F5E}.Debug-U-64|Unspecified.ActiveCfg = Debug-U-64|Win32
		{91C825D0-2702-4800-98DD-B83727D51F5E}.Debug-U-64|Unspecified.Build.0 = Debug-U-64|Win32
		{91C825D0-2702-4800-98DD-B83727D51F5E}.Release-Logging-U-32|Unspecified.ActiveCfg = Release-Logging-U-32|Win32
		{91C825D0-2702-4800-98DD-B83727D51F5E}.Release-Logging-U-32|Unspecified.Build.0 = Release-Logging-U-32|Win32
		{91C825D0-2702-4800-98DD-B83727D51F5E}.Release-Logging-U-64|Unspecified.ActiveCfg = Release-Logging-U-64|Win32
		{91C825D0-2702-4800-98DD-B83727D51F5E}.Release-Logging-U-64|Unspecified.Build.0 = Release-Logging-U-64|Win32
		{91C825D0-2702-4800-98DD-B83727D51F5E}.Release-U-32|Unspecified.ActiveCfg = Release-U-32|Win32
		{91C825D0-2702-4800-98DD-B83727D51F5E}.Release-U-32|Unspecified.Build.0 = Release-U-32|Win32
		{91C825D0-2702-4800-98DD-B83727D51F5E}.Release-U-64|Unspecified.ActiveCfg = Release-U-64|Win32
		{91C825D0-2702-4800-98DD-B83727D51F5E}.Release-U-64|Unspecified.Build.0 = Release-U-64|Win32
		{CB990386-9FDE-4FBA-9B1F-8A373322E978}.Debug-U-32|Unspecified.ActiveCfg = Debug-U-32|Win32
		{CB990386-9FDE-4FBA-9B1F-8A373322E978}.Debug-U-32|Unspecified.Build.0 = Debug-U-32|Win32
		{CB990386-9FDE-4FBA-9B1F-8A373322E978}.Debug-U-64|Unspecified.ActiveCfg = Debug-U-64|Win32
		{CB990386-9FDE-4FBA-9B1F-8A373322E978}.Debug-U-64|Unspecified.Build.0 = Debug-U-64|Win32
		{CB990386-9FDE-4FBA-9B1F-8A373322E978}.Release-Logging-U-32|Unspecified.ActiveCfg = Release-Logging-U-32|Win32
		{CB990386-9FDE-4FBA-9B1F-8A373322E978}.Release-Logging-U-32|Unspecified.Build.0 = Release-Logging-U-32|Win32
		{CB990386-9FDE-4FBA-9B1F-8A373322E978}.Release-Logging-U-64|Unspecified.ActiveCfg = Release-Logging-U-64|Win32
		{CB990386-9FDE-4FBA-9B1F-8A373322E978}.Release-Logging-U-64|Unspecified.Build.0 = Release-Logging-U-64|Win32
		{CB990386-9FDE-4FBA-9B1F-8A373322E978}.Release-U-32|Unspecified.ActiveCfg = Release-U-32|Win32
		{CB990386-9FDE-4FBA-9B1F-8A373322E978}.Release-U-32|Unspecified.Build.0 = Release-U-32|Win32
		{CB990386-9FDE-4FBA-9B1F-8A373322E978}.Release-U-64|Unspecified.ActiveCfg = Release-U-64|Win32
		{CB990386-9FDE-4FBA-9B1F-8A373322E978}.Release-U-64|Unspecified.Build.0 = Release-U-64|Win32
		{5BD6F3C4-C037-43F4-9849-5751D35B8A76}.Debug-U-32|Unspecified.ActiveCfg = Debug-U-32|Win32
		{5BD6F3C4-C037-43F4-9849-5751D35B8A76}.Debug-U-32|Unspecified.Build.0 = Debug-U-32|Win32
		{5BD6F3C4-C037-43F4-9849-5751D35B8A76}.Debug-U-64|Unspecified.ActiveCfg = Debug-U-64|Win32
		{5BD6F3C4-C037-43F4-9849-5751D35B8A76}.Debug-U-64|Unspecified.Build.0 = Debug-U-64|Win32
		{5BD6F3C4-C037-43F4-9849-5751D35B8A76}.Release-Logging-U-32|Unspecified.ActiveCfg = Release-Logging-U-32|Win32
		{5BD6F3C4-C037-43F4-9849-5751D35B8A76}.Release-Logging-U-32|Unspecified.Build.0 = Release-Logging-U-32|Win32
		{5BD6F3C4-C037-43F4-9849-5751D35B8A76}.Release-Logging-U-64|Unspecified.ActiveCfg = Release-Logging-U-64|Win32
		{5BD6F3C4-C037-43F4-9849-5751D35B8A76}.Release-Logging-U-64|Unspecified.Build.0 = Release-Logging-U-64|Win32
		{5BD6F3C4-C037-43F4-9849-5751D35B8A76}.Release-U-32|Unspecified.ActiveCfg = Release-U-32|Win32
		{5BD6F3C4-C037-43F4-9849-5751D35B8A76}.Release-U-32|Unspecified.Build.0 = Release-U-32|Win32
		{5BD6F3C4-C037-43F4-9849-5751D35B8A76}.Release-U-64|Unspecified.ActiveCfg = Release-U-64|Win32
		{5BD6F3C4-C037-43F4-9849-5751D35B8A76}.Release-U-64|Unspecified.Build.0 = Release-U-64|Win32
		{474730FA-6DA6-4660-9D53-7AA36FBB0373}.Debug-U-32|Unspecified.ActiveCfg = Debug-U-32|Win32
		{474730FA-6DA6-4660-9D53-7AA36FBB0373}.Debug-U-32|Unspecified.Build.0 = Debug-U-32|Win32
		{474730FA-6DA6-4660-9D53-7AA36FBB0373}.Debug-U-64|Unspecified.ActiveCfg = Debug-U-64|Win32
		{474730FA-6DA6-4660-9D53-7AA36FBB0373}.Debug-U-64|Unspecified.Build.0 = Debug-U-64|Win32
		{474730FA-6DA6-4660-9D53-7AA36FBB0373}.Release-Logging-U-32|Unspecified.ActiveCfg = Release-Logging-U-32|Win32
		{474730FA-6DA6-4660-9D53-7AA36FBB0373}.Release-Logging-U-32|Unspecified.Build.0 = Release-Logging-U-32|Win32
		{474730FA-6DA6-4660-9D53-7AA36FBB0373}.Release-Logging-U-64|Unspecified.ActiveCfg = Release-Logging-U-64|Win32
		{474730FA-6DA6-4660-9D53-7AA36FBB0373}.Release-Logging-U-64|Unspecified.Build.0 = Release-Logging-U-64|Win32
		{474730FA-6DA6-4660-9D53-7AA36FBB0373}.Release-U-32|Unspecified.ActiveCfg = Release-U-32|Win32
		{474730FA-6DA6-4660-9D53-7AA36FBB0373}.Release-U-32|Unspecified.Build.0 = Release-U-32|Win32
		{474730FA-6DA6-4660-9D53-7AA36FBB0373}.Release-U-64|Unspecified.ActiveCfg = Release-U-64|Win32
		{474730FA-6DA6-4660-9D53-7AA36FBB0373}.Release-U-64|Unspecified.Build.0 = Release-U-64|Win32
		{50EDA128-F1DF-4CDA-AFDF-F50E1A8BA421}.Debug-U-32|Unspecified.ActiveCfg = Debug-U-32|Win32
		{50EDA128-F1DF-4CDA-AFDF-F50E1A8BA421}.Debug-U-32|Unspecified.Build.0 = Debug-U-32|Win32
		{50EDA128-F1DF-4CDA-AFDF-F50E1A8BA421}.Debug-U-64|Unspecified.ActiveCfg = Debug-U-64|Win32
		{50EDA128-F1DF-4CDA-AFDF-F50E1A8BA421}.Debug-U-64|Unspecified.Build.0 = Debug-U-64|Win32
		{50EDA128-F1DF-4CDA-AFDF-F50E1A8BA421}.Release-Logging-U-32|Unspecified.ActiveCfg = Release-Logging-U-32|Win32
		{50EDA128-F1DF-4CDA-AFDF-F50E1A8BA421}.Release-Logging-U-32|Unspecified.Build.0 = Release-Logging-U-32|Win32
		{50EDA128-F1DF-4CDA-AFDF-F50E1A8BA421}.Release-Logging-U-64|Unspecified.ActiveCfg = Release-Logging-U-64|Win32
		{50EDA128-F1DF-4CDA-AFDF-F50E1A8BA421}.Release-Logging-U-64|Unspecified.Build.0 = Release-Logging-U-64|Win32
		{50EDA128-F1DF-4CDA-AFDF-F50E1A8BA421}.Release-U-32|Unspecified.ActiveCfg = Release-U-32|Win32
		{50EDA128-F1DF-4CDA-AFDF-F50E1A8BA421}.Release-U-32|Unspecified.Build.0 = Release-U-32|Win32
		{50EDA128-F1DF-4CDA-AFDF-F50E1A8BA421}.Release-U-64|Unspecified.ActiveCfg = Release-U-64|Win32
		{50EDA128-F1DF-4CDA-AFDF-F50E1A8BA421}.Release-U-64|Unspecified.Build.0 = Release-U-64|Win32
		{46038101-1D06-45D5-B0ED-5AD62E15AADD}.Debug-U-32|Unspecified.ActiveCfg = Debug-U-32|Win32
		{46038101-1D06-45D5-B0ED-5AD62E15AADD}.Debug-U-64|Unspecified.ActiveCfg = Debug-U-64|Win32
		{46038101-1D06-45D5-B0ED-5AD62E15AADD}.Release-Logging-U-32|Unspecified.ActiveCfg = Release-U-32|Win32
		{46038101-1D06-45D5-B0ED-5AD62E15AADD}.Release-Logging-U-64|Unspecified.ActiveCfg = Release-U-64|Win32
		{46038101-1D06-45D5-B0ED-5AD62E15AADD}.Release-U-32|Unspecified.ActiveCfg = Release-U-32|Win32
		{46038101-1D06-45D5-B0ED-5AD62E15AADD}.Release-U-64|Unspecified.ActiveCfg = Release-U-64|Win32
		{8EA91AE8-5DE9-2A75-8211-18478ED91741}.Debug-U-32|Unspecified.ActiveCfg = Debug-U-32|Win32
		{8EA91AE8-5DE9-2A75-8211-18478ED91741}.Debug-U-32|Unspecified.Build.0 = Debug-U-32|Win32
		{8EA91AE8-5DE9-2A75-8211-18478ED91741}.Debug-U-64|Unspecified.ActiveCfg = Debug-U-64|Win32
		{8EA91AE8-5DE9-2A75-8211-18478ED91741}.Debug-U-64|Unspecified.Build.0 = Debug-U-64|Win32
		{8EA91AE8-5DE9-2A75-8211-18478ED91741}.Release-Logging-U-32|Unspecified.ActiveCfg = Release-Logging-U-32|Win32
		{8EA91AE8-5DE9-2A75-8211-18478ED91741}.Release-Logging-U-32|Unspecified.Build.0 = Release-Logging-U-32|Win32
		{8EA91AE8-5DE9-2A75-8211-18478ED91741}.Release-Logging-U-64|Unspecified.ActiveCfg = Release-Logging-U-64|Win32
		{8EA91AE8-5DE9-2A75-8211-18478ED91741}.Release-Logging-U-64|Unspecified.Build.0 = Release-Logging-U-64|Win32
		{8EA91AE8-5DE9-2A75-8211-18478ED91741}.Release-U-32|Unspecified.ActiveCfg = Release-U-32|Win32
		{8EA91AE8-5DE9-2A75-8211-18478ED91741}.Release-U-32|Unspecified.Build.0 = Release-U-32|Win32
		{8EA91AE8-5DE9-2A75-8211-18478ED91741}.Release-U-64|Unspecified.ActiveCfg = Release-U-64|Win32
		{8EA91AE8-5DE9-2A75-8211-18478ED91741}.Release-U-64|Unspecified.Build.0 = Release-U-64|Win32
		{2E2192CA-3B55-45AD-A66A-3E43FAB9B42C}.Debug-U-32|Unspecified.ActiveCfg = Debug-U-32|Win32
		{2E2192CA-3B55-45AD-A66A-3E43FAB9B42C}.Debug-U-32|Unspecified.Build.0 = Debug-U-32|Win32
		{2E2192CA-3B55-45AD-A66A-3E43FAB9B42C}.Debug-U-64|Unspecified.ActiveCfg = Debug-U-64|Win32
		{2E2192CA-3B55-45AD-A66A-3E43FAB9B42C}.Debug-U-64|Unspecified.Build.0 = Debug-U-64|Win32
		{2E2192CA-3B55-45AD-A66A-3E43FAB9B42C}.Release-Logging-U-32|Unspecified.ActiveCfg = Release-Logging-U-64|Win32
		{2E2192CA-3B55-45AD-A66A-3E43FAB9B42C}.Release-Logging-U-32|Unspecified.Build.0 = Release-Logging-U-64|Win32
		{2E2192CA-3B55-45AD-A66A-3E43FAB9B42C}.Release-Logging-U-64|Unspecified.ActiveCfg = Release-Logging-U-64|Win32
		{2E2192CA-3B55-45AD-A66A-3E43FAB9B42C}.Release-Logging-U-64|Unspecified.Build.0 = Release-Logging-U-64|Win32
		{2E2192CA-3B55-45AD-A66A-3E43FAB9B42C}.Release-U-32|Unspecified.ActiveCfg = Release-U-32|Win32
		{2E2192CA-3B55-45AD-A66A-3E43FAB9B42C}.Release-U-32|Unspecified.Build.0 = Release-U-32|Win32
		{2E2192CA-3B55-45AD-A66A-3E43FAB9B42C}.Release-U-64|Unspecified.ActiveCfg = Release-U-64|Win32
		{2E2192CA-3B55-45AD-A66A-3E43FAB9B42C}.Release-U-64|Unspecified.Build.0 = Release-U-64|Win32
		{524A1EE0-309A-415C-0445-AF403B339C4B}.Debug-U-32|Unspecified.ActiveCfg = Debug-U-32|Win32
		{524A1EE0-309A-415C-0445-AF403B339C4B}.Debug-U-32|Unspecified.Build.0 = Debug-U-32|Win32
		{524A1EE0-309A-415C-0445-AF403B339C4B}.Debug-U-64|Unspecified.ActiveCfg = Debug-U-64|Win32
		{524A1EE0-309A-415C-0445-AF403B339C4B}.Debug-U-64|Unspecified.Build.0 = Debug-U-64|Win32
		{524A1EE0-309A-415C-0445-AF403B339C4B}.Release-Logging-U-32|Unspecified.ActiveCfg = Release-Logging-U-32|Win32
		{524A1EE0-309A-415C-0445-AF403B339C4B}.Release-Logging-U-32|Unspecified.Build.0 = Release-Logging-U-32|Win32
		{524A1EE0-309A-415C-0445-AF403B339C4B}.Release-Logging-U-64|Unspecified.ActiveCfg = Release-Logging-U-64|Win32
		{524A1EE0-309A-415C-0445-AF403B339C4B}.Release-Logging-U-64|Unspecified.Build.0 = Release-Logging-U-64|Win32
		{524A1EE0-309A-415C-0445-AF403B339C4B}.Release-U-32|Unspecified.ActiveCfg = Release-U-32|Win32
		{524A1EE0-309A-415C-0445-AF403B339C4B}.Release-U-32|Unspecified.Build.0 = Release-U-32|Win32
		{524A1EE0-309A-415C-0445-AF403B339C4B}.Release-U-64|Unspecified.ActiveCfg = Release-U-64|Win32
		{524A1EE0-309A-415C-0445-AF403B339C4B}.Release-U-64|Unspecified.Build.0 = Release-U-64|Win32
		{E6501207-BB83-4CE7-94CA-7429272D4977}.Debug-U-32|Unspecified.ActiveCfg = Debug-U-32|Win32
		{E6501207-BB83-4CE7-94CA-7429272D4977}.Debug-U-32|Unspecified.Build.0 = Debug-U-32|Win32
		{E6501207-BB83-4CE7-94CA-7429272D4977}.Debug-U-64|Unspecified.ActiveCfg = Debug-U-64|Win32
		{E6501207-BB83-4CE7-94CA-7429272D4977}.Debug-U-64|Unspecified.Build.0 = Debug-U-64|Win32
		{E6501207-BB83-4CE7-94CA-7429272D4977}.Release-Logging-U-32|Unspecified.ActiveCfg = Release-Logging-U-32|Win32
		{E6501207-BB83-4CE7-94CA-7429272D4977}.Release-Logging-U-32|Unspecified.Build.0 = Release-Logging-U-32|Win32
		{E6501207-BB83-4CE7-94CA-7429272D4977}.Release-Logging-U-64|Unspecified.ActiveCfg = Release-Logging-U-64|Win32
		{E6501207-BB83-4CE7-94CA-7429272D4977}.Release-Logging-U-64|Unspecified.Build.0 = Release-Logging-U-64|Win32
		{E6501207-BB83-4CE7-94CA-7429272D4977}.Release-U-32|Unspecified.ActiveCfg = Release-U-32|Win32
		{E6501207-BB83-4CE7-94CA-7429272D4977}.Release-U-32|Unspecified.Build.0 = Release-U-32|Win32
		{E6501207-BB83-4CE7-94CA-7429272D4977}.Release-U-64|Unspecified.ActiveCfg = Release-U-64|Win32
		{E6501207-BB83-4CE7-94CA-7429272D4977}.Release-U-64|Unspecified.Build.0 = Release-U-64|Win32
		{3912B87E-C560-4EEA-A936-5F4BB26B0AA6}.Debug-U-32|Unspecified.ActiveCfg = Debug-U-32|Win32
		{3912B87E-C560-4EEA-A936-5F4BB26B0AA6}.Debug-U-32|Unspecified.Build.0 = Debug-U-32|Win32
		{3912B87E-C560-4EEA-A936-5F4BB26B0AA6}.Debug-U-64|Unspecified.ActiveCfg = Debug-U-64|Win32
		{3912B87E-C560-4EEA-A936-5F4BB26B0AA6}.Debug-U-64|Unspecified.Build.0 = Debug-U-64|Win32
		{3912B87E-C560-4EEA-A936-5F4BB26B0AA6}.Release-Logging-U-32|Unspecified.ActiveCfg = Release-Logging-U-32|Win32
		{3912B87E-C560-4EEA-A936-5F4BB26B0AA6}.Release-Logging-U-32|Unspecified.Build.0 = Release-Logging-U-32|Win32
		{3912B87E-C560-4EEA-A936-5F4BB26B0AA6}.Release-Logging-U-64|Unspecified.ActiveCfg = Release-Logging-U-64|Win32
		{3912B87E-C560-4EEA-A936-5F4BB26B0AA6}.Release-Logging-U-64|Unspecified.Build.0 = Release-Logging-U-64|Win32
		{3912B87E-C560-4EEA-A936-5F4BB26B0AA6}.Release-U-32|Unspecified.ActiveCfg = Release-U-32|Win32
		{3912B87E-C560-4EEA-A936-5F4BB26B0AA6}.Release-U-32|Unspecified.Build.0 = Release-U-32|Win32
		{3912B87E-C560-4EEA-A936-5F4BB26B0AA6}.Release-U-64|Unspecified.ActiveCfg = Release-U-64|Win32
		{3912B87E-C560-4EEA-A936-5F4BB26B0AA6}.Release-U-64|Unspecified.Build.0 = Release-U-64|Win32
		{985C4A1E-F99E-4B52-8CF0-4CFE5B9DC530}.Debug-U-32|Unspecified.ActiveCfg = Debug-U-32|Win32
		{985C4A1E-F99E-4B52-8CF0-4CFE5B9DC530}.Debug-U-32|Unspecified.Build.0 = Debug-U-32|Win32
		{985C4A1E-F99E-4B52-8CF0-4CFE5B9DC530}.Debug-U-64|Unspecified.ActiveCfg = Debug-U-64|Win32
		{985C4A1E-F99E-4B52-8CF0-4CFE5B9DC530}.Debug-U-64|Unspecified.Build.0 = Debug-U-64|Win32
		{985C4A1E-F99E-4B52-8CF0-4CFE5B9DC530}.Release-Logging-U-32|Unspecified.ActiveCfg = Release-Logging-U-64|Win32
		{985C4A1E-F99E-4B52-8CF0-4CFE5B9DC530}.Release-Logging-U-32|Unspecified.Build.0 = Release-Logging-U-64|Win32
		{985C4A1E-F99E-4B52-8CF0-4CFE5B9DC530}.Release-Logging-U-64|Unspecified.ActiveCfg = Release-Logging-U-64|Win32
		{985C4A1E-F99E-4B52-8CF0-4CFE5B9DC530}.Release-Logging-U-64|Unspecified.Build.0 = Release-Logging-U-64|Win32
		{985C4A1E-F99E-4B52-8CF0-4CFE5B9DC530}.Release-U-32|Unspecified.ActiveCfg = Release-U-32|Win32
		{985C4A1E-F99E-4B52-8CF0-4CFE5B9DC530}.Release-U-32|Unspecified.Build.0 = Release-U-32|Win32
		{985C4A1E-F99E-4B52-8CF0-4CFE5B9DC530}.Release-U-64|Unspecified.ActiveCfg = Release-U-64|Win32
		{985C4A1E-F99E-4B52-8CF0-4CFE5B9DC530}.Release-U-64|Unspecified.Build.0 = Release-U-64|Win32
		{FA8668EC-9366-4862-85E2-67D2F686B937}.Debug-U-32|Unspecified.ActiveCfg = Debug-U-32|Win32
		{FA8668EC-9366-4862-85E2-67D2F686B937}.Debug-U-32|Unspecified.Build.0 = Debug-U-32|Win32
		{FA8668EC-9366-4862-85E2-67D2F686B937}.Debug-U-64|Unspecified.ActiveCfg = Debug-U-64|Win32
		{FA8668EC-9366-4862-85E2-67D2F686B937}.Debug-U-64|Unspecified.Build.0 = Debug-U-64|Win32
		{FA8668EC-9366-4862-85E2-67D2F686B937}.Release-Logging-U-32|Unspecified.ActiveCfg = Release-Logging-U-32|Win32
		{FA8668EC-9366-4862-85E2-67D2F686B937}.Release-Logging-U-32|Unspecified.Build.0 = Release-Logging-U-32|Win32
		{FA8668EC-9366-4862-85E2-67D2F686B937}.Release-Logging-U-64|Unspecified.ActiveCfg = Release-Logging-U-64|Win32
		{FA8668EC-9366-4862-85E2-67D2F686B937}.Release-Logging-U-64|Unspecified.Build.0 = Release-Logging-U-64|Win32
		{FA8668EC-9366-4862-85E2-67D2F686B937}.Release-U-32|Unspecified.ActiveCfg = Release-U-32|Win32
		{FA8668EC-9366-4862-85E2-67D2F686B937}.Release-U-32|Unspecified.Build.0 = Release-U-32|Win32
		{FA8668EC-9366-4862-85E2-67D2F686B937}.Release-U-64|Unspecified.ActiveCfg = Release-U-64|Win32
		{FA8668EC-9366-4862-85E2-67D2F686B937}.Release-U-64|Unspecified.Build.0 = Release-U-64|Win32
		{30B6D154-A548-40A5-BCF1-E8B5B6112CD3}.Debug-U-32|Unspecified.ActiveCfg = Debug-U-32|Win32
		{30B6D154-A548-40A5-BCF1-E8B5B6112CD3}.Debug-U-32|Unspecified.Build.0 = Debug-U-32|Win32
		{30B6D154-A548-40A5-BCF1-E8B5B6112CD3}.Debug-U-64|Unspecified.ActiveCfg = Debug-U-64|Win32
		{30B6D154-A548-40A5-BCF1-E8B5B6112CD3}.Debug-U-64|Unspecified.Build.0 = Debug-U-64|Win32
		{30B6D154-A548-40A5-BCF1-E8B5B6112CD3}.Release-Logging-U-32|Unspecified.ActiveCfg = Release-Logging-U-32|Win32
		{30B6D154-A548-40A5-BCF1-E8B5B6112CD3}.Release-Logging-U-32|Unspecified.Build.0 = Release-Logging-U-32|Win32
		{30B6D154-A548-40A5-BCF1-E8B5B6112CD3}.Release-Logging-U-64|Unspecified.ActiveCfg = Release-Logging-U-64|Win32
		{30B6D154-A548-40A5-BCF1-E8B5B6112CD3}.Release-Logging-U-64|Unspecified.Build.0 = Release-Logging-U-64|Win32
		{30B6D154-A548-40A5-BCF1-E8B5B6112CD3}.Release-U-32|Unspecified.ActiveCfg = Release-U-32|Win32
		{30B6D154-A548-40A5-BCF1-E8B5B6112CD3}.Release-U-32|Unspecified.Build.0 = Release-U-32|Win32
		{30B6D154-A548-40A5-BCF1-E8B5B6112CD3}.Release-U-64|Unspecified.ActiveCfg = Release-U-64|Win32
		{30B6D154-A548-40A5-BCF1-E8B5B6112CD3}.Release-U-64|Unspecified.Build.0 = Release-U-64|Win32
		{5065D4BB-4395-4874-A4F0-C6B4AA6D5DBD}.Debug-U-32|Unspecified.ActiveCfg = Debug-U-32|Win32
		{5065D4BB-4395-4874-A4F0-C6B4AA6D5DBD}.Debug-U-32|Unspecified.Build.0 = Debug-U-32|Win32
		{5065D4BB-4395-4874-A4F0-C6B4AA6D5DBD}.Debug-U-64|Unspecified.ActiveCfg = Debug-U-64|Win32
		{5065D4BB-4395-4874-A4F0-C6B4AA6D5DBD}.Debug-U-64|Unspecified.Build.0 = Debug-U-64|Win32
		{5065D4BB-4395-4874-A4F0-C6B4AA6D5DBD}.Release-Logging-U-32|Unspecified.ActiveCfg = Release-Logging-U-32|Win32
		{5065D4BB-4395-4874-A4F0-C6B4AA6D5DBD}.Release-Logging-U-32|Unspecified.Build.0 = Release-Logging-U-32|Win32
		{5065D4BB-4395-4874-A4F0-C6B4AA6D5DBD}.Release-Logging-U-64|Unspecified.ActiveCfg = Release-Logging-U-64|Win32
		{5065D4BB-4395-4874-A4F0-C6B4AA6D5DBD}.Release-Logging-U-64|Unspecified.Build.0 = Release-Logging-U-64|Win32
		{5065D4BB-4395-4874-A4F0-C6B4AA6D5DBD}.Release-U-32|Unspecified.ActiveCfg = Release-U-32|Win32
		{5065D4BB-4395-4874-A4F0-C6B4AA6D5DBD}.Release-U-32|Unspecified.Build.0 = Release-U-32|Win32
		{5065D4BB-4395-4874-A4F0-C6B4AA6D5DBD}.Release-U-64|Unspecified.ActiveCfg = Release-U-64|Win32
		{5065D4BB-4395-4874-A4F0-C6B4AA6D5DBD}.Release-U-64|Unspecified.Build.0 = Release-U-64|Win32
		{709740B9-80FF-42D8-96A6-FE3A6A8F3AB4}.Debug-U-32|Unspecified.ActiveCfg = Debug-U-32|Win32
		{709740B9-80FF-42D8-96A6-FE3A6A8F3AB4}.Debug-U-32|Unspecified.Build.0 = Debug-U-32|Win32
		{709740B9-80FF-42D8-96A6-FE3A6A8F3AB4}.Debug-U-64|Unspecified.ActiveCfg = Debug-U-64|Win32
		{709740B9-80FF-42D8-96A6-FE3A6A8F3AB4}.Debug-U-64|Unspecified.Build.0 = Debug-U-64|Win32
		{709740B9-80FF-42D8-96A6-FE3A6A8F3AB4}.Release-Logging-U-32|Unspecified.ActiveCfg = Release-Logging-U-64|Win32
		{709740B9-80FF-42D8-96A6-FE3A6A8F3AB4}.Release-Logging-U-32|Unspecified.Build.0 = Release-Logging-U-64|Win32
		{709740B9-80FF-42D8-96A6-FE3A6A8F3AB4}.Release-Logging-U-64|Unspecified.ActiveCfg = Release-Logging-U-64|Win32
		{709740B9-80FF-42D8-96A6-FE3A6A8F3AB4}.Release-Logging-U-64|Unspecified.Build.0 = Release-Logging-U-64|Win32
		{709740B9-80FF-42D8-96A6-FE3A6A8F3AB4}.Release-U-32|Unspecified.ActiveCfg = Release-U-32|Win32
		{709740B9-80FF-42D8-96A6-FE3A6A8F3AB4}.Release-U-32|Unspecified.Build.0 = Release-U-32|Win32
		{709740B9-80FF-42D8-96A6-FE3A6A8F3AB4}.Release-U-64|Unspecified.ActiveCfg = Release-U-64|Win32
		{709740B9-80FF-42D8-96A6-FE3A6A8F3AB4}.Release-U-64|Unspecified.Build.0 = Release-U-64|Win32
		{1A5CEC6A-16AD-4EFF-AFB9-5833B12D5737}.Debug-U-32|Unspecified.ActiveCfg = Debug-U-32|Win32
		{1A5CEC6A-16AD-4EFF-AFB9-5833B12D5737}.Debug-U-32|Unspecified.Build.0 = Debug-U-32|Win32
		{1A5CEC6A-16AD-4EFF-AFB9-5833B12D5737}.Debug-U-64|Unspecified.ActiveCfg = Debug-U-64|Win32
		{1A5CEC6A-16AD-4EFF-AFB9-5833B12D5737}.Debug-U-64|Unspecified.Build.0 = Debug-U-64|Win32
		{1A5CEC6A-16AD-4EFF-AFB9-5833B12D5737}.Release-Logging-U-32|Unspecified.ActiveCfg = Release-Logging-U-32|Win32
		{1A5CEC6A-16AD-4EFF-AFB9-5833B12D5737}.Release-Logging-U-32|Unspecified.Build.0 = Release-Logging-U-32|Win32
		{1A5CEC6A-16AD-4EFF-AFB9-5833B12D5737}.Release-Logging-U-64|Unspecified.ActiveCfg = Release-Logging-U-64|Win32
		{1A5CEC6A-16AD-4EFF-AFB9-5833B12D5737}.Release-Logging-U-64|Unspecified.Build.0 = Release-Logging-U-64|Win32
		{1A5CEC6A-16AD-4EFF-AFB9-5833B12D5737}.Release-U-32|Unspecified.ActiveCfg = Release-U-32|Win32
		{1A5CEC6A-16AD-4EFF-AFB9-5833B12D5737}.Release-U-32|Unspecified.Build.0 = Release-U-32|Win32
		{1A5CEC6A-16AD-4EFF-AFB9-5833B12D5737}.Release-U-64|Unspecified.ActiveCfg = Release-U-64|Win32
		{1A5CEC6A-16AD-4EFF-AFB9-5833B12D5737}.Release-U-64|Unspecified.Build.0 = Release-U-64|Win32
	EndGlobalSection
	GlobalSection(SolutionProperties) = preSolution
		HideSolutionNode = FALSE
	EndGlobalSection
	GlobalSection(NestedProjects) = preSolution
		{CB990386-9FDE-4FBA-9B1F-8A373322E978} = {0D9311A4-3664-4903-A8CA-66B67CEC1727}
		{5BD6F3C4-C037-43F4-9849-5751D35B8A76} = {0D9311A4-3664-4903-A8CA-66B67CEC1727}
		{474730FA-6DA6-4660-9D53-7AA36FBB0373} = {0D9311A4-3664-4903-A8CA-66B67CEC1727}
		{50EDA128-F1DF-4CDA-AFDF-F50E1A8BA421} = {0D9311A4-3664-4903-A8CA-66B67CEC1727}
		{46038101-1D06-45D5-B0ED-5AD62E15AADD} = {0D9311A4-3664-4903-A8CA-66B67CEC1727}
		{8EA91AE8-5DE9-2A75-8211-18478ED91741} = {0D9311A4-3664-4903-A8CA-66B67CEC1727}
		{2E2192CA-3B55-45AD-A66A-3E43FAB9B42C} = {0D9311A4-3664-4903-A8CA-66B67CEC1727}
		{524A1EE0-309A-415C-0445-AF403B339C4B} = {0D9311A4-3664-4903-A8CA-66B67CEC1727}
		{E6501207-BB83-4CE7-94CA-7429272D4977} = {0D9311A4-3664-4903-A8CA-66B67CEC1727}
		{3912B87E-C560-4EEA-A936-5F4BB26B0AA6} = {0D9311A4-3664-4903-A8CA-66B67CEC1727}
		{985C4A1E-F99E-4B52-8CF0-4CFE5B9DC530} = {0D9311A4-3664-4903-A8CA-66B67CEC1727}
		{FA8668EC-9366-4862-85E2-67D2F686B937} = {0D9311A4-3664-4903-A8CA-66B67CEC1727}
		{30B6D154-A548-40A5-BCF1-E8B5B6112CD3} = {0D9311A4-3664-4903-A8CA-66B67CEC1727}
		{5065D4BB-4395-4874-A4F0-C6B4AA6D5DBD} = {0D9311A4-3664-4903-A8CA-66B67CEC1727}
		{709740B9-80FF-42D8-96A6-FE3A6A8F3AB4} = {0D9311A4-3664-4903-A8CA-66B67CEC1727}
		{1A5CEC6A-16AD-4EFF-AFB9-5833B12D5737} = {0D9311A4-3664-4903-A8CA-66B67CEC1727}
	EndGlobalSection
	GlobalSection(ExtensibilityGlobals) = postSolution
		SolutionGuid = {6991AF93-FA39-4CFE-AD4E-56282C79EE18}
	EndGlobalSection
EndGlobal
