
Microsoft Visual Studio Solution File, Format Version 12.00
# Visual Studio 15
VisualStudioVersion = 15.0.26730.16
MinimumVisualStudioVersion = 10.0.40219.1
Project("{8BC9CEB8-8B4A-11D0-8D11-00A0C91BC942}") = "Stroika-Foundation", "..\..\Library\Projects\VisualStudio.Net-2017\Stroika-Foundation.vcxproj", "{5AFC8E54-EFA6-45A6-9E8F-7BB89C84AE5B}"
EndProject
Project("{8BC9CEB8-8B4A-11D0-8D11-00A0C91BC942}") = "Stroika-Frameworks", "..\..\Library\Projects\VisualStudio.Net-2017\Stroika-Frameworks.vcxproj", "{91C825D0-2702-4800-98DD-B83727D51F5E}"
	ProjectSection(ProjectDependencies) = postProject
		{5AFC8E54-EFA6-45A6-9E8F-7BB89C84AE5B} = {5AFC8E54-EFA6-45A6-9E8F-7BB89C84AE5B}
		{76C03E61-1308-4973-ABDA-2E83210A5B52} = {76C03E61-1308-4973-ABDA-2E83210A5B52}
		{A6C00B9D-8B7F-4C43-A043-1127387E712D} = {A6C00B9D-8B7F-4C43-A043-1127387E712D}
		{BB1903E4-C75B-430B-9E6F-8CAEA64BF194} = {BB1903E4-C75B-430B-9E6F-8CAEA64BF194}
		{57B01FEC-9AD1-46A4-B5F1-9E1C531E59D2} = {57B01FEC-9AD1-46A4-B5F1-9E1C531E59D2}
	EndProjectSection
EndProject
Project("{8BC9CEB8-8B4A-11D0-8D11-00A0C91BC942}") = "Stroika-Frameworks-Led", "..\..\Library\Projects\VisualStudio.Net-2017\Stroika-Frameworks-Led.vcxproj", "{57B01FEC-9AD1-46A4-B5F1-9E1C531E59D2}"
	ProjectSection(ProjectDependencies) = postProject
		{5AFC8E54-EFA6-45A6-9E8F-7BB89C84AE5B} = {5AFC8E54-EFA6-45A6-9E8F-7BB89C84AE5B}
	EndProjectSection
EndProject
Project("{8BC9CEB8-8B4A-11D0-8D11-00A0C91BC942}") = "Stroika-Frameworks-Service", "..\..\Library\Projects\VisualStudio.Net-2017\Stroika-Frameworks-Service.vcxproj", "{76C03E61-1308-4973-ABDA-2E83210A5B52}"
	ProjectSection(ProjectDependencies) = postProject
		{5AFC8E54-EFA6-45A6-9E8F-7BB89C84AE5B} = {5AFC8E54-EFA6-45A6-9E8F-7BB89C84AE5B}
	EndProjectSection
EndProject
Project("{8BC9CEB8-8B4A-11D0-8D11-00A0C91BC942}") = "Stroika-Frameworks-WebServer", "..\..\Library\Projects\VisualStudio.Net-2017\Stroika-Frameworks-WebServer.vcxproj", "{BB1903E4-C75B-430B-9E6F-8CAEA64BF194}"
	ProjectSection(ProjectDependencies) = postProject
		{5AFC8E54-EFA6-45A6-9E8F-7BB89C84AE5B} = {5AFC8E54-EFA6-45A6-9E8F-7BB89C84AE5B}
	EndProjectSection
EndProject
Project("{8BC9CEB8-8B4A-11D0-8D11-00A0C91BC942}") = "Stroika-Frameworks-WebService", "..\..\Library\Projects\VisualStudio.Net-2017\Stroika-Frameworks-WebService.vcxproj", "{9454F6D7-68B9-4C91-92D1-99958EC9EA42}"
EndProject
Project("{8BC9CEB8-8B4A-11D0-8D11-00A0C91BC942}") = "Stroika-Frameworks-UPnP", "..\..\Library\Projects\VisualStudio.Net-2017\Stroika-Frameworks-UPnP.vcxproj", "{3ADD4C32-1D77-47A2-9F23-83908A2446F6}"
EndProject
Project("{8BC9CEB8-8B4A-11D0-8D11-00A0C91BC942}") = "Stroika-Frameworks-SystemPerformance", "..\..\Library\Projects\VisualStudio.Net-2017\Stroika-Frameworks-SystemPerformance.vcxproj", "{A6C00B9D-8B7F-4C43-A043-1127387E712D}"
EndProject
Project("{2150E333-8FDC-42A3-9474-1A3956D46DE8}") = "Stroika", "Stroika", "{60B10CF8-17F2-4135-A577-21B7BD811DD6}"
EndProject
Project("{2150E333-8FDC-42A3-9474-1A3956D46DE8}") = "Samples", "Samples", "{0D9311A4-3664-4903-A8CA-66B67CEC1727}"
	ProjectSection(SolutionItems) = preProject
		..\..\Samples\Makefile = ..\..\Samples\Makefile
		..\..\Samples\ReadMe.md = ..\..\Samples\ReadMe.md
		..\..\Samples\ToDo.md = ..\..\Samples\ToDo.md
	EndProjectSection
EndProject
Project("{8BC9CEB8-8B4A-11D0-8D11-00A0C91BC942}") = "LedIt", "..\..\Samples\LedIt\Projects\VisualStudio.Net-2017\LedIt.vcxproj", "{CB990386-9FDE-4FBA-9B1F-8A373322E978}"
EndProject
Project("{8BC9CEB8-8B4A-11D0-8D11-00A0C91BC942}") = "SystemPerformanceClient", "..\..\Samples\SystemPerformanceClient\Projects\VisualStudio.Net-2017\SystemPerformanceClient.vcxproj", "{5BD6F3C4-C037-43F4-9849-5751D35B8A76}"
EndProject
Project("{8BC9CEB8-8B4A-11D0-8D11-00A0C91BC942}") = "SSDPServer", "..\..\Samples\SSDPServer\Projects\VisualStudio.Net-2017\SSDPServer.vcxproj", "{474730FA-6DA6-4660-9D53-7AA36FBB0373}"
EndProject
Project("{8BC9CEB8-8B4A-11D0-8D11-00A0C91BC942}") = "SSDPClient", "..\..\Samples\SSDPClient\Projects\VisualStudio.Net-2017\SSDPClient.vcxproj", "{50EDA128-F1DF-4CDA-AFDF-F50E1A8BA421}"
EndProject
Project("{8BC9CEB8-8B4A-11D0-8D11-00A0C91BC942}") = "TEMPLATE", "..\..\Samples\Skel\Projects\VisualStudio.Net-2017\TEMPLATE.vcxproj", "{46038101-1D06-45D5-B0ED-5AD62E15AADD}"
EndProject
Project("{8BC9CEB8-8B4A-11D0-8D11-00A0C91BC942}") = "LedLineIt", "..\..\Samples\LedLineIt\Projects\VisualStudio.Net-2017\LedLineIt.vcxproj", "{8EA91AE8-5DE9-2A75-8211-18478ED91741}"
EndProject
Project("{8BC9CEB8-8B4A-11D0-8D11-00A0C91BC942}") = "WebServer", "..\..\Samples\WebServer\Projects\VisualStudio.Net-2017\WebServer.vcxproj", "{2E2192CA-3B55-45AD-A66A-3E43FAB9B42C}"
EndProject
Project("{8BC9CEB8-8B4A-11D0-8D11-00A0C91BC942}") = "SimpleLedTest", "..\..\Samples\SimpleLedTest\Projects\VisualStudio.Net-2017\SimpleLedTest.vcxproj", "{524A1EE0-309A-415C-0445-AF403B339C4B}"
EndProject
Project("{8BC9CEB8-8B4A-11D0-8D11-00A0C91BC942}") = "ArchiveUtility", "..\..\Samples\ArchiveUtility\Projects\VisualStudio.Net-2017\ArchiveUtility.vcxproj", "{E6501207-BB83-4CE7-94CA-7429272D4977}"
EndProject
Project("{8BC9CEB8-8B4A-11D0-8D11-00A0C91BC942}") = "ActiveLedIt", "..\..\Samples\ActiveLedIt\Projects\VisualStudio.Net-2017\ActiveLedIt.vcxproj", "{3912B87E-C560-4EEA-A936-5F4BB26B0AA6}"
EndProject
Project("{8BC9CEB8-8B4A-11D0-8D11-00A0C91BC942}") = "Traceroute", "..\..\Samples\Traceroute\Projects\VisualStudio.Net-2017\Traceroute.vcxproj", "{985C4A1E-F99E-4B52-8CF0-4CFE5B9DC530}"
EndProject
Project("{8BC9CEB8-8B4A-11D0-8D11-00A0C91BC942}") = "Stroika-Frameworks-NetworkMonitor", "..\..\Library\Projects\VisualStudio.Net-2017\Stroika-Frameworks-NetworkMonitor.vcxproj", "{808123CA-811B-455B-A0B8-B93D289CB7B1}"
EndProject
Project("{8BC9CEB8-8B4A-11D0-8D11-00A0C91BC942}") = "Stroika-Frameworks-Modbus", "..\..\Library\Projects\VisualStudio.Net-2017\Stroika-Frameworks-Modbus.vcxproj", "{17CE653D-28FF-4F04-8007-579A0C708DC1}"
EndProject
Project("{8BC9CEB8-8B4A-11D0-8D11-00A0C91BC942}") = "Serialization", "..\..\Samples\Serialization\Projects\VisualStudio.Net-2017\Serialization.vcxproj", "{FA8668EC-9366-4862-85E2-67D2F686B937}"
EndProject
Project("{8BC9CEB8-8B4A-11D0-8D11-00A0C91BC942}") = "Containers", "..\..\Samples\Containers\Projects\VisualStudio.Net-2017\Containers.vcxproj", "{30B6D154-A548-40A5-BCF1-E8B5B6112CD3}"
EndProject
Project("{8BC9CEB8-8B4A-11D0-8D11-00A0C91BC942}") = "Service", "..\..\Samples\Service\Projects\VisualStudio.Net-2017\Service.vcxproj", "{5065D4BB-4395-4874-A4F0-C6B4AA6D5DBD}"
EndProject
Project("{8BC9CEB8-8B4A-11D0-8D11-00A0C91BC942}") = "WebServices", "..\..\Samples\WebService\Projects\VisualStudio.Net-2017\WebService.vcxproj", "{D87B1477-CD62-4751-8A7D-AF9DAC2EBDFC}"
EndProject
Global
	GlobalSection(SolutionConfigurationPlatforms) = preSolution
		Debug-A-32|Win32 = Debug-A-32|Win32
		Debug-A-32|x64 = Debug-A-32|x64
		Debug-U-32|Win32 = Debug-U-32|Win32
		Debug-U-32|x64 = Debug-U-32|x64
		Debug-U-64|Win32 = Debug-U-64|Win32
		Debug-U-64|x64 = Debug-U-64|x64
		Release-A-32|Win32 = Release-A-32|Win32
		Release-A-32|x64 = Release-A-32|x64
		Release-DbgMemLeaks-U-32|Win32 = Release-DbgMemLeaks-U-32|Win32
		Release-DbgMemLeaks-U-32|x64 = Release-DbgMemLeaks-U-32|x64
		Release-Logging-U-32|Win32 = Release-Logging-U-32|Win32
		Release-Logging-U-32|x64 = Release-Logging-U-32|x64
		Release-Logging-U-64|Win32 = Release-Logging-U-64|Win32
		Release-Logging-U-64|x64 = Release-Logging-U-64|x64
		Release-U-32|Win32 = Release-U-32|Win32
		Release-U-32|x64 = Release-U-32|x64
		Release-U-64|Win32 = Release-U-64|Win32
		Release-U-64|x64 = Release-U-64|x64
	EndGlobalSection
	GlobalSection(ProjectConfigurationPlatforms) = postSolution
		{5AFC8E54-EFA6-45A6-9E8F-7BB89C84AE5B}.Debug-A-32|Win32.ActiveCfg = Debug-A-32|Win32
		{5AFC8E54-EFA6-45A6-9E8F-7BB89C84AE5B}.Debug-A-32|Win32.Build.0 = Debug-A-32|Win32
		{5AFC8E54-EFA6-45A6-9E8F-7BB89C84AE5B}.Debug-A-32|x64.ActiveCfg = Debug-A-32|x64
		{5AFC8E54-EFA6-45A6-9E8F-7BB89C84AE5B}.Debug-A-32|x64.Build.0 = Debug-A-32|x64
		{5AFC8E54-EFA6-45A6-9E8F-7BB89C84AE5B}.Debug-U-32|Win32.ActiveCfg = Debug-U-32|Win32
		{5AFC8E54-EFA6-45A6-9E8F-7BB89C84AE5B}.Debug-U-32|Win32.Build.0 = Debug-U-32|Win32
		{5AFC8E54-EFA6-45A6-9E8F-7BB89C84AE5B}.Debug-U-32|x64.ActiveCfg = Release-U-64|x64
		{5AFC8E54-EFA6-45A6-9E8F-7BB89C84AE5B}.Debug-U-64|Win32.ActiveCfg = Release-U-64|x64
		{5AFC8E54-EFA6-45A6-9E8F-7BB89C84AE5B}.Debug-U-64|x64.ActiveCfg = Debug-U-64|x64
		{5AFC8E54-EFA6-45A6-9E8F-7BB89C84AE5B}.Debug-U-64|x64.Build.0 = Debug-U-64|x64
		{5AFC8E54-EFA6-45A6-9E8F-7BB89C84AE5B}.Release-A-32|Win32.ActiveCfg = Release-A-32|Win32
		{5AFC8E54-EFA6-45A6-9E8F-7BB89C84AE5B}.Release-A-32|Win32.Build.0 = Release-A-32|Win32
		{5AFC8E54-EFA6-45A6-9E8F-7BB89C84AE5B}.Release-A-32|x64.ActiveCfg = Release-A-32|x64
		{5AFC8E54-EFA6-45A6-9E8F-7BB89C84AE5B}.Release-A-32|x64.Build.0 = Release-A-32|x64
		{5AFC8E54-EFA6-45A6-9E8F-7BB89C84AE5B}.Release-DbgMemLeaks-U-32|Win32.ActiveCfg = Release-DbgMemLeaks-U-32|Win32
		{5AFC8E54-EFA6-45A6-9E8F-7BB89C84AE5B}.Release-DbgMemLeaks-U-32|Win32.Build.0 = Release-DbgMemLeaks-U-32|Win32
		{5AFC8E54-EFA6-45A6-9E8F-7BB89C84AE5B}.Release-DbgMemLeaks-U-32|x64.ActiveCfg = Release-DbgMemLeaks-U-32|x64
		{5AFC8E54-EFA6-45A6-9E8F-7BB89C84AE5B}.Release-DbgMemLeaks-U-32|x64.Build.0 = Release-DbgMemLeaks-U-32|x64
		{5AFC8E54-EFA6-45A6-9E8F-7BB89C84AE5B}.Release-Logging-U-32|Win32.ActiveCfg = Release-Logging-U-32|Win32
		{5AFC8E54-EFA6-45A6-9E8F-7BB89C84AE5B}.Release-Logging-U-32|Win32.Build.0 = Release-Logging-U-32|Win32
		{5AFC8E54-EFA6-45A6-9E8F-7BB89C84AE5B}.Release-Logging-U-32|x64.ActiveCfg = Release-Logging-U-32|x64
		{5AFC8E54-EFA6-45A6-9E8F-7BB89C84AE5B}.Release-Logging-U-32|x64.Build.0 = Release-Logging-U-32|x64
		{5AFC8E54-EFA6-45A6-9E8F-7BB89C84AE5B}.Release-Logging-U-32|x64.Deploy.0 = Release-Logging-U-32|x64
		{5AFC8E54-EFA6-45A6-9E8F-7BB89C84AE5B}.Release-Logging-U-64|Win32.ActiveCfg = Release-Logging-U-64|Win32
		{5AFC8E54-EFA6-45A6-9E8F-7BB89C84AE5B}.Release-Logging-U-64|Win32.Build.0 = Release-Logging-U-64|Win32
		{5AFC8E54-EFA6-45A6-9E8F-7BB89C84AE5B}.Release-Logging-U-64|x64.ActiveCfg = Release-Logging-U-64|x64
		{5AFC8E54-EFA6-45A6-9E8F-7BB89C84AE5B}.Release-Logging-U-64|x64.Build.0 = Release-Logging-U-64|x64
		{5AFC8E54-EFA6-45A6-9E8F-7BB89C84AE5B}.Release-U-32|Win32.ActiveCfg = Release-U-32|Win32
		{5AFC8E54-EFA6-45A6-9E8F-7BB89C84AE5B}.Release-U-32|Win32.Build.0 = Release-U-32|Win32
		{5AFC8E54-EFA6-45A6-9E8F-7BB89C84AE5B}.Release-U-32|x64.ActiveCfg = Release-U-64|x64
		{5AFC8E54-EFA6-45A6-9E8F-7BB89C84AE5B}.Release-U-64|Win32.ActiveCfg = Release-U-64|x64
		{5AFC8E54-EFA6-45A6-9E8F-7BB89C84AE5B}.Release-U-64|x64.ActiveCfg = Release-U-64|x64
		{5AFC8E54-EFA6-45A6-9E8F-7BB89C84AE5B}.Release-U-64|x64.Build.0 = Release-U-64|x64
		{91C825D0-2702-4800-98DD-B83727D51F5E}.Debug-A-32|Win32.ActiveCfg = Debug-A-32|Win32
		{91C825D0-2702-4800-98DD-B83727D51F5E}.Debug-A-32|Win32.Build.0 = Debug-A-32|Win32
		{91C825D0-2702-4800-98DD-B83727D51F5E}.Debug-A-32|x64.ActiveCfg = Debug-A-32|x64
		{91C825D0-2702-4800-98DD-B83727D51F5E}.Debug-A-32|x64.Build.0 = Debug-A-32|x64
		{91C825D0-2702-4800-98DD-B83727D51F5E}.Debug-U-32|Win32.ActiveCfg = Debug-U-32|Win32
		{91C825D0-2702-4800-98DD-B83727D51F5E}.Debug-U-32|Win32.Build.0 = Debug-U-32|Win32
		{91C825D0-2702-4800-98DD-B83727D51F5E}.Debug-U-32|x64.ActiveCfg = Release-U-64|x64
		{91C825D0-2702-4800-98DD-B83727D51F5E}.Debug-U-64|Win32.ActiveCfg = Release-U-64|x64
		{91C825D0-2702-4800-98DD-B83727D51F5E}.Debug-U-64|Win32.Build.0 = Release-U-64|x64
		{91C825D0-2702-4800-98DD-B83727D51F5E}.Debug-U-64|x64.ActiveCfg = Debug-U-64|x64
		{91C825D0-2702-4800-98DD-B83727D51F5E}.Debug-U-64|x64.Build.0 = Debug-U-64|x64
		{91C825D0-2702-4800-98DD-B83727D51F5E}.Release-A-32|Win32.ActiveCfg = Release-A-32|Win32
		{91C825D0-2702-4800-98DD-B83727D51F5E}.Release-A-32|Win32.Build.0 = Release-A-32|Win32
		{91C825D0-2702-4800-98DD-B83727D51F5E}.Release-A-32|x64.ActiveCfg = Release-A-32|x64
		{91C825D0-2702-4800-98DD-B83727D51F5E}.Release-A-32|x64.Build.0 = Release-A-32|x64
		{91C825D0-2702-4800-98DD-B83727D51F5E}.Release-DbgMemLeaks-U-32|Win32.ActiveCfg = Release-DbgMemLeaks-U-32|Win32
		{91C825D0-2702-4800-98DD-B83727D51F5E}.Release-DbgMemLeaks-U-32|Win32.Build.0 = Release-DbgMemLeaks-U-32|Win32
		{91C825D0-2702-4800-98DD-B83727D51F5E}.Release-DbgMemLeaks-U-32|x64.ActiveCfg = Release-DbgMemLeaks-U-32|x64
		{91C825D0-2702-4800-98DD-B83727D51F5E}.Release-DbgMemLeaks-U-32|x64.Build.0 = Release-DbgMemLeaks-U-32|x64
		{91C825D0-2702-4800-98DD-B83727D51F5E}.Release-Logging-U-32|Win32.ActiveCfg = Release-Logging-U-32|Win32
		{91C825D0-2702-4800-98DD-B83727D51F5E}.Release-Logging-U-32|Win32.Build.0 = Release-Logging-U-32|Win32
		{91C825D0-2702-4800-98DD-B83727D51F5E}.Release-Logging-U-32|x64.ActiveCfg = Release-Logging-U-32|x64
		{91C825D0-2702-4800-98DD-B83727D51F5E}.Release-Logging-U-32|x64.Build.0 = Release-Logging-U-32|x64
		{91C825D0-2702-4800-98DD-B83727D51F5E}.Release-Logging-U-32|x64.Deploy.0 = Release-Logging-U-32|x64
		{91C825D0-2702-4800-98DD-B83727D51F5E}.Release-Logging-U-64|Win32.ActiveCfg = Release-Logging-U-64|Win32
		{91C825D0-2702-4800-98DD-B83727D51F5E}.Release-Logging-U-64|Win32.Build.0 = Release-Logging-U-64|Win32
		{91C825D0-2702-4800-98DD-B83727D51F5E}.Release-Logging-U-64|x64.ActiveCfg = Release-Logging-U-64|x64
		{91C825D0-2702-4800-98DD-B83727D51F5E}.Release-Logging-U-64|x64.Build.0 = Release-Logging-U-64|x64
		{91C825D0-2702-4800-98DD-B83727D51F5E}.Release-U-32|Win32.ActiveCfg = Release-U-32|Win32
		{91C825D0-2702-4800-98DD-B83727D51F5E}.Release-U-32|Win32.Build.0 = Release-U-32|Win32
		{91C825D0-2702-4800-98DD-B83727D51F5E}.Release-U-32|x64.ActiveCfg = Release-U-64|x64
		{91C825D0-2702-4800-98DD-B83727D51F5E}.Release-U-32|x64.Build.0 = Release-U-64|x64
		{91C825D0-2702-4800-98DD-B83727D51F5E}.Release-U-64|Win32.ActiveCfg = Release-U-64|x64
		{91C825D0-2702-4800-98DD-B83727D51F5E}.Release-U-64|x64.ActiveCfg = Release-U-64|x64
		{91C825D0-2702-4800-98DD-B83727D51F5E}.Release-U-64|x64.Build.0 = Release-U-64|x64
		{57B01FEC-9AD1-46A4-B5F1-9E1C531E59D2}.Debug-A-32|Win32.ActiveCfg = Debug-A-32|Win32
		{57B01FEC-9AD1-46A4-B5F1-9E1C531E59D2}.Debug-A-32|Win32.Build.0 = Debug-A-32|Win32
		{57B01FEC-9AD1-46A4-B5F1-9E1C531E59D2}.Debug-A-32|x64.ActiveCfg = Debug-A-32|x64
		{57B01FEC-9AD1-46A4-B5F1-9E1C531E59D2}.Debug-A-32|x64.Build.0 = Debug-A-32|x64
		{57B01FEC-9AD1-46A4-B5F1-9E1C531E59D2}.Debug-U-32|Win32.ActiveCfg = Debug-U-32|Win32
		{57B01FEC-9AD1-46A4-B5F1-9E1C531E59D2}.Debug-U-32|Win32.Build.0 = Debug-U-32|Win32
		{57B01FEC-9AD1-46A4-B5F1-9E1C531E59D2}.Debug-U-32|x64.ActiveCfg = Release-U-64|x64
		{57B01FEC-9AD1-46A4-B5F1-9E1C531E59D2}.Debug-U-64|Win32.ActiveCfg = Release-U-64|x64
		{57B01FEC-9AD1-46A4-B5F1-9E1C531E59D2}.Debug-U-64|Win32.Build.0 = Release-U-64|x64
		{57B01FEC-9AD1-46A4-B5F1-9E1C531E59D2}.Debug-U-64|x64.ActiveCfg = Debug-U-64|x64
		{57B01FEC-9AD1-46A4-B5F1-9E1C531E59D2}.Debug-U-64|x64.Build.0 = Debug-U-64|x64
		{57B01FEC-9AD1-46A4-B5F1-9E1C531E59D2}.Release-A-32|Win32.ActiveCfg = Release-A-32|Win32
		{57B01FEC-9AD1-46A4-B5F1-9E1C531E59D2}.Release-A-32|Win32.Build.0 = Release-A-32|Win32
		{57B01FEC-9AD1-46A4-B5F1-9E1C531E59D2}.Release-A-32|x64.ActiveCfg = Release-A-32|x64
		{57B01FEC-9AD1-46A4-B5F1-9E1C531E59D2}.Release-A-32|x64.Build.0 = Release-A-32|x64
		{57B01FEC-9AD1-46A4-B5F1-9E1C531E59D2}.Release-DbgMemLeaks-U-32|Win32.ActiveCfg = Release-DbgMemLeaks-U-32|Win32
		{57B01FEC-9AD1-46A4-B5F1-9E1C531E59D2}.Release-DbgMemLeaks-U-32|Win32.Build.0 = Release-DbgMemLeaks-U-32|Win32
		{57B01FEC-9AD1-46A4-B5F1-9E1C531E59D2}.Release-DbgMemLeaks-U-32|x64.ActiveCfg = Release-DbgMemLeaks-U-32|x64
		{57B01FEC-9AD1-46A4-B5F1-9E1C531E59D2}.Release-DbgMemLeaks-U-32|x64.Build.0 = Release-DbgMemLeaks-U-32|x64
		{57B01FEC-9AD1-46A4-B5F1-9E1C531E59D2}.Release-Logging-U-32|Win32.ActiveCfg = Release-Logging-U-32|Win32
		{57B01FEC-9AD1-46A4-B5F1-9E1C531E59D2}.Release-Logging-U-32|Win32.Build.0 = Release-Logging-U-32|Win32
		{57B01FEC-9AD1-46A4-B5F1-9E1C531E59D2}.Release-Logging-U-32|x64.ActiveCfg = Release-Logging-U-32|x64
		{57B01FEC-9AD1-46A4-B5F1-9E1C531E59D2}.Release-Logging-U-32|x64.Build.0 = Release-Logging-U-32|x64
		{57B01FEC-9AD1-46A4-B5F1-9E1C531E59D2}.Release-Logging-U-32|x64.Deploy.0 = Release-Logging-U-32|x64
		{57B01FEC-9AD1-46A4-B5F1-9E1C531E59D2}.Release-Logging-U-64|Win32.ActiveCfg = Release-Logging-U-64|Win32
		{57B01FEC-9AD1-46A4-B5F1-9E1C531E59D2}.Release-Logging-U-64|Win32.Build.0 = Release-Logging-U-64|Win32
		{57B01FEC-9AD1-46A4-B5F1-9E1C531E59D2}.Release-Logging-U-64|x64.ActiveCfg = Release-Logging-U-64|x64
		{57B01FEC-9AD1-46A4-B5F1-9E1C531E59D2}.Release-Logging-U-64|x64.Build.0 = Release-Logging-U-64|x64
		{57B01FEC-9AD1-46A4-B5F1-9E1C531E59D2}.Release-U-32|Win32.ActiveCfg = Release-U-32|Win32
		{57B01FEC-9AD1-46A4-B5F1-9E1C531E59D2}.Release-U-32|Win32.Build.0 = Release-U-32|Win32
		{57B01FEC-9AD1-46A4-B5F1-9E1C531E59D2}.Release-U-32|x64.ActiveCfg = Release-U-64|x64
		{57B01FEC-9AD1-46A4-B5F1-9E1C531E59D2}.Release-U-32|x64.Build.0 = Release-U-64|x64
		{57B01FEC-9AD1-46A4-B5F1-9E1C531E59D2}.Release-U-64|Win32.ActiveCfg = Release-U-64|x64
		{57B01FEC-9AD1-46A4-B5F1-9E1C531E59D2}.Release-U-64|x64.ActiveCfg = Release-U-64|x64
		{57B01FEC-9AD1-46A4-B5F1-9E1C531E59D2}.Release-U-64|x64.Build.0 = Release-U-64|x64
		{76C03E61-1308-4973-ABDA-2E83210A5B52}.Debug-A-32|Win32.ActiveCfg = Debug-A-32|Win32
		{76C03E61-1308-4973-ABDA-2E83210A5B52}.Debug-A-32|Win32.Build.0 = Debug-A-32|Win32
		{76C03E61-1308-4973-ABDA-2E83210A5B52}.Debug-A-32|x64.ActiveCfg = Debug-A-32|x64
		{76C03E61-1308-4973-ABDA-2E83210A5B52}.Debug-A-32|x64.Build.0 = Debug-A-32|x64
		{76C03E61-1308-4973-ABDA-2E83210A5B52}.Debug-U-32|Win32.ActiveCfg = Debug-U-32|Win32
		{76C03E61-1308-4973-ABDA-2E83210A5B52}.Debug-U-32|Win32.Build.0 = Debug-U-32|Win32
		{76C03E61-1308-4973-ABDA-2E83210A5B52}.Debug-U-32|x64.ActiveCfg = Release-U-64|x64
		{76C03E61-1308-4973-ABDA-2E83210A5B52}.Debug-U-64|Win32.ActiveCfg = Release-U-64|x64
		{76C03E61-1308-4973-ABDA-2E83210A5B52}.Debug-U-64|Win32.Build.0 = Release-U-64|x64
		{76C03E61-1308-4973-ABDA-2E83210A5B52}.Debug-U-64|x64.ActiveCfg = Debug-U-64|x64
		{76C03E61-1308-4973-ABDA-2E83210A5B52}.Debug-U-64|x64.Build.0 = Debug-U-64|x64
		{76C03E61-1308-4973-ABDA-2E83210A5B52}.Release-A-32|Win32.ActiveCfg = Release-A-32|Win32
		{76C03E61-1308-4973-ABDA-2E83210A5B52}.Release-A-32|Win32.Build.0 = Release-A-32|Win32
		{76C03E61-1308-4973-ABDA-2E83210A5B52}.Release-A-32|x64.ActiveCfg = Release-A-32|x64
		{76C03E61-1308-4973-ABDA-2E83210A5B52}.Release-A-32|x64.Build.0 = Release-A-32|x64
		{76C03E61-1308-4973-ABDA-2E83210A5B52}.Release-DbgMemLeaks-U-32|Win32.ActiveCfg = Release-DbgMemLeaks-U-32|Win32
		{76C03E61-1308-4973-ABDA-2E83210A5B52}.Release-DbgMemLeaks-U-32|Win32.Build.0 = Release-DbgMemLeaks-U-32|Win32
		{76C03E61-1308-4973-ABDA-2E83210A5B52}.Release-DbgMemLeaks-U-32|x64.ActiveCfg = Release-DbgMemLeaks-U-32|x64
		{76C03E61-1308-4973-ABDA-2E83210A5B52}.Release-DbgMemLeaks-U-32|x64.Build.0 = Release-DbgMemLeaks-U-32|x64
		{76C03E61-1308-4973-ABDA-2E83210A5B52}.Release-Logging-U-32|Win32.ActiveCfg = Release-Logging-U-32|Win32
		{76C03E61-1308-4973-ABDA-2E83210A5B52}.Release-Logging-U-32|Win32.Build.0 = Release-Logging-U-32|Win32
		{76C03E61-1308-4973-ABDA-2E83210A5B52}.Release-Logging-U-32|x64.ActiveCfg = Release-Logging-U-32|x64
		{76C03E61-1308-4973-ABDA-2E83210A5B52}.Release-Logging-U-32|x64.Build.0 = Release-Logging-U-32|x64
		{76C03E61-1308-4973-ABDA-2E83210A5B52}.Release-Logging-U-32|x64.Deploy.0 = Release-Logging-U-32|x64
		{76C03E61-1308-4973-ABDA-2E83210A5B52}.Release-Logging-U-64|Win32.ActiveCfg = Release-Logging-U-64|Win32
		{76C03E61-1308-4973-ABDA-2E83210A5B52}.Release-Logging-U-64|Win32.Build.0 = Release-Logging-U-64|Win32
		{76C03E61-1308-4973-ABDA-2E83210A5B52}.Release-Logging-U-64|x64.ActiveCfg = Release-Logging-U-64|x64
		{76C03E61-1308-4973-ABDA-2E83210A5B52}.Release-Logging-U-64|x64.Build.0 = Release-Logging-U-64|x64
		{76C03E61-1308-4973-ABDA-2E83210A5B52}.Release-U-32|Win32.ActiveCfg = Release-U-32|Win32
		{76C03E61-1308-4973-ABDA-2E83210A5B52}.Release-U-32|Win32.Build.0 = Release-U-32|Win32
		{76C03E61-1308-4973-ABDA-2E83210A5B52}.Release-U-32|x64.ActiveCfg = Release-U-64|x64
		{76C03E61-1308-4973-ABDA-2E83210A5B52}.Release-U-32|x64.Build.0 = Release-U-64|x64
		{76C03E61-1308-4973-ABDA-2E83210A5B52}.Release-U-64|Win32.ActiveCfg = Release-U-64|x64
		{76C03E61-1308-4973-ABDA-2E83210A5B52}.Release-U-64|x64.ActiveCfg = Release-U-64|x64
		{76C03E61-1308-4973-ABDA-2E83210A5B52}.Release-U-64|x64.Build.0 = Release-U-64|x64
		{BB1903E4-C75B-430B-9E6F-8CAEA64BF194}.Debug-A-32|Win32.ActiveCfg = Debug-A-32|Win32
		{BB1903E4-C75B-430B-9E6F-8CAEA64BF194}.Debug-A-32|Win32.Build.0 = Debug-A-32|Win32
		{BB1903E4-C75B-430B-9E6F-8CAEA64BF194}.Debug-A-32|x64.ActiveCfg = Debug-A-32|x64
		{BB1903E4-C75B-430B-9E6F-8CAEA64BF194}.Debug-A-32|x64.Build.0 = Debug-A-32|x64
		{BB1903E4-C75B-430B-9E6F-8CAEA64BF194}.Debug-U-32|Win32.ActiveCfg = Debug-U-32|Win32
		{BB1903E4-C75B-430B-9E6F-8CAEA64BF194}.Debug-U-32|Win32.Build.0 = Debug-U-32|Win32
		{BB1903E4-C75B-430B-9E6F-8CAEA64BF194}.Debug-U-32|x64.ActiveCfg = Release-U-64|x64
		{BB1903E4-C75B-430B-9E6F-8CAEA64BF194}.Debug-U-64|Win32.ActiveCfg = Release-U-64|x64
		{BB1903E4-C75B-430B-9E6F-8CAEA64BF194}.Debug-U-64|Win32.Build.0 = Release-U-64|x64
		{BB1903E4-C75B-430B-9E6F-8CAEA64BF194}.Debug-U-64|x64.ActiveCfg = Debug-U-64|x64
		{BB1903E4-C75B-430B-9E6F-8CAEA64BF194}.Debug-U-64|x64.Build.0 = Debug-U-64|x64
		{BB1903E4-C75B-430B-9E6F-8CAEA64BF194}.Release-A-32|Win32.ActiveCfg = Release-A-32|Win32
		{BB1903E4-C75B-430B-9E6F-8CAEA64BF194}.Release-A-32|Win32.Build.0 = Release-A-32|Win32
		{BB1903E4-C75B-430B-9E6F-8CAEA64BF194}.Release-A-32|x64.ActiveCfg = Release-A-32|x64
		{BB1903E4-C75B-430B-9E6F-8CAEA64BF194}.Release-A-32|x64.Build.0 = Release-A-32|x64
		{BB1903E4-C75B-430B-9E6F-8CAEA64BF194}.Release-DbgMemLeaks-U-32|Win32.ActiveCfg = Release-DbgMemLeaks-U-32|Win32
		{BB1903E4-C75B-430B-9E6F-8CAEA64BF194}.Release-DbgMemLeaks-U-32|Win32.Build.0 = Release-DbgMemLeaks-U-32|Win32
		{BB1903E4-C75B-430B-9E6F-8CAEA64BF194}.Release-DbgMemLeaks-U-32|x64.ActiveCfg = Release-DbgMemLeaks-U-32|x64
		{BB1903E4-C75B-430B-9E6F-8CAEA64BF194}.Release-DbgMemLeaks-U-32|x64.Build.0 = Release-DbgMemLeaks-U-32|x64
		{BB1903E4-C75B-430B-9E6F-8CAEA64BF194}.Release-Logging-U-32|Win32.ActiveCfg = Release-Logging-U-32|Win32
		{BB1903E4-C75B-430B-9E6F-8CAEA64BF194}.Release-Logging-U-32|Win32.Build.0 = Release-Logging-U-32|Win32
		{BB1903E4-C75B-430B-9E6F-8CAEA64BF194}.Release-Logging-U-32|x64.ActiveCfg = Release-Logging-U-32|x64
		{BB1903E4-C75B-430B-9E6F-8CAEA64BF194}.Release-Logging-U-32|x64.Build.0 = Release-Logging-U-32|x64
		{BB1903E4-C75B-430B-9E6F-8CAEA64BF194}.Release-Logging-U-32|x64.Deploy.0 = Release-Logging-U-32|x64
		{BB1903E4-C75B-430B-9E6F-8CAEA64BF194}.Release-Logging-U-64|Win32.ActiveCfg = Release-Logging-U-64|Win32
		{BB1903E4-C75B-430B-9E6F-8CAEA64BF194}.Release-Logging-U-64|Win32.Build.0 = Release-Logging-U-64|Win32
		{BB1903E4-C75B-430B-9E6F-8CAEA64BF194}.Release-Logging-U-64|x64.ActiveCfg = Release-Logging-U-64|x64
		{BB1903E4-C75B-430B-9E6F-8CAEA64BF194}.Release-Logging-U-64|x64.Build.0 = Release-Logging-U-64|x64
		{BB1903E4-C75B-430B-9E6F-8CAEA64BF194}.Release-U-32|Win32.ActiveCfg = Release-U-32|Win32
		{BB1903E4-C75B-430B-9E6F-8CAEA64BF194}.Release-U-32|Win32.Build.0 = Release-U-32|Win32
		{BB1903E4-C75B-430B-9E6F-8CAEA64BF194}.Release-U-32|x64.ActiveCfg = Release-U-64|x64
		{BB1903E4-C75B-430B-9E6F-8CAEA64BF194}.Release-U-32|x64.Build.0 = Release-U-64|x64
		{BB1903E4-C75B-430B-9E6F-8CAEA64BF194}.Release-U-64|Win32.ActiveCfg = Release-U-64|x64
		{BB1903E4-C75B-430B-9E6F-8CAEA64BF194}.Release-U-64|x64.ActiveCfg = Release-U-64|x64
		{BB1903E4-C75B-430B-9E6F-8CAEA64BF194}.Release-U-64|x64.Build.0 = Release-U-64|x64
		{9454F6D7-68B9-4C91-92D1-99958EC9EA42}.Debug-A-32|Win32.ActiveCfg = Debug-A-32|Win32
		{9454F6D7-68B9-4C91-92D1-99958EC9EA42}.Debug-A-32|Win32.Build.0 = Debug-A-32|Win32
		{9454F6D7-68B9-4C91-92D1-99958EC9EA42}.Debug-A-32|x64.ActiveCfg = Debug-A-32|x64
		{9454F6D7-68B9-4C91-92D1-99958EC9EA42}.Debug-A-32|x64.Build.0 = Debug-A-32|x64
		{9454F6D7-68B9-4C91-92D1-99958EC9EA42}.Debug-U-32|Win32.ActiveCfg = Debug-U-32|Win32
		{9454F6D7-68B9-4C91-92D1-99958EC9EA42}.Debug-U-32|Win32.Build.0 = Debug-U-32|Win32
		{9454F6D7-68B9-4C91-92D1-99958EC9EA42}.Debug-U-32|x64.ActiveCfg = Release-U-64|x64
		{9454F6D7-68B9-4C91-92D1-99958EC9EA42}.Debug-U-64|Win32.ActiveCfg = Release-U-64|x64
		{9454F6D7-68B9-4C91-92D1-99958EC9EA42}.Debug-U-64|Win32.Build.0 = Release-U-64|x64
		{9454F6D7-68B9-4C91-92D1-99958EC9EA42}.Debug-U-64|x64.ActiveCfg = Debug-U-64|x64
		{9454F6D7-68B9-4C91-92D1-99958EC9EA42}.Debug-U-64|x64.Build.0 = Debug-U-64|x64
		{9454F6D7-68B9-4C91-92D1-99958EC9EA42}.Release-A-32|Win32.ActiveCfg = Release-A-32|Win32
		{9454F6D7-68B9-4C91-92D1-99958EC9EA42}.Release-A-32|Win32.Build.0 = Release-A-32|Win32
		{9454F6D7-68B9-4C91-92D1-99958EC9EA42}.Release-A-32|x64.ActiveCfg = Release-A-32|x64
		{9454F6D7-68B9-4C91-92D1-99958EC9EA42}.Release-A-32|x64.Build.0 = Release-A-32|x64
		{9454F6D7-68B9-4C91-92D1-99958EC9EA42}.Release-DbgMemLeaks-U-32|Win32.ActiveCfg = Release-DbgMemLeaks-U-32|Win32
		{9454F6D7-68B9-4C91-92D1-99958EC9EA42}.Release-DbgMemLeaks-U-32|Win32.Build.0 = Release-DbgMemLeaks-U-32|Win32
		{9454F6D7-68B9-4C91-92D1-99958EC9EA42}.Release-DbgMemLeaks-U-32|x64.ActiveCfg = Release-DbgMemLeaks-U-32|x64
		{9454F6D7-68B9-4C91-92D1-99958EC9EA42}.Release-DbgMemLeaks-U-32|x64.Build.0 = Release-DbgMemLeaks-U-32|x64
		{9454F6D7-68B9-4C91-92D1-99958EC9EA42}.Release-Logging-U-32|Win32.ActiveCfg = Release-Logging-U-32|Win32
		{9454F6D7-68B9-4C91-92D1-99958EC9EA42}.Release-Logging-U-32|Win32.Build.0 = Release-Logging-U-32|Win32
		{9454F6D7-68B9-4C91-92D1-99958EC9EA42}.Release-Logging-U-32|x64.ActiveCfg = Release-Logging-U-32|x64
		{9454F6D7-68B9-4C91-92D1-99958EC9EA42}.Release-Logging-U-32|x64.Build.0 = Release-Logging-U-32|x64
		{9454F6D7-68B9-4C91-92D1-99958EC9EA42}.Release-Logging-U-32|x64.Deploy.0 = Release-Logging-U-32|x64
		{9454F6D7-68B9-4C91-92D1-99958EC9EA42}.Release-Logging-U-64|Win32.ActiveCfg = Release-Logging-U-64|Win32
		{9454F6D7-68B9-4C91-92D1-99958EC9EA42}.Release-Logging-U-64|Win32.Build.0 = Release-Logging-U-64|Win32
		{9454F6D7-68B9-4C91-92D1-99958EC9EA42}.Release-Logging-U-64|x64.ActiveCfg = Release-Logging-U-64|x64
		{9454F6D7-68B9-4C91-92D1-99958EC9EA42}.Release-Logging-U-64|x64.Build.0 = Release-Logging-U-64|x64
		{9454F6D7-68B9-4C91-92D1-99958EC9EA42}.Release-U-32|Win32.ActiveCfg = Release-U-32|Win32
		{9454F6D7-68B9-4C91-92D1-99958EC9EA42}.Release-U-32|Win32.Build.0 = Release-U-32|Win32
		{9454F6D7-68B9-4C91-92D1-99958EC9EA42}.Release-U-32|x64.ActiveCfg = Release-U-64|x64
		{9454F6D7-68B9-4C91-92D1-99958EC9EA42}.Release-U-32|x64.Build.0 = Release-U-64|x64
		{9454F6D7-68B9-4C91-92D1-99958EC9EA42}.Release-U-64|Win32.ActiveCfg = Release-U-64|x64
		{9454F6D7-68B9-4C91-92D1-99958EC9EA42}.Release-U-64|x64.ActiveCfg = Release-U-64|x64
		{9454F6D7-68B9-4C91-92D1-99958EC9EA42}.Release-U-64|x64.Build.0 = Release-U-64|x64
		{3ADD4C32-1D77-47A2-9F23-83908A2446F6}.Debug-A-32|Win32.ActiveCfg = Debug-A-32|Win32
		{3ADD4C32-1D77-47A2-9F23-83908A2446F6}.Debug-A-32|Win32.Build.0 = Debug-A-32|Win32
		{3ADD4C32-1D77-47A2-9F23-83908A2446F6}.Debug-A-32|x64.ActiveCfg = Debug-A-32|x64
		{3ADD4C32-1D77-47A2-9F23-83908A2446F6}.Debug-A-32|x64.Build.0 = Debug-A-32|x64
		{3ADD4C32-1D77-47A2-9F23-83908A2446F6}.Debug-U-32|Win32.ActiveCfg = Debug-U-32|Win32
		{3ADD4C32-1D77-47A2-9F23-83908A2446F6}.Debug-U-32|Win32.Build.0 = Debug-U-32|Win32
		{3ADD4C32-1D77-47A2-9F23-83908A2446F6}.Debug-U-32|x64.ActiveCfg = Release-U-64|x64
		{3ADD4C32-1D77-47A2-9F23-83908A2446F6}.Debug-U-64|Win32.ActiveCfg = Release-U-64|x64
		{3ADD4C32-1D77-47A2-9F23-83908A2446F6}.Debug-U-64|Win32.Build.0 = Release-U-64|x64
		{3ADD4C32-1D77-47A2-9F23-83908A2446F6}.Debug-U-64|x64.ActiveCfg = Debug-U-64|x64
		{3ADD4C32-1D77-47A2-9F23-83908A2446F6}.Debug-U-64|x64.Build.0 = Debug-U-64|x64
		{3ADD4C32-1D77-47A2-9F23-83908A2446F6}.Release-A-32|Win32.ActiveCfg = Release-A-32|Win32
		{3ADD4C32-1D77-47A2-9F23-83908A2446F6}.Release-A-32|Win32.Build.0 = Release-A-32|Win32
		{3ADD4C32-1D77-47A2-9F23-83908A2446F6}.Release-A-32|x64.ActiveCfg = Release-A-32|x64
		{3ADD4C32-1D77-47A2-9F23-83908A2446F6}.Release-A-32|x64.Build.0 = Release-A-32|x64
		{3ADD4C32-1D77-47A2-9F23-83908A2446F6}.Release-DbgMemLeaks-U-32|Win32.ActiveCfg = Release-DbgMemLeaks-U-32|Win32
		{3ADD4C32-1D77-47A2-9F23-83908A2446F6}.Release-DbgMemLeaks-U-32|Win32.Build.0 = Release-DbgMemLeaks-U-32|Win32
		{3ADD4C32-1D77-47A2-9F23-83908A2446F6}.Release-DbgMemLeaks-U-32|x64.ActiveCfg = Release-DbgMemLeaks-U-32|x64
		{3ADD4C32-1D77-47A2-9F23-83908A2446F6}.Release-DbgMemLeaks-U-32|x64.Build.0 = Release-DbgMemLeaks-U-32|x64
		{3ADD4C32-1D77-47A2-9F23-83908A2446F6}.Release-Logging-U-32|Win32.ActiveCfg = Release-Logging-U-32|Win32
		{3ADD4C32-1D77-47A2-9F23-83908A2446F6}.Release-Logging-U-32|Win32.Build.0 = Release-Logging-U-32|Win32
		{3ADD4C32-1D77-47A2-9F23-83908A2446F6}.Release-Logging-U-32|x64.ActiveCfg = Release-Logging-U-32|x64
		{3ADD4C32-1D77-47A2-9F23-83908A2446F6}.Release-Logging-U-32|x64.Build.0 = Release-Logging-U-32|x64
		{3ADD4C32-1D77-47A2-9F23-83908A2446F6}.Release-Logging-U-32|x64.Deploy.0 = Release-Logging-U-32|x64
		{3ADD4C32-1D77-47A2-9F23-83908A2446F6}.Release-Logging-U-64|Win32.ActiveCfg = Release-Logging-U-64|Win32
		{3ADD4C32-1D77-47A2-9F23-83908A2446F6}.Release-Logging-U-64|Win32.Build.0 = Release-Logging-U-64|Win32
		{3ADD4C32-1D77-47A2-9F23-83908A2446F6}.Release-Logging-U-64|x64.ActiveCfg = Release-Logging-U-64|x64
		{3ADD4C32-1D77-47A2-9F23-83908A2446F6}.Release-Logging-U-64|x64.Build.0 = Release-Logging-U-64|x64
		{3ADD4C32-1D77-47A2-9F23-83908A2446F6}.Release-U-32|Win32.ActiveCfg = Release-U-32|Win32
		{3ADD4C32-1D77-47A2-9F23-83908A2446F6}.Release-U-32|Win32.Build.0 = Release-U-32|Win32
		{3ADD4C32-1D77-47A2-9F23-83908A2446F6}.Release-U-32|x64.ActiveCfg = Release-U-64|x64
		{3ADD4C32-1D77-47A2-9F23-83908A2446F6}.Release-U-32|x64.Build.0 = Release-U-64|x64
		{3ADD4C32-1D77-47A2-9F23-83908A2446F6}.Release-U-64|Win32.ActiveCfg = Release-U-64|x64
		{3ADD4C32-1D77-47A2-9F23-83908A2446F6}.Release-U-64|x64.ActiveCfg = Release-U-64|x64
		{3ADD4C32-1D77-47A2-9F23-83908A2446F6}.Release-U-64|x64.Build.0 = Release-U-64|x64
		{A6C00B9D-8B7F-4C43-A043-1127387E712D}.Debug-A-32|Win32.ActiveCfg = Debug-A-32|Win32
		{A6C00B9D-8B7F-4C43-A043-1127387E712D}.Debug-A-32|Win32.Build.0 = Debug-A-32|Win32
		{A6C00B9D-8B7F-4C43-A043-1127387E712D}.Debug-A-32|x64.ActiveCfg = Debug-A-32|x64
		{A6C00B9D-8B7F-4C43-A043-1127387E712D}.Debug-A-32|x64.Build.0 = Debug-A-32|x64
		{A6C00B9D-8B7F-4C43-A043-1127387E712D}.Debug-U-32|Win32.ActiveCfg = Debug-U-32|Win32
		{A6C00B9D-8B7F-4C43-A043-1127387E712D}.Debug-U-32|Win32.Build.0 = Debug-U-32|Win32
		{A6C00B9D-8B7F-4C43-A043-1127387E712D}.Debug-U-32|x64.ActiveCfg = Release-U-64|x64
		{A6C00B9D-8B7F-4C43-A043-1127387E712D}.Debug-U-64|Win32.ActiveCfg = Release-U-64|x64
		{A6C00B9D-8B7F-4C43-A043-1127387E712D}.Debug-U-64|Win32.Build.0 = Release-U-64|x64
		{A6C00B9D-8B7F-4C43-A043-1127387E712D}.Debug-U-64|x64.ActiveCfg = Debug-U-64|x64
		{A6C00B9D-8B7F-4C43-A043-1127387E712D}.Debug-U-64|x64.Build.0 = Debug-U-64|x64
		{A6C00B9D-8B7F-4C43-A043-1127387E712D}.Release-A-32|Win32.ActiveCfg = Release-A-32|Win32
		{A6C00B9D-8B7F-4C43-A043-1127387E712D}.Release-A-32|Win32.Build.0 = Release-A-32|Win32
		{A6C00B9D-8B7F-4C43-A043-1127387E712D}.Release-A-32|x64.ActiveCfg = Release-A-32|x64
		{A6C00B9D-8B7F-4C43-A043-1127387E712D}.Release-A-32|x64.Build.0 = Release-A-32|x64
		{A6C00B9D-8B7F-4C43-A043-1127387E712D}.Release-DbgMemLeaks-U-32|Win32.ActiveCfg = Release-DbgMemLeaks-U-32|Win32
		{A6C00B9D-8B7F-4C43-A043-1127387E712D}.Release-DbgMemLeaks-U-32|Win32.Build.0 = Release-DbgMemLeaks-U-32|Win32
		{A6C00B9D-8B7F-4C43-A043-1127387E712D}.Release-DbgMemLeaks-U-32|x64.ActiveCfg = Release-DbgMemLeaks-U-32|x64
		{A6C00B9D-8B7F-4C43-A043-1127387E712D}.Release-DbgMemLeaks-U-32|x64.Build.0 = Release-DbgMemLeaks-U-32|x64
		{A6C00B9D-8B7F-4C43-A043-1127387E712D}.Release-Logging-U-32|Win32.ActiveCfg = Release-Logging-U-32|Win32
		{A6C00B9D-8B7F-4C43-A043-1127387E712D}.Release-Logging-U-32|Win32.Build.0 = Release-Logging-U-32|Win32
		{A6C00B9D-8B7F-4C43-A043-1127387E712D}.Release-Logging-U-32|x64.ActiveCfg = Release-Logging-U-32|x64
		{A6C00B9D-8B7F-4C43-A043-1127387E712D}.Release-Logging-U-32|x64.Build.0 = Release-Logging-U-32|x64
		{A6C00B9D-8B7F-4C43-A043-1127387E712D}.Release-Logging-U-32|x64.Deploy.0 = Release-Logging-U-32|x64
		{A6C00B9D-8B7F-4C43-A043-1127387E712D}.Release-Logging-U-64|Win32.ActiveCfg = Release-Logging-U-64|Win32
		{A6C00B9D-8B7F-4C43-A043-1127387E712D}.Release-Logging-U-64|Win32.Build.0 = Release-Logging-U-64|Win32
		{A6C00B9D-8B7F-4C43-A043-1127387E712D}.Release-Logging-U-64|x64.ActiveCfg = Release-Logging-U-64|x64
		{A6C00B9D-8B7F-4C43-A043-1127387E712D}.Release-Logging-U-64|x64.Build.0 = Release-Logging-U-64|x64
		{A6C00B9D-8B7F-4C43-A043-1127387E712D}.Release-U-32|Win32.ActiveCfg = Release-U-32|Win32
		{A6C00B9D-8B7F-4C43-A043-1127387E712D}.Release-U-32|Win32.Build.0 = Release-U-32|Win32
		{A6C00B9D-8B7F-4C43-A043-1127387E712D}.Release-U-32|x64.ActiveCfg = Release-U-64|x64
		{A6C00B9D-8B7F-4C43-A043-1127387E712D}.Release-U-32|x64.Build.0 = Release-U-64|x64
		{A6C00B9D-8B7F-4C43-A043-1127387E712D}.Release-U-64|Win32.ActiveCfg = Release-U-64|x64
		{A6C00B9D-8B7F-4C43-A043-1127387E712D}.Release-U-64|x64.ActiveCfg = Release-U-64|x64
		{A6C00B9D-8B7F-4C43-A043-1127387E712D}.Release-U-64|x64.Build.0 = Release-U-64|x64
		{CB990386-9FDE-4FBA-9B1F-8A373322E978}.Debug-A-32|Win32.ActiveCfg = Debug-U-32|Win32
		{CB990386-9FDE-4FBA-9B1F-8A373322E978}.Debug-A-32|Win32.Build.0 = Debug-U-32|Win32
		{CB990386-9FDE-4FBA-9B1F-8A373322E978}.Debug-A-32|x64.ActiveCfg = Release-U-32|Win32
		{CB990386-9FDE-4FBA-9B1F-8A373322E978}.Debug-A-32|x64.Build.0 = Release-U-32|Win32
		{CB990386-9FDE-4FBA-9B1F-8A373322E978}.Debug-U-32|Win32.ActiveCfg = Debug-U-32|Win32
		{CB990386-9FDE-4FBA-9B1F-8A373322E978}.Debug-U-32|Win32.Build.0 = Debug-U-32|Win32
		{CB990386-9FDE-4FBA-9B1F-8A373322E978}.Debug-U-32|x64.ActiveCfg = Release-U-32|Win32
		{CB990386-9FDE-4FBA-9B1F-8A373322E978}.Debug-U-64|Win32.ActiveCfg = Release-U-32|Win32
		{CB990386-9FDE-4FBA-9B1F-8A373322E978}.Debug-U-64|Win32.Build.0 = Debug-U-32|Win32
		{CB990386-9FDE-4FBA-9B1F-8A373322E978}.Debug-U-64|x64.ActiveCfg = Release-U-32|Win32
		{CB990386-9FDE-4FBA-9B1F-8A373322E978}.Release-A-32|Win32.ActiveCfg = Release-U-32|Win32
		{CB990386-9FDE-4FBA-9B1F-8A373322E978}.Release-A-32|Win32.Build.0 = Release-U-32|Win32
		{CB990386-9FDE-4FBA-9B1F-8A373322E978}.Release-A-32|x64.ActiveCfg = Release-U-32|Win32
		{CB990386-9FDE-4FBA-9B1F-8A373322E978}.Release-A-32|x64.Build.0 = Release-U-32|Win32
		{CB990386-9FDE-4FBA-9B1F-8A373322E978}.Release-DbgMemLeaks-U-32|Win32.ActiveCfg = Release-U-32|Win32
		{CB990386-9FDE-4FBA-9B1F-8A373322E978}.Release-DbgMemLeaks-U-32|x64.ActiveCfg = Release-U-32|Win32
		{CB990386-9FDE-4FBA-9B1F-8A373322E978}.Release-DbgMemLeaks-U-32|x64.Build.0 = Release-U-32|Win32
		{CB990386-9FDE-4FBA-9B1F-8A373322E978}.Release-Logging-U-32|Win32.ActiveCfg = Release-U-32|Win32
		{CB990386-9FDE-4FBA-9B1F-8A373322E978}.Release-Logging-U-32|x64.ActiveCfg = Release-U-32|Win32
		{CB990386-9FDE-4FBA-9B1F-8A373322E978}.Release-Logging-U-32|x64.Build.0 = Release-U-32|Win32
		{CB990386-9FDE-4FBA-9B1F-8A373322E978}.Release-Logging-U-32|x64.Deploy.0 = Release-U-32|Win32
		{CB990386-9FDE-4FBA-9B1F-8A373322E978}.Release-Logging-U-64|Win32.ActiveCfg = Release-U-32|Win32
		{CB990386-9FDE-4FBA-9B1F-8A373322E978}.Release-Logging-U-64|Win32.Build.0 = Release-U-32|Win32
		{CB990386-9FDE-4FBA-9B1F-8A373322E978}.Release-Logging-U-64|x64.ActiveCfg = Release-U-32|Win32
		{CB990386-9FDE-4FBA-9B1F-8A373322E978}.Release-U-32|Win32.ActiveCfg = Release-U-32|Win32
		{CB990386-9FDE-4FBA-9B1F-8A373322E978}.Release-U-32|Win32.Build.0 = Release-U-32|Win32
		{CB990386-9FDE-4FBA-9B1F-8A373322E978}.Release-U-32|x64.ActiveCfg = Release-U-32|Win32
		{CB990386-9FDE-4FBA-9B1F-8A373322E978}.Release-U-64|Win32.ActiveCfg = Release-U-32|Win32
		{CB990386-9FDE-4FBA-9B1F-8A373322E978}.Release-U-64|x64.ActiveCfg = Release-U-32|Win32
		{5BD6F3C4-C037-43F4-9849-5751D35B8A76}.Debug-A-32|Win32.ActiveCfg = Debug-A-32|Win32
		{5BD6F3C4-C037-43F4-9849-5751D35B8A76}.Debug-A-32|Win32.Build.0 = Debug-A-32|Win32
		{5BD6F3C4-C037-43F4-9849-5751D35B8A76}.Debug-A-32|x64.ActiveCfg = Debug-A-32|x64
		{5BD6F3C4-C037-43F4-9849-5751D35B8A76}.Debug-A-32|x64.Build.0 = Debug-A-32|x64
		{5BD6F3C4-C037-43F4-9849-5751D35B8A76}.Debug-U-32|Win32.ActiveCfg = Debug-U-32|Win32
		{5BD6F3C4-C037-43F4-9849-5751D35B8A76}.Debug-U-32|Win32.Build.0 = Debug-U-32|Win32
		{5BD6F3C4-C037-43F4-9849-5751D35B8A76}.Debug-U-32|x64.ActiveCfg = Release-U-64|x64
		{5BD6F3C4-C037-43F4-9849-5751D35B8A76}.Debug-U-64|Win32.ActiveCfg = Release-U-64|x64
		{5BD6F3C4-C037-43F4-9849-5751D35B8A76}.Debug-U-64|Win32.Build.0 = Release-U-64|x64
		{5BD6F3C4-C037-43F4-9849-5751D35B8A76}.Debug-U-64|x64.ActiveCfg = Debug-U-64|x64
		{5BD6F3C4-C037-43F4-9849-5751D35B8A76}.Debug-U-64|x64.Build.0 = Debug-U-64|x64
		{5BD6F3C4-C037-43F4-9849-5751D35B8A76}.Release-A-32|Win32.ActiveCfg = Release-A-32|Win32
		{5BD6F3C4-C037-43F4-9849-5751D35B8A76}.Release-A-32|Win32.Build.0 = Release-A-32|Win32
		{5BD6F3C4-C037-43F4-9849-5751D35B8A76}.Release-A-32|x64.ActiveCfg = Release-A-32|x64
		{5BD6F3C4-C037-43F4-9849-5751D35B8A76}.Release-A-32|x64.Build.0 = Release-A-32|x64
		{5BD6F3C4-C037-43F4-9849-5751D35B8A76}.Release-DbgMemLeaks-U-32|Win32.ActiveCfg = Release-U-64|Win32
		{5BD6F3C4-C037-43F4-9849-5751D35B8A76}.Release-DbgMemLeaks-U-32|Win32.Build.0 = Release-U-64|Win32
		{5BD6F3C4-C037-43F4-9849-5751D35B8A76}.Release-DbgMemLeaks-U-32|x64.ActiveCfg = Release-U-32|x64
		{5BD6F3C4-C037-43F4-9849-5751D35B8A76}.Release-DbgMemLeaks-U-32|x64.Build.0 = Release-U-32|x64
		{5BD6F3C4-C037-43F4-9849-5751D35B8A76}.Release-Logging-U-32|Win32.ActiveCfg = Release-Logging-U-64|Win32
		{5BD6F3C4-C037-43F4-9849-5751D35B8A76}.Release-Logging-U-32|Win32.Build.0 = Release-Logging-U-64|Win32
		{5BD6F3C4-C037-43F4-9849-5751D35B8A76}.Release-Logging-U-32|x64.ActiveCfg = Release-Logging-U-64|x64
		{5BD6F3C4-C037-43F4-9849-5751D35B8A76}.Release-Logging-U-32|x64.Build.0 = Release-Logging-U-64|x64
		{5BD6F3C4-C037-43F4-9849-5751D35B8A76}.Release-Logging-U-32|x64.Deploy.0 = Release-Logging-U-64|x64
		{5BD6F3C4-C037-43F4-9849-5751D35B8A76}.Release-Logging-U-64|Win32.ActiveCfg = Release-Logging-U-64|Win32
		{5BD6F3C4-C037-43F4-9849-5751D35B8A76}.Release-Logging-U-64|Win32.Build.0 = Release-Logging-U-64|Win32
		{5BD6F3C4-C037-43F4-9849-5751D35B8A76}.Release-Logging-U-64|x64.ActiveCfg = Release-Logging-U-64|x64
		{5BD6F3C4-C037-43F4-9849-5751D35B8A76}.Release-Logging-U-64|x64.Build.0 = Release-Logging-U-64|x64
		{5BD6F3C4-C037-43F4-9849-5751D35B8A76}.Release-U-32|Win32.ActiveCfg = Release-U-32|Win32
		{5BD6F3C4-C037-43F4-9849-5751D35B8A76}.Release-U-32|Win32.Build.0 = Release-U-32|Win32
		{5BD6F3C4-C037-43F4-9849-5751D35B8A76}.Release-U-32|x64.ActiveCfg = Release-U-64|x64
		{5BD6F3C4-C037-43F4-9849-5751D35B8A76}.Release-U-32|x64.Build.0 = Release-U-64|x64
		{5BD6F3C4-C037-43F4-9849-5751D35B8A76}.Release-U-64|Win32.ActiveCfg = Release-U-64|x64
		{5BD6F3C4-C037-43F4-9849-5751D35B8A76}.Release-U-64|x64.ActiveCfg = Release-U-64|x64
		{5BD6F3C4-C037-43F4-9849-5751D35B8A76}.Release-U-64|x64.Build.0 = Release-U-64|x64
		{474730FA-6DA6-4660-9D53-7AA36FBB0373}.Debug-A-32|Win32.ActiveCfg = Debug-A-32|Win32
		{474730FA-6DA6-4660-9D53-7AA36FBB0373}.Debug-A-32|Win32.Build.0 = Debug-A-32|Win32
		{474730FA-6DA6-4660-9D53-7AA36FBB0373}.Debug-A-32|x64.ActiveCfg = Debug-A-32|x64
		{474730FA-6DA6-4660-9D53-7AA36FBB0373}.Debug-A-32|x64.Build.0 = Debug-A-32|x64
		{474730FA-6DA6-4660-9D53-7AA36FBB0373}.Debug-U-32|Win32.ActiveCfg = Debug-U-32|Win32
		{474730FA-6DA6-4660-9D53-7AA36FBB0373}.Debug-U-32|Win32.Build.0 = Debug-U-32|Win32
		{474730FA-6DA6-4660-9D53-7AA36FBB0373}.Debug-U-32|x64.ActiveCfg = Release-U-64|x64
		{474730FA-6DA6-4660-9D53-7AA36FBB0373}.Debug-U-64|Win32.ActiveCfg = Release-U-64|x64
		{474730FA-6DA6-4660-9D53-7AA36FBB0373}.Debug-U-64|Win32.Build.0 = Release-U-64|x64
		{474730FA-6DA6-4660-9D53-7AA36FBB0373}.Debug-U-64|x64.ActiveCfg = Debug-U-64|x64
		{474730FA-6DA6-4660-9D53-7AA36FBB0373}.Debug-U-64|x64.Build.0 = Debug-U-64|x64
		{474730FA-6DA6-4660-9D53-7AA36FBB0373}.Release-A-32|Win32.ActiveCfg = Release-A-32|Win32
		{474730FA-6DA6-4660-9D53-7AA36FBB0373}.Release-A-32|Win32.Build.0 = Release-A-32|Win32
		{474730FA-6DA6-4660-9D53-7AA36FBB0373}.Release-A-32|x64.ActiveCfg = Release-A-32|x64
		{474730FA-6DA6-4660-9D53-7AA36FBB0373}.Release-A-32|x64.Build.0 = Release-A-32|x64
		{474730FA-6DA6-4660-9D53-7AA36FBB0373}.Release-DbgMemLeaks-U-32|Win32.ActiveCfg = Release-U-32|Win32
		{474730FA-6DA6-4660-9D53-7AA36FBB0373}.Release-DbgMemLeaks-U-32|x64.ActiveCfg = Release-U-32|x64
		{474730FA-6DA6-4660-9D53-7AA36FBB0373}.Release-DbgMemLeaks-U-32|x64.Build.0 = Release-U-32|x64
		{474730FA-6DA6-4660-9D53-7AA36FBB0373}.Release-Logging-U-32|Win32.ActiveCfg = Release-U-32|Win32
		{474730FA-6DA6-4660-9D53-7AA36FBB0373}.Release-Logging-U-32|x64.ActiveCfg = Release-U-32|x64
		{474730FA-6DA6-4660-9D53-7AA36FBB0373}.Release-Logging-U-32|x64.Build.0 = Release-U-32|x64
		{474730FA-6DA6-4660-9D53-7AA36FBB0373}.Release-Logging-U-32|x64.Deploy.0 = Release-U-32|x64
		{474730FA-6DA6-4660-9D53-7AA36FBB0373}.Release-Logging-U-64|Win32.ActiveCfg = Release-U-32|Win32
		{474730FA-6DA6-4660-9D53-7AA36FBB0373}.Release-Logging-U-64|Win32.Build.0 = Release-U-32|Win32
		{474730FA-6DA6-4660-9D53-7AA36FBB0373}.Release-Logging-U-64|x64.ActiveCfg = Release-U-64|x64
		{474730FA-6DA6-4660-9D53-7AA36FBB0373}.Release-Logging-U-64|x64.Build.0 = Release-U-64|x64
		{474730FA-6DA6-4660-9D53-7AA36FBB0373}.Release-U-32|Win32.ActiveCfg = Release-U-32|Win32
		{474730FA-6DA6-4660-9D53-7AA36FBB0373}.Release-U-32|Win32.Build.0 = Release-U-32|Win32
		{474730FA-6DA6-4660-9D53-7AA36FBB0373}.Release-U-32|x64.ActiveCfg = Release-U-64|x64
		{474730FA-6DA6-4660-9D53-7AA36FBB0373}.Release-U-32|x64.Build.0 = Release-U-64|x64
		{474730FA-6DA6-4660-9D53-7AA36FBB0373}.Release-U-64|Win32.ActiveCfg = Release-U-64|x64
		{474730FA-6DA6-4660-9D53-7AA36FBB0373}.Release-U-64|x64.ActiveCfg = Release-U-64|x64
		{474730FA-6DA6-4660-9D53-7AA36FBB0373}.Release-U-64|x64.Build.0 = Release-U-64|x64
		{50EDA128-F1DF-4CDA-AFDF-F50E1A8BA421}.Debug-A-32|Win32.ActiveCfg = Debug-A-32|Win32
		{50EDA128-F1DF-4CDA-AFDF-F50E1A8BA421}.Debug-A-32|Win32.Build.0 = Debug-A-32|Win32
		{50EDA128-F1DF-4CDA-AFDF-F50E1A8BA421}.Debug-A-32|x64.ActiveCfg = Debug-A-32|x64
		{50EDA128-F1DF-4CDA-AFDF-F50E1A8BA421}.Debug-A-32|x64.Build.0 = Debug-A-32|x64
		{50EDA128-F1DF-4CDA-AFDF-F50E1A8BA421}.Debug-U-32|Win32.ActiveCfg = Debug-U-32|Win32
		{50EDA128-F1DF-4CDA-AFDF-F50E1A8BA421}.Debug-U-32|Win32.Build.0 = Debug-U-32|Win32
		{50EDA128-F1DF-4CDA-AFDF-F50E1A8BA421}.Debug-U-32|x64.ActiveCfg = Release-U-64|x64
		{50EDA128-F1DF-4CDA-AFDF-F50E1A8BA421}.Debug-U-64|Win32.ActiveCfg = Release-U-64|x64
		{50EDA128-F1DF-4CDA-AFDF-F50E1A8BA421}.Debug-U-64|Win32.Build.0 = Release-U-64|x64
		{50EDA128-F1DF-4CDA-AFDF-F50E1A8BA421}.Debug-U-64|x64.ActiveCfg = Debug-U-64|x64
		{50EDA128-F1DF-4CDA-AFDF-F50E1A8BA421}.Debug-U-64|x64.Build.0 = Debug-U-64|x64
		{50EDA128-F1DF-4CDA-AFDF-F50E1A8BA421}.Release-A-32|Win32.ActiveCfg = Release-A-32|Win32
		{50EDA128-F1DF-4CDA-AFDF-F50E1A8BA421}.Release-A-32|Win32.Build.0 = Release-A-32|Win32
		{50EDA128-F1DF-4CDA-AFDF-F50E1A8BA421}.Release-A-32|x64.ActiveCfg = Release-A-32|x64
		{50EDA128-F1DF-4CDA-AFDF-F50E1A8BA421}.Release-A-32|x64.Build.0 = Release-A-32|x64
		{50EDA128-F1DF-4CDA-AFDF-F50E1A8BA421}.Release-DbgMemLeaks-U-32|Win32.ActiveCfg = Release-U-32|Win32
		{50EDA128-F1DF-4CDA-AFDF-F50E1A8BA421}.Release-DbgMemLeaks-U-32|x64.ActiveCfg = Release-U-32|x64
		{50EDA128-F1DF-4CDA-AFDF-F50E1A8BA421}.Release-DbgMemLeaks-U-32|x64.Build.0 = Release-U-32|x64
		{50EDA128-F1DF-4CDA-AFDF-F50E1A8BA421}.Release-Logging-U-32|Win32.ActiveCfg = Release-U-32|Win32
		{50EDA128-F1DF-4CDA-AFDF-F50E1A8BA421}.Release-Logging-U-32|x64.ActiveCfg = Release-U-32|x64
		{50EDA128-F1DF-4CDA-AFDF-F50E1A8BA421}.Release-Logging-U-32|x64.Build.0 = Release-U-32|x64
		{50EDA128-F1DF-4CDA-AFDF-F50E1A8BA421}.Release-Logging-U-64|Win32.ActiveCfg = Release-U-32|Win32
		{50EDA128-F1DF-4CDA-AFDF-F50E1A8BA421}.Release-Logging-U-64|Win32.Build.0 = Release-U-32|Win32
		{50EDA128-F1DF-4CDA-AFDF-F50E1A8BA421}.Release-Logging-U-64|x64.ActiveCfg = Release-U-64|x64
		{50EDA128-F1DF-4CDA-AFDF-F50E1A8BA421}.Release-Logging-U-64|x64.Build.0 = Release-U-64|x64
		{50EDA128-F1DF-4CDA-AFDF-F50E1A8BA421}.Release-U-32|Win32.ActiveCfg = Release-U-32|Win32
		{50EDA128-F1DF-4CDA-AFDF-F50E1A8BA421}.Release-U-32|Win32.Build.0 = Release-U-32|Win32
		{50EDA128-F1DF-4CDA-AFDF-F50E1A8BA421}.Release-U-32|x64.ActiveCfg = Release-U-64|x64
		{50EDA128-F1DF-4CDA-AFDF-F50E1A8BA421}.Release-U-32|x64.Build.0 = Release-U-64|x64
		{50EDA128-F1DF-4CDA-AFDF-F50E1A8BA421}.Release-U-64|Win32.ActiveCfg = Release-U-64|x64
		{50EDA128-F1DF-4CDA-AFDF-F50E1A8BA421}.Release-U-64|x64.ActiveCfg = Release-U-64|x64
		{50EDA128-F1DF-4CDA-AFDF-F50E1A8BA421}.Release-U-64|x64.Build.0 = Release-U-64|x64
		{46038101-1D06-45D5-B0ED-5AD62E15AADD}.Debug-A-32|Win32.ActiveCfg = Debug-A-32|Win32
		{46038101-1D06-45D5-B0ED-5AD62E15AADD}.Debug-A-32|Win32.Build.0 = Debug-A-32|Win32
		{46038101-1D06-45D5-B0ED-5AD62E15AADD}.Debug-A-32|x64.ActiveCfg = Debug-A-32|x64
		{46038101-1D06-45D5-B0ED-5AD62E15AADD}.Debug-A-32|x64.Build.0 = Debug-A-32|x64
		{46038101-1D06-45D5-B0ED-5AD62E15AADD}.Debug-U-32|Win32.ActiveCfg = Debug-U-32|Win32
		{46038101-1D06-45D5-B0ED-5AD62E15AADD}.Debug-U-32|x64.ActiveCfg = Release-U-64|x64
		{46038101-1D06-45D5-B0ED-5AD62E15AADD}.Debug-U-64|Win32.ActiveCfg = Release-U-64|x64
		{46038101-1D06-45D5-B0ED-5AD62E15AADD}.Debug-U-64|x64.ActiveCfg = Debug-U-64|x64
		{46038101-1D06-45D5-B0ED-5AD62E15AADD}.Release-A-32|Win32.ActiveCfg = Release-A-32|Win32
		{46038101-1D06-45D5-B0ED-5AD62E15AADD}.Release-A-32|Win32.Build.0 = Release-A-32|Win32
		{46038101-1D06-45D5-B0ED-5AD62E15AADD}.Release-A-32|x64.ActiveCfg = Release-A-32|x64
		{46038101-1D06-45D5-B0ED-5AD62E15AADD}.Release-A-32|x64.Build.0 = Release-A-32|x64
		{46038101-1D06-45D5-B0ED-5AD62E15AADD}.Release-DbgMemLeaks-U-32|Win32.ActiveCfg = Release-U-64|Win32
		{46038101-1D06-45D5-B0ED-5AD62E15AADD}.Release-DbgMemLeaks-U-32|x64.ActiveCfg = Release-U-32|x64
		{46038101-1D06-45D5-B0ED-5AD62E15AADD}.Release-DbgMemLeaks-U-32|x64.Build.0 = Release-U-32|x64
		{46038101-1D06-45D5-B0ED-5AD62E15AADD}.Release-Logging-U-32|Win32.ActiveCfg = Release-U-32|Win32
		{46038101-1D06-45D5-B0ED-5AD62E15AADD}.Release-Logging-U-32|x64.ActiveCfg = Release-U-32|x64
		{46038101-1D06-45D5-B0ED-5AD62E15AADD}.Release-Logging-U-32|x64.Build.0 = Release-U-32|x64
		{46038101-1D06-45D5-B0ED-5AD62E15AADD}.Release-Logging-U-32|x64.Deploy.0 = Release-U-32|x64
		{46038101-1D06-45D5-B0ED-5AD62E15AADD}.Release-Logging-U-64|Win32.ActiveCfg = Release-U-32|Win32
		{46038101-1D06-45D5-B0ED-5AD62E15AADD}.Release-Logging-U-64|Win32.Build.0 = Release-U-32|Win32
		{46038101-1D06-45D5-B0ED-5AD62E15AADD}.Release-Logging-U-64|x64.ActiveCfg = Release-U-32|x64
		{46038101-1D06-45D5-B0ED-5AD62E15AADD}.Release-U-32|Win32.ActiveCfg = Release-U-32|Win32
		{46038101-1D06-45D5-B0ED-5AD62E15AADD}.Release-U-32|x64.ActiveCfg = Release-U-64|x64
		{46038101-1D06-45D5-B0ED-5AD62E15AADD}.Release-U-64|Win32.ActiveCfg = Release-U-64|x64
		{46038101-1D06-45D5-B0ED-5AD62E15AADD}.Release-U-64|x64.ActiveCfg = Release-U-64|x64
		{8EA91AE8-5DE9-2A75-8211-18478ED91741}.Debug-A-32|Win32.ActiveCfg = Debug-U-32|Win32
		{8EA91AE8-5DE9-2A75-8211-18478ED91741}.Debug-A-32|Win32.Build.0 = Debug-U-32|Win32
		{8EA91AE8-5DE9-2A75-8211-18478ED91741}.Debug-A-32|x64.ActiveCfg = Release-U-32|Win32
		{8EA91AE8-5DE9-2A75-8211-18478ED91741}.Debug-A-32|x64.Build.0 = Release-U-32|Win32
		{8EA91AE8-5DE9-2A75-8211-18478ED91741}.Debug-U-32|Win32.ActiveCfg = Debug-U-32|Win32
		{8EA91AE8-5DE9-2A75-8211-18478ED91741}.Debug-U-32|Win32.Build.0 = Debug-U-32|Win32
		{8EA91AE8-5DE9-2A75-8211-18478ED91741}.Debug-U-32|x64.ActiveCfg = Release-U-32|Win32
		{8EA91AE8-5DE9-2A75-8211-18478ED91741}.Debug-U-64|Win32.ActiveCfg = Release-U-32|Win32
		{8EA91AE8-5DE9-2A75-8211-18478ED91741}.Debug-U-64|Win32.Build.0 = Debug-U-32|Win32
		{8EA91AE8-5DE9-2A75-8211-18478ED91741}.Debug-U-64|x64.ActiveCfg = Release-U-32|Win32
		{8EA91AE8-5DE9-2A75-8211-18478ED91741}.Release-A-32|Win32.ActiveCfg = Release-U-32|Win32
		{8EA91AE8-5DE9-2A75-8211-18478ED91741}.Release-A-32|Win32.Build.0 = Release-U-32|Win32
		{8EA91AE8-5DE9-2A75-8211-18478ED91741}.Release-A-32|x64.ActiveCfg = Release-U-32|Win32
		{8EA91AE8-5DE9-2A75-8211-18478ED91741}.Release-A-32|x64.Build.0 = Release-U-32|Win32
		{8EA91AE8-5DE9-2A75-8211-18478ED91741}.Release-DbgMemLeaks-U-32|Win32.ActiveCfg = Release-U-32|Win32
		{8EA91AE8-5DE9-2A75-8211-18478ED91741}.Release-DbgMemLeaks-U-32|x64.ActiveCfg = Release-U-32|Win32
		{8EA91AE8-5DE9-2A75-8211-18478ED91741}.Release-DbgMemLeaks-U-32|x64.Build.0 = Release-U-32|Win32
		{8EA91AE8-5DE9-2A75-8211-18478ED91741}.Release-Logging-U-32|Win32.ActiveCfg = Release-U-32|Win32
		{8EA91AE8-5DE9-2A75-8211-18478ED91741}.Release-Logging-U-32|x64.ActiveCfg = Release-U-32|Win32
		{8EA91AE8-5DE9-2A75-8211-18478ED91741}.Release-Logging-U-32|x64.Build.0 = Release-U-32|Win32
		{8EA91AE8-5DE9-2A75-8211-18478ED91741}.Release-Logging-U-32|x64.Deploy.0 = Release-U-32|Win32
		{8EA91AE8-5DE9-2A75-8211-18478ED91741}.Release-Logging-U-64|Win32.ActiveCfg = Release-U-32|Win32
		{8EA91AE8-5DE9-2A75-8211-18478ED91741}.Release-Logging-U-64|Win32.Build.0 = Release-U-32|Win32
		{8EA91AE8-5DE9-2A75-8211-18478ED91741}.Release-Logging-U-64|x64.ActiveCfg = Release-U-32|Win32
		{8EA91AE8-5DE9-2A75-8211-18478ED91741}.Release-U-32|Win32.ActiveCfg = Release-U-32|Win32
		{8EA91AE8-5DE9-2A75-8211-18478ED91741}.Release-U-32|Win32.Build.0 = Release-U-32|Win32
		{8EA91AE8-5DE9-2A75-8211-18478ED91741}.Release-U-32|x64.ActiveCfg = Release-U-32|Win32
		{8EA91AE8-5DE9-2A75-8211-18478ED91741}.Release-U-64|Win32.ActiveCfg = Release-U-32|Win32
		{8EA91AE8-5DE9-2A75-8211-18478ED91741}.Release-U-64|x64.ActiveCfg = Release-U-32|Win32
		{2E2192CA-3B55-45AD-A66A-3E43FAB9B42C}.Debug-A-32|Win32.ActiveCfg = Debug-A-32|Win32
		{2E2192CA-3B55-45AD-A66A-3E43FAB9B42C}.Debug-A-32|Win32.Build.0 = Debug-A-32|Win32
		{2E2192CA-3B55-45AD-A66A-3E43FAB9B42C}.Debug-A-32|x64.ActiveCfg = Debug-A-32|x64
		{2E2192CA-3B55-45AD-A66A-3E43FAB9B42C}.Debug-A-32|x64.Build.0 = Debug-A-32|x64
		{2E2192CA-3B55-45AD-A66A-3E43FAB9B42C}.Debug-U-32|Win32.ActiveCfg = Debug-U-32|Win32
		{2E2192CA-3B55-45AD-A66A-3E43FAB9B42C}.Debug-U-32|Win32.Build.0 = Debug-U-32|Win32
		{2E2192CA-3B55-45AD-A66A-3E43FAB9B42C}.Debug-U-32|x64.ActiveCfg = Release-U-64|x64
		{2E2192CA-3B55-45AD-A66A-3E43FAB9B42C}.Debug-U-64|Win32.ActiveCfg = Release-U-64|x64
		{2E2192CA-3B55-45AD-A66A-3E43FAB9B42C}.Debug-U-64|Win32.Build.0 = Release-U-64|x64
		{2E2192CA-3B55-45AD-A66A-3E43FAB9B42C}.Debug-U-64|x64.ActiveCfg = Debug-U-64|x64
		{2E2192CA-3B55-45AD-A66A-3E43FAB9B42C}.Debug-U-64|x64.Build.0 = Debug-U-64|x64
		{2E2192CA-3B55-45AD-A66A-3E43FAB9B42C}.Release-A-32|Win32.ActiveCfg = Release-A-32|Win32
		{2E2192CA-3B55-45AD-A66A-3E43FAB9B42C}.Release-A-32|Win32.Build.0 = Release-A-32|Win32
		{2E2192CA-3B55-45AD-A66A-3E43FAB9B42C}.Release-A-32|x64.ActiveCfg = Release-A-32|x64
		{2E2192CA-3B55-45AD-A66A-3E43FAB9B42C}.Release-A-32|x64.Build.0 = Release-A-32|x64
		{2E2192CA-3B55-45AD-A66A-3E43FAB9B42C}.Release-DbgMemLeaks-U-32|Win32.ActiveCfg = Release-U-32|Win32
		{2E2192CA-3B55-45AD-A66A-3E43FAB9B42C}.Release-DbgMemLeaks-U-32|x64.ActiveCfg = Release-U-32|x64
		{2E2192CA-3B55-45AD-A66A-3E43FAB9B42C}.Release-DbgMemLeaks-U-32|x64.Build.0 = Release-U-32|x64
		{2E2192CA-3B55-45AD-A66A-3E43FAB9B42C}.Release-Logging-U-32|Win32.ActiveCfg = Release-U-32|Win32
		{2E2192CA-3B55-45AD-A66A-3E43FAB9B42C}.Release-Logging-U-32|Win32.Build.0 = Release-U-32|Win32
		{2E2192CA-3B55-45AD-A66A-3E43FAB9B42C}.Release-Logging-U-32|Win32.Deploy.0 = Release-U-32|Win32
		{2E2192CA-3B55-45AD-A66A-3E43FAB9B42C}.Release-Logging-U-32|x64.ActiveCfg = Release-U-32|x64
		{2E2192CA-3B55-45AD-A66A-3E43FAB9B42C}.Release-Logging-U-32|x64.Build.0 = Release-U-32|x64
		{2E2192CA-3B55-45AD-A66A-3E43FAB9B42C}.Release-Logging-U-32|x64.Deploy.0 = Release-U-32|x64
		{2E2192CA-3B55-45AD-A66A-3E43FAB9B42C}.Release-Logging-U-64|Win32.ActiveCfg = Release-U-32|Win32
		{2E2192CA-3B55-45AD-A66A-3E43FAB9B42C}.Release-Logging-U-64|Win32.Build.0 = Release-U-32|Win32
		{2E2192CA-3B55-45AD-A66A-3E43FAB9B42C}.Release-Logging-U-64|x64.ActiveCfg = Release-U-64|x64
		{2E2192CA-3B55-45AD-A66A-3E43FAB9B42C}.Release-Logging-U-64|x64.Build.0 = Release-U-64|x64
		{2E2192CA-3B55-45AD-A66A-3E43FAB9B42C}.Release-U-32|Win32.ActiveCfg = Release-U-32|Win32
		{2E2192CA-3B55-45AD-A66A-3E43FAB9B42C}.Release-U-32|Win32.Build.0 = Release-U-32|Win32
		{2E2192CA-3B55-45AD-A66A-3E43FAB9B42C}.Release-U-32|x64.ActiveCfg = Release-U-64|x64
		{2E2192CA-3B55-45AD-A66A-3E43FAB9B42C}.Release-U-32|x64.Build.0 = Release-U-64|x64
		{2E2192CA-3B55-45AD-A66A-3E43FAB9B42C}.Release-U-64|Win32.ActiveCfg = Release-U-64|x64
		{2E2192CA-3B55-45AD-A66A-3E43FAB9B42C}.Release-U-64|x64.ActiveCfg = Release-U-64|x64
		{2E2192CA-3B55-45AD-A66A-3E43FAB9B42C}.Release-U-64|x64.Build.0 = Release-U-64|x64
		{524A1EE0-309A-415C-0445-AF403B339C4B}.Debug-A-32|Win32.ActiveCfg = Debug-U-32|Win32
		{524A1EE0-309A-415C-0445-AF403B339C4B}.Debug-A-32|Win32.Build.0 = Debug-U-32|Win32
		{524A1EE0-309A-415C-0445-AF403B339C4B}.Debug-A-32|x64.ActiveCfg = Release-U-32|Win32
		{524A1EE0-309A-415C-0445-AF403B339C4B}.Debug-A-32|x64.Build.0 = Release-U-32|Win32
		{524A1EE0-309A-415C-0445-AF403B339C4B}.Debug-U-32|Win32.ActiveCfg = Debug-U-32|Win32
		{524A1EE0-309A-415C-0445-AF403B339C4B}.Debug-U-32|Win32.Build.0 = Debug-U-32|Win32
		{524A1EE0-309A-415C-0445-AF403B339C4B}.Debug-U-32|x64.ActiveCfg = Release-U-32|Win32
		{524A1EE0-309A-415C-0445-AF403B339C4B}.Debug-U-64|Win32.ActiveCfg = Release-U-32|Win32
		{524A1EE0-309A-415C-0445-AF403B339C4B}.Debug-U-64|Win32.Build.0 = Debug-U-32|Win32
		{524A1EE0-309A-415C-0445-AF403B339C4B}.Debug-U-64|x64.ActiveCfg = Release-U-32|Win32
		{524A1EE0-309A-415C-0445-AF403B339C4B}.Release-A-32|Win32.ActiveCfg = Release-U-32|Win32
		{524A1EE0-309A-415C-0445-AF403B339C4B}.Release-A-32|Win32.Build.0 = Release-U-32|Win32
		{524A1EE0-309A-415C-0445-AF403B339C4B}.Release-A-32|x64.ActiveCfg = Release-U-32|Win32
		{524A1EE0-309A-415C-0445-AF403B339C4B}.Release-A-32|x64.Build.0 = Release-U-32|Win32
		{524A1EE0-309A-415C-0445-AF403B339C4B}.Release-DbgMemLeaks-U-32|Win32.ActiveCfg = Release-U-32|Win32
		{524A1EE0-309A-415C-0445-AF403B339C4B}.Release-DbgMemLeaks-U-32|x64.ActiveCfg = Release-U-32|Win32
		{524A1EE0-309A-415C-0445-AF403B339C4B}.Release-DbgMemLeaks-U-32|x64.Build.0 = Release-U-32|Win32
		{524A1EE0-309A-415C-0445-AF403B339C4B}.Release-Logging-U-32|Win32.ActiveCfg = Release-U-32|Win32
		{524A1EE0-309A-415C-0445-AF403B339C4B}.Release-Logging-U-32|x64.ActiveCfg = Release-U-32|Win32
		{524A1EE0-309A-415C-0445-AF403B339C4B}.Release-Logging-U-32|x64.Build.0 = Release-U-32|Win32
		{524A1EE0-309A-415C-0445-AF403B339C4B}.Release-Logging-U-32|x64.Deploy.0 = Release-U-32|Win32
		{524A1EE0-309A-415C-0445-AF403B339C4B}.Release-Logging-U-64|Win32.ActiveCfg = Release-U-32|Win32
		{524A1EE0-309A-415C-0445-AF403B339C4B}.Release-Logging-U-64|Win32.Build.0 = Release-U-32|Win32
		{524A1EE0-309A-415C-0445-AF403B339C4B}.Release-Logging-U-64|x64.ActiveCfg = Release-U-32|Win32
		{524A1EE0-309A-415C-0445-AF403B339C4B}.Release-U-32|Win32.ActiveCfg = Release-U-32|Win32
		{524A1EE0-309A-415C-0445-AF403B339C4B}.Release-U-32|Win32.Build.0 = Release-U-32|Win32
		{524A1EE0-309A-415C-0445-AF403B339C4B}.Release-U-32|x64.ActiveCfg = Release-U-32|Win32
		{524A1EE0-309A-415C-0445-AF403B339C4B}.Release-U-64|Win32.ActiveCfg = Release-U-32|Win32
		{524A1EE0-309A-415C-0445-AF403B339C4B}.Release-U-64|x64.ActiveCfg = Release-U-32|Win32
		{E6501207-BB83-4CE7-94CA-7429272D4977}.Debug-A-32|Win32.ActiveCfg = Debug-A-32|Win32
		{E6501207-BB83-4CE7-94CA-7429272D4977}.Debug-A-32|Win32.Build.0 = Debug-A-32|Win32
		{E6501207-BB83-4CE7-94CA-7429272D4977}.Debug-A-32|x64.ActiveCfg = Debug-A-32|x64
		{E6501207-BB83-4CE7-94CA-7429272D4977}.Debug-A-32|x64.Build.0 = Debug-A-32|x64
		{E6501207-BB83-4CE7-94CA-7429272D4977}.Debug-U-32|Win32.ActiveCfg = Debug-U-32|Win32
		{E6501207-BB83-4CE7-94CA-7429272D4977}.Debug-U-32|Win32.Build.0 = Debug-U-32|Win32
		{E6501207-BB83-4CE7-94CA-7429272D4977}.Debug-U-32|x64.ActiveCfg = Debug-U-32|x64
		{E6501207-BB83-4CE7-94CA-7429272D4977}.Debug-U-64|Win32.ActiveCfg = Debug-U-64|Win32
		{E6501207-BB83-4CE7-94CA-7429272D4977}.Debug-U-64|Win32.Build.0 = Debug-U-64|Win32
		{E6501207-BB83-4CE7-94CA-7429272D4977}.Debug-U-64|x64.ActiveCfg = Debug-U-64|x64
		{E6501207-BB83-4CE7-94CA-7429272D4977}.Debug-U-64|x64.Build.0 = Debug-U-64|x64
		{E6501207-BB83-4CE7-94CA-7429272D4977}.Release-A-32|Win32.ActiveCfg = Release-A-32|Win32
		{E6501207-BB83-4CE7-94CA-7429272D4977}.Release-A-32|Win32.Build.0 = Release-A-32|Win32
		{E6501207-BB83-4CE7-94CA-7429272D4977}.Release-A-32|x64.ActiveCfg = Release-A-32|x64
		{E6501207-BB83-4CE7-94CA-7429272D4977}.Release-A-32|x64.Build.0 = Release-A-32|x64
		{E6501207-BB83-4CE7-94CA-7429272D4977}.Release-DbgMemLeaks-U-32|Win32.ActiveCfg = Release-DbgMemLeaks-U-32|Win32
		{E6501207-BB83-4CE7-94CA-7429272D4977}.Release-DbgMemLeaks-U-32|Win32.Build.0 = Release-DbgMemLeaks-U-32|Win32
		{E6501207-BB83-4CE7-94CA-7429272D4977}.Release-DbgMemLeaks-U-32|x64.ActiveCfg = Release-DbgMemLeaks-U-32|x64
		{E6501207-BB83-4CE7-94CA-7429272D4977}.Release-DbgMemLeaks-U-32|x64.Build.0 = Release-DbgMemLeaks-U-32|x64
		{E6501207-BB83-4CE7-94CA-7429272D4977}.Release-Logging-U-32|Win32.ActiveCfg = Release-Logging-U-32|Win32
		{E6501207-BB83-4CE7-94CA-7429272D4977}.Release-Logging-U-32|Win32.Build.0 = Release-Logging-U-32|Win32
		{E6501207-BB83-4CE7-94CA-7429272D4977}.Release-Logging-U-32|Win32.Deploy.0 = Release-Logging-U-32|Win32
		{E6501207-BB83-4CE7-94CA-7429272D4977}.Release-Logging-U-32|x64.ActiveCfg = Release-Logging-U-64|x64
		{E6501207-BB83-4CE7-94CA-7429272D4977}.Release-Logging-U-32|x64.Build.0 = Release-Logging-U-64|x64
		{E6501207-BB83-4CE7-94CA-7429272D4977}.Release-Logging-U-32|x64.Deploy.0 = Release-Logging-U-64|x64
		{E6501207-BB83-4CE7-94CA-7429272D4977}.Release-Logging-U-64|Win32.ActiveCfg = Release-U-64|Win32
		{E6501207-BB83-4CE7-94CA-7429272D4977}.Release-Logging-U-64|Win32.Build.0 = Release-U-64|Win32
		{E6501207-BB83-4CE7-94CA-7429272D4977}.Release-Logging-U-64|x64.ActiveCfg = Release-Logging-U-64|x64
		{E6501207-BB83-4CE7-94CA-7429272D4977}.Release-Logging-U-64|x64.Build.0 = Release-Logging-U-64|x64
		{E6501207-BB83-4CE7-94CA-7429272D4977}.Release-U-32|Win32.ActiveCfg = Release-U-32|Win32
		{E6501207-BB83-4CE7-94CA-7429272D4977}.Release-U-32|Win32.Build.0 = Release-U-32|Win32
		{E6501207-BB83-4CE7-94CA-7429272D4977}.Release-U-32|x64.ActiveCfg = Release-U-32|x64
		{E6501207-BB83-4CE7-94CA-7429272D4977}.Release-U-32|x64.Build.0 = Release-U-32|x64
		{E6501207-BB83-4CE7-94CA-7429272D4977}.Release-U-64|Win32.ActiveCfg = Release-U-64|Win32
		{E6501207-BB83-4CE7-94CA-7429272D4977}.Release-U-64|x64.ActiveCfg = Release-U-64|x64
		{E6501207-BB83-4CE7-94CA-7429272D4977}.Release-U-64|x64.Build.0 = Release-U-64|x64
		{3912B87E-C560-4EEA-A936-5F4BB26B0AA6}.Debug-A-32|Win32.ActiveCfg = Debug-U-32|Win32
		{3912B87E-C560-4EEA-A936-5F4BB26B0AA6}.Debug-A-32|Win32.Build.0 = Debug-U-32|Win32
		{3912B87E-C560-4EEA-A936-5F4BB26B0AA6}.Debug-A-32|x64.ActiveCfg = Release-U-32|Win32
		{3912B87E-C560-4EEA-A936-5F4BB26B0AA6}.Debug-A-32|x64.Build.0 = Release-U-32|Win32
		{3912B87E-C560-4EEA-A936-5F4BB26B0AA6}.Debug-U-32|Win32.ActiveCfg = Debug-U-32|Win32
		{3912B87E-C560-4EEA-A936-5F4BB26B0AA6}.Debug-U-32|Win32.Build.0 = Debug-U-32|Win32
		{3912B87E-C560-4EEA-A936-5F4BB26B0AA6}.Debug-U-32|x64.ActiveCfg = Debug-U-32|Win32
		{3912B87E-C560-4EEA-A936-5F4BB26B0AA6}.Debug-U-64|Win32.ActiveCfg = Debug-U-32|Win32
		{3912B87E-C560-4EEA-A936-5F4BB26B0AA6}.Debug-U-64|Win32.Build.0 = Debug-U-32|Win32
		{3912B87E-C560-4EEA-A936-5F4BB26B0AA6}.Debug-U-64|x64.ActiveCfg = Release-U-32|Win32
		{3912B87E-C560-4EEA-A936-5F4BB26B0AA6}.Release-A-32|Win32.ActiveCfg = Release-U-32|Win32
		{3912B87E-C560-4EEA-A936-5F4BB26B0AA6}.Release-A-32|Win32.Build.0 = Release-U-32|Win32
		{3912B87E-C560-4EEA-A936-5F4BB26B0AA6}.Release-A-32|x64.ActiveCfg = Release-U-32|Win32
		{3912B87E-C560-4EEA-A936-5F4BB26B0AA6}.Release-A-32|x64.Build.0 = Release-U-32|Win32
		{3912B87E-C560-4EEA-A936-5F4BB26B0AA6}.Release-DbgMemLeaks-U-32|Win32.ActiveCfg = Release-U-32|Win32
		{3912B87E-C560-4EEA-A936-5F4BB26B0AA6}.Release-DbgMemLeaks-U-32|x64.ActiveCfg = Release-U-32|Win32
		{3912B87E-C560-4EEA-A936-5F4BB26B0AA6}.Release-DbgMemLeaks-U-32|x64.Build.0 = Release-U-32|Win32
		{3912B87E-C560-4EEA-A936-5F4BB26B0AA6}.Release-Logging-U-32|Win32.ActiveCfg = Release-U-32|Win32
		{3912B87E-C560-4EEA-A936-5F4BB26B0AA6}.Release-Logging-U-32|x64.ActiveCfg = Release-U-32|Win32
		{3912B87E-C560-4EEA-A936-5F4BB26B0AA6}.Release-Logging-U-32|x64.Build.0 = Release-U-32|Win32
		{3912B87E-C560-4EEA-A936-5F4BB26B0AA6}.Release-Logging-U-32|x64.Deploy.0 = Release-U-32|Win32
		{3912B87E-C560-4EEA-A936-5F4BB26B0AA6}.Release-Logging-U-64|Win32.ActiveCfg = Release-U-32|Win32
		{3912B87E-C560-4EEA-A936-5F4BB26B0AA6}.Release-Logging-U-64|Win32.Build.0 = Release-U-32|Win32
		{3912B87E-C560-4EEA-A936-5F4BB26B0AA6}.Release-Logging-U-64|x64.ActiveCfg = Release-U-32|Win32
		{3912B87E-C560-4EEA-A936-5F4BB26B0AA6}.Release-U-32|Win32.ActiveCfg = Release-U-32|Win32
		{3912B87E-C560-4EEA-A936-5F4BB26B0AA6}.Release-U-32|Win32.Build.0 = Release-U-32|Win32
		{3912B87E-C560-4EEA-A936-5F4BB26B0AA6}.Release-U-32|x64.ActiveCfg = Release-U-32|Win32
		{3912B87E-C560-4EEA-A936-5F4BB26B0AA6}.Release-U-64|Win32.ActiveCfg = Release-U-32|Win32
		{3912B87E-C560-4EEA-A936-5F4BB26B0AA6}.Release-U-64|Win32.Build.0 = Release-U-32|Win32
		{3912B87E-C560-4EEA-A936-5F4BB26B0AA6}.Release-U-64|x64.ActiveCfg = Release-U-32|Win32
		{985C4A1E-F99E-4B52-8CF0-4CFE5B9DC530}.Debug-A-32|Win32.ActiveCfg = Debug-A-32|Win32
		{985C4A1E-F99E-4B52-8CF0-4CFE5B9DC530}.Debug-A-32|Win32.Build.0 = Debug-A-32|Win32
		{985C4A1E-F99E-4B52-8CF0-4CFE5B9DC530}.Debug-A-32|x64.ActiveCfg = Debug-A-32|x64
		{985C4A1E-F99E-4B52-8CF0-4CFE5B9DC530}.Debug-A-32|x64.Build.0 = Debug-A-32|x64
		{985C4A1E-F99E-4B52-8CF0-4CFE5B9DC530}.Debug-U-32|Win32.ActiveCfg = Debug-U-32|Win32
		{985C4A1E-F99E-4B52-8CF0-4CFE5B9DC530}.Debug-U-32|Win32.Build.0 = Debug-U-32|Win32
		{985C4A1E-F99E-4B52-8CF0-4CFE5B9DC530}.Debug-U-32|x64.ActiveCfg = Debug-U-32|x64
		{985C4A1E-F99E-4B52-8CF0-4CFE5B9DC530}.Debug-U-32|x64.Build.0 = Debug-U-32|x64
		{985C4A1E-F99E-4B52-8CF0-4CFE5B9DC530}.Debug-U-64|Win32.ActiveCfg = Debug-U-64|Win32
		{985C4A1E-F99E-4B52-8CF0-4CFE5B9DC530}.Debug-U-64|Win32.Build.0 = Debug-U-64|Win32
		{985C4A1E-F99E-4B52-8CF0-4CFE5B9DC530}.Debug-U-64|x64.ActiveCfg = Debug-U-64|x64
		{985C4A1E-F99E-4B52-8CF0-4CFE5B9DC530}.Debug-U-64|x64.Build.0 = Debug-U-64|x64
		{985C4A1E-F99E-4B52-8CF0-4CFE5B9DC530}.Release-A-32|Win32.ActiveCfg = Release-A-32|Win32
		{985C4A1E-F99E-4B52-8CF0-4CFE5B9DC530}.Release-A-32|Win32.Build.0 = Release-A-32|Win32
		{985C4A1E-F99E-4B52-8CF0-4CFE5B9DC530}.Release-A-32|x64.ActiveCfg = Release-A-32|x64
		{985C4A1E-F99E-4B52-8CF0-4CFE5B9DC530}.Release-A-32|x64.Build.0 = Release-A-32|x64
		{985C4A1E-F99E-4B52-8CF0-4CFE5B9DC530}.Release-DbgMemLeaks-U-32|Win32.ActiveCfg = Release-U-32|Win32
		{985C4A1E-F99E-4B52-8CF0-4CFE5B9DC530}.Release-DbgMemLeaks-U-32|Win32.Build.0 = Release-U-32|Win32
		{985C4A1E-F99E-4B52-8CF0-4CFE5B9DC530}.Release-DbgMemLeaks-U-32|x64.ActiveCfg = Release-U-32|x64
		{985C4A1E-F99E-4B52-8CF0-4CFE5B9DC530}.Release-DbgMemLeaks-U-32|x64.Build.0 = Release-U-32|x64
		{985C4A1E-F99E-4B52-8CF0-4CFE5B9DC530}.Release-Logging-U-32|Win32.ActiveCfg = Release-U-32|Win32
		{985C4A1E-F99E-4B52-8CF0-4CFE5B9DC530}.Release-Logging-U-32|Win32.Build.0 = Release-U-32|Win32
		{985C4A1E-F99E-4B52-8CF0-4CFE5B9DC530}.Release-Logging-U-32|x64.ActiveCfg = Release-U-64|x64
		{985C4A1E-F99E-4B52-8CF0-4CFE5B9DC530}.Release-Logging-U-32|x64.Build.0 = Release-U-64|x64
		{985C4A1E-F99E-4B52-8CF0-4CFE5B9DC530}.Release-Logging-U-32|x64.Deploy.0 = Release-U-64|x64
		{985C4A1E-F99E-4B52-8CF0-4CFE5B9DC530}.Release-Logging-U-64|Win32.ActiveCfg = Release-A-32|Win32
		{985C4A1E-F99E-4B52-8CF0-4CFE5B9DC530}.Release-Logging-U-64|Win32.Build.0 = Release-A-32|Win32
		{985C4A1E-F99E-4B52-8CF0-4CFE5B9DC530}.Release-Logging-U-64|x64.ActiveCfg = Release-U-64|x64
		{985C4A1E-F99E-4B52-8CF0-4CFE5B9DC530}.Release-U-32|Win32.ActiveCfg = Release-U-32|Win32
		{985C4A1E-F99E-4B52-8CF0-4CFE5B9DC530}.Release-U-32|Win32.Build.0 = Release-U-32|Win32
		{985C4A1E-F99E-4B52-8CF0-4CFE5B9DC530}.Release-U-32|x64.ActiveCfg = Release-U-32|x64
		{985C4A1E-F99E-4B52-8CF0-4CFE5B9DC530}.Release-U-32|x64.Build.0 = Release-U-32|x64
		{985C4A1E-F99E-4B52-8CF0-4CFE5B9DC530}.Release-U-64|Win32.ActiveCfg = Release-U-64|Win32
		{985C4A1E-F99E-4B52-8CF0-4CFE5B9DC530}.Release-U-64|Win32.Build.0 = Release-U-64|Win32
		{985C4A1E-F99E-4B52-8CF0-4CFE5B9DC530}.Release-U-64|x64.ActiveCfg = Release-U-64|x64
		{985C4A1E-F99E-4B52-8CF0-4CFE5B9DC530}.Release-U-64|x64.Build.0 = Release-U-64|x64
		{808123CA-811B-455B-A0B8-B93D289CB7B1}.Debug-A-32|Win32.ActiveCfg = Debug-A-32|Win32
		{808123CA-811B-455B-A0B8-B93D289CB7B1}.Debug-A-32|Win32.Build.0 = Debug-A-32|Win32
		{808123CA-811B-455B-A0B8-B93D289CB7B1}.Debug-A-32|x64.ActiveCfg = Debug-A-32|x64
		{808123CA-811B-455B-A0B8-B93D289CB7B1}.Debug-A-32|x64.Build.0 = Debug-A-32|x64
		{808123CA-811B-455B-A0B8-B93D289CB7B1}.Debug-U-32|Win32.ActiveCfg = Debug-U-32|Win32
		{808123CA-811B-455B-A0B8-B93D289CB7B1}.Debug-U-32|Win32.Build.0 = Debug-U-32|Win32
		{808123CA-811B-455B-A0B8-B93D289CB7B1}.Debug-U-32|x64.ActiveCfg = Debug-U-32|x64
		{808123CA-811B-455B-A0B8-B93D289CB7B1}.Debug-U-32|x64.Build.0 = Debug-U-32|x64
		{808123CA-811B-455B-A0B8-B93D289CB7B1}.Debug-U-64|Win32.ActiveCfg = Debug-U-64|Win32
		{808123CA-811B-455B-A0B8-B93D289CB7B1}.Debug-U-64|Win32.Build.0 = Debug-U-64|Win32
		{808123CA-811B-455B-A0B8-B93D289CB7B1}.Debug-U-64|x64.ActiveCfg = Debug-U-64|x64
		{808123CA-811B-455B-A0B8-B93D289CB7B1}.Debug-U-64|x64.Build.0 = Debug-U-64|x64
		{808123CA-811B-455B-A0B8-B93D289CB7B1}.Release-A-32|Win32.ActiveCfg = Release-A-32|Win32
		{808123CA-811B-455B-A0B8-B93D289CB7B1}.Release-A-32|Win32.Build.0 = Release-A-32|Win32
		{808123CA-811B-455B-A0B8-B93D289CB7B1}.Release-A-32|x64.ActiveCfg = Release-A-32|x64
		{808123CA-811B-455B-A0B8-B93D289CB7B1}.Release-A-32|x64.Build.0 = Release-A-32|x64
		{808123CA-811B-455B-A0B8-B93D289CB7B1}.Release-DbgMemLeaks-U-32|Win32.ActiveCfg = Release-DbgMemLeaks-U-32|Win32
		{808123CA-811B-455B-A0B8-B93D289CB7B1}.Release-DbgMemLeaks-U-32|Win32.Build.0 = Release-DbgMemLeaks-U-32|Win32
		{808123CA-811B-455B-A0B8-B93D289CB7B1}.Release-DbgMemLeaks-U-32|x64.ActiveCfg = Release-DbgMemLeaks-U-32|x64
		{808123CA-811B-455B-A0B8-B93D289CB7B1}.Release-DbgMemLeaks-U-32|x64.Build.0 = Release-DbgMemLeaks-U-32|x64
		{808123CA-811B-455B-A0B8-B93D289CB7B1}.Release-Logging-U-32|Win32.ActiveCfg = Release-Logging-U-32|Win32
		{808123CA-811B-455B-A0B8-B93D289CB7B1}.Release-Logging-U-32|Win32.Build.0 = Release-Logging-U-32|Win32
		{808123CA-811B-455B-A0B8-B93D289CB7B1}.Release-Logging-U-32|x64.ActiveCfg = Release-Logging-U-32|x64
		{808123CA-811B-455B-A0B8-B93D289CB7B1}.Release-Logging-U-32|x64.Build.0 = Release-Logging-U-32|x64
		{808123CA-811B-455B-A0B8-B93D289CB7B1}.Release-Logging-U-64|Win32.ActiveCfg = Release-Logging-U-64|Win32
		{808123CA-811B-455B-A0B8-B93D289CB7B1}.Release-Logging-U-64|Win32.Build.0 = Release-Logging-U-64|Win32
		{808123CA-811B-455B-A0B8-B93D289CB7B1}.Release-Logging-U-64|x64.ActiveCfg = Release-Logging-U-64|x64
		{808123CA-811B-455B-A0B8-B93D289CB7B1}.Release-Logging-U-64|x64.Build.0 = Release-Logging-U-64|x64
		{808123CA-811B-455B-A0B8-B93D289CB7B1}.Release-U-32|Win32.ActiveCfg = Release-U-32|Win32
		{808123CA-811B-455B-A0B8-B93D289CB7B1}.Release-U-32|Win32.Build.0 = Release-U-32|Win32
		{808123CA-811B-455B-A0B8-B93D289CB7B1}.Release-U-32|x64.ActiveCfg = Release-U-32|x64
		{808123CA-811B-455B-A0B8-B93D289CB7B1}.Release-U-32|x64.Build.0 = Release-U-32|x64
		{808123CA-811B-455B-A0B8-B93D289CB7B1}.Release-U-64|Win32.ActiveCfg = Release-U-64|Win32
		{808123CA-811B-455B-A0B8-B93D289CB7B1}.Release-U-64|Win32.Build.0 = Release-U-64|Win32
		{808123CA-811B-455B-A0B8-B93D289CB7B1}.Release-U-64|x64.ActiveCfg = Release-U-64|x64
		{808123CA-811B-455B-A0B8-B93D289CB7B1}.Release-U-64|x64.Build.0 = Release-U-64|x64
		{17CE653D-28FF-4F04-8007-579A0C708DC1}.Debug-A-32|Win32.ActiveCfg = Debug-A-32|Win32
		{17CE653D-28FF-4F04-8007-579A0C708DC1}.Debug-A-32|Win32.Build.0 = Debug-A-32|Win32
		{17CE653D-28FF-4F04-8007-579A0C708DC1}.Debug-A-32|x64.ActiveCfg = Debug-A-32|x64
		{17CE653D-28FF-4F04-8007-579A0C708DC1}.Debug-A-32|x64.Build.0 = Debug-A-32|x64
		{17CE653D-28FF-4F04-8007-579A0C708DC1}.Debug-U-32|Win32.ActiveCfg = Debug-U-32|Win32
		{17CE653D-28FF-4F04-8007-579A0C708DC1}.Debug-U-32|Win32.Build.0 = Debug-U-32|Win32
		{17CE653D-28FF-4F04-8007-579A0C708DC1}.Debug-U-32|x64.ActiveCfg = Debug-U-32|x64
		{17CE653D-28FF-4F04-8007-579A0C708DC1}.Debug-U-32|x64.Build.0 = Debug-U-32|x64
		{17CE653D-28FF-4F04-8007-579A0C708DC1}.Debug-U-64|Win32.ActiveCfg = Debug-U-64|Win32
		{17CE653D-28FF-4F04-8007-579A0C708DC1}.Debug-U-64|Win32.Build.0 = Debug-U-64|Win32
		{17CE653D-28FF-4F04-8007-579A0C708DC1}.Debug-U-64|x64.ActiveCfg = Debug-U-64|x64
		{17CE653D-28FF-4F04-8007-579A0C708DC1}.Debug-U-64|x64.Build.0 = Debug-U-64|x64
		{17CE653D-28FF-4F04-8007-579A0C708DC1}.Release-A-32|Win32.ActiveCfg = Release-A-32|Win32
		{17CE653D-28FF-4F04-8007-579A0C708DC1}.Release-A-32|Win32.Build.0 = Release-A-32|Win32
		{17CE653D-28FF-4F04-8007-579A0C708DC1}.Release-A-32|x64.ActiveCfg = Release-A-32|x64
		{17CE653D-28FF-4F04-8007-579A0C708DC1}.Release-A-32|x64.Build.0 = Release-A-32|x64
		{17CE653D-28FF-4F04-8007-579A0C708DC1}.Release-DbgMemLeaks-U-32|Win32.ActiveCfg = Release-DbgMemLeaks-U-32|Win32
		{17CE653D-28FF-4F04-8007-579A0C708DC1}.Release-DbgMemLeaks-U-32|Win32.Build.0 = Release-DbgMemLeaks-U-32|Win32
		{17CE653D-28FF-4F04-8007-579A0C708DC1}.Release-DbgMemLeaks-U-32|x64.ActiveCfg = Release-DbgMemLeaks-U-32|x64
		{17CE653D-28FF-4F04-8007-579A0C708DC1}.Release-DbgMemLeaks-U-32|x64.Build.0 = Release-DbgMemLeaks-U-32|x64
		{17CE653D-28FF-4F04-8007-579A0C708DC1}.Release-Logging-U-32|Win32.ActiveCfg = Release-Logging-U-32|Win32
		{17CE653D-28FF-4F04-8007-579A0C708DC1}.Release-Logging-U-32|Win32.Build.0 = Release-Logging-U-32|Win32
		{17CE653D-28FF-4F04-8007-579A0C708DC1}.Release-Logging-U-32|x64.ActiveCfg = Release-Logging-U-32|x64
		{17CE653D-28FF-4F04-8007-579A0C708DC1}.Release-Logging-U-32|x64.Build.0 = Release-Logging-U-32|x64
		{17CE653D-28FF-4F04-8007-579A0C708DC1}.Release-Logging-U-64|Win32.ActiveCfg = Release-Logging-U-64|Win32
		{17CE653D-28FF-4F04-8007-579A0C708DC1}.Release-Logging-U-64|Win32.Build.0 = Release-Logging-U-64|Win32
		{17CE653D-28FF-4F04-8007-579A0C708DC1}.Release-Logging-U-64|x64.ActiveCfg = Release-Logging-U-64|x64
		{17CE653D-28FF-4F04-8007-579A0C708DC1}.Release-Logging-U-64|x64.Build.0 = Release-Logging-U-64|x64
		{17CE653D-28FF-4F04-8007-579A0C708DC1}.Release-U-32|Win32.ActiveCfg = Release-U-32|Win32
		{17CE653D-28FF-4F04-8007-579A0C708DC1}.Release-U-32|Win32.Build.0 = Release-U-32|Win32
		{17CE653D-28FF-4F04-8007-579A0C708DC1}.Release-U-32|x64.ActiveCfg = Release-U-32|x64
		{17CE653D-28FF-4F04-8007-579A0C708DC1}.Release-U-32|x64.Build.0 = Release-U-32|x64
		{17CE653D-28FF-4F04-8007-579A0C708DC1}.Release-U-64|Win32.ActiveCfg = Release-U-64|Win32
		{17CE653D-28FF-4F04-8007-579A0C708DC1}.Release-U-64|Win32.Build.0 = Release-U-64|Win32
		{17CE653D-28FF-4F04-8007-579A0C708DC1}.Release-U-64|x64.ActiveCfg = Release-U-64|x64
		{17CE653D-28FF-4F04-8007-579A0C708DC1}.Release-U-64|x64.Build.0 = Release-U-64|x64
		{FA8668EC-9366-4862-85E2-67D2F686B937}.Debug-A-32|Win32.ActiveCfg = Debug-A-32|Win32
		{FA8668EC-9366-4862-85E2-67D2F686B937}.Debug-A-32|Win32.Build.0 = Debug-A-32|Win32
		{FA8668EC-9366-4862-85E2-67D2F686B937}.Debug-A-32|x64.ActiveCfg = Debug-A-32|x64
		{FA8668EC-9366-4862-85E2-67D2F686B937}.Debug-A-32|x64.Build.0 = Debug-A-32|x64
		{FA8668EC-9366-4862-85E2-67D2F686B937}.Debug-U-32|Win32.ActiveCfg = Debug-U-32|Win32
		{FA8668EC-9366-4862-85E2-67D2F686B937}.Debug-U-32|Win32.Build.0 = Debug-U-32|Win32
		{FA8668EC-9366-4862-85E2-67D2F686B937}.Debug-U-32|x64.ActiveCfg = Debug-U-32|x64
		{FA8668EC-9366-4862-85E2-67D2F686B937}.Debug-U-32|x64.Build.0 = Debug-U-32|x64
		{FA8668EC-9366-4862-85E2-67D2F686B937}.Debug-U-64|Win32.ActiveCfg = Debug-U-64|Win32
		{FA8668EC-9366-4862-85E2-67D2F686B937}.Debug-U-64|Win32.Build.0 = Debug-U-64|Win32
		{FA8668EC-9366-4862-85E2-67D2F686B937}.Debug-U-64|x64.ActiveCfg = Debug-U-64|x64
		{FA8668EC-9366-4862-85E2-67D2F686B937}.Debug-U-64|x64.Build.0 = Debug-U-64|x64
		{FA8668EC-9366-4862-85E2-67D2F686B937}.Release-A-32|Win32.ActiveCfg = Release-A-32|Win32
		{FA8668EC-9366-4862-85E2-67D2F686B937}.Release-A-32|Win32.Build.0 = Release-A-32|Win32
		{FA8668EC-9366-4862-85E2-67D2F686B937}.Release-A-32|x64.ActiveCfg = Release-A-32|x64
		{FA8668EC-9366-4862-85E2-67D2F686B937}.Release-A-32|x64.Build.0 = Release-A-32|x64
		{FA8668EC-9366-4862-85E2-67D2F686B937}.Release-DbgMemLeaks-U-32|Win32.ActiveCfg = Release-A-32|Win32
		{FA8668EC-9366-4862-85E2-67D2F686B937}.Release-DbgMemLeaks-U-32|Win32.Build.0 = Release-A-32|Win32
		{FA8668EC-9366-4862-85E2-67D2F686B937}.Release-DbgMemLeaks-U-32|x64.ActiveCfg = Release-U-32|x64
		{FA8668EC-9366-4862-85E2-67D2F686B937}.Release-DbgMemLeaks-U-32|x64.Build.0 = Release-U-32|x64
		{FA8668EC-9366-4862-85E2-67D2F686B937}.Release-Logging-U-32|Win32.ActiveCfg = Release-A-32|Win32
		{FA8668EC-9366-4862-85E2-67D2F686B937}.Release-Logging-U-32|Win32.Build.0 = Release-A-32|Win32
		{FA8668EC-9366-4862-85E2-67D2F686B937}.Release-Logging-U-32|x64.ActiveCfg = Release-U-32|x64
		{FA8668EC-9366-4862-85E2-67D2F686B937}.Release-Logging-U-32|x64.Build.0 = Release-U-32|x64
		{FA8668EC-9366-4862-85E2-67D2F686B937}.Release-Logging-U-64|Win32.ActiveCfg = Release-A-32|Win32
		{FA8668EC-9366-4862-85E2-67D2F686B937}.Release-Logging-U-64|Win32.Build.0 = Release-A-32|Win32
		{FA8668EC-9366-4862-85E2-67D2F686B937}.Release-Logging-U-64|x64.ActiveCfg = Release-U-32|x64
		{FA8668EC-9366-4862-85E2-67D2F686B937}.Release-Logging-U-64|x64.Build.0 = Release-U-32|x64
		{FA8668EC-9366-4862-85E2-67D2F686B937}.Release-U-32|Win32.ActiveCfg = Release-U-32|Win32
		{FA8668EC-9366-4862-85E2-67D2F686B937}.Release-U-32|Win32.Build.0 = Release-U-32|Win32
		{FA8668EC-9366-4862-85E2-67D2F686B937}.Release-U-32|x64.ActiveCfg = Release-U-32|x64
		{FA8668EC-9366-4862-85E2-67D2F686B937}.Release-U-32|x64.Build.0 = Release-U-32|x64
		{FA8668EC-9366-4862-85E2-67D2F686B937}.Release-U-64|Win32.ActiveCfg = Release-U-64|Win32
		{FA8668EC-9366-4862-85E2-67D2F686B937}.Release-U-64|Win32.Build.0 = Release-U-64|Win32
		{FA8668EC-9366-4862-85E2-67D2F686B937}.Release-U-64|x64.ActiveCfg = Release-U-64|x64
		{FA8668EC-9366-4862-85E2-67D2F686B937}.Release-U-64|x64.Build.0 = Release-U-64|x64
		{30B6D154-A548-40A5-BCF1-E8B5B6112CD3}.Debug-A-32|Win32.ActiveCfg = Debug-A-32|Win32
		{30B6D154-A548-40A5-BCF1-E8B5B6112CD3}.Debug-A-32|Win32.Build.0 = Debug-A-32|Win32
		{30B6D154-A548-40A5-BCF1-E8B5B6112CD3}.Debug-A-32|x64.ActiveCfg = Debug-A-32|x64
		{30B6D154-A548-40A5-BCF1-E8B5B6112CD3}.Debug-A-32|x64.Build.0 = Debug-A-32|x64
		{30B6D154-A548-40A5-BCF1-E8B5B6112CD3}.Debug-U-32|Win32.ActiveCfg = Debug-U-32|Win32
		{30B6D154-A548-40A5-BCF1-E8B5B6112CD3}.Debug-U-32|Win32.Build.0 = Debug-U-32|Win32
		{30B6D154-A548-40A5-BCF1-E8B5B6112CD3}.Debug-U-32|x64.ActiveCfg = Debug-U-32|x64
		{30B6D154-A548-40A5-BCF1-E8B5B6112CD3}.Debug-U-32|x64.Build.0 = Debug-U-32|x64
		{30B6D154-A548-40A5-BCF1-E8B5B6112CD3}.Debug-U-64|Win32.ActiveCfg = Debug-U-64|Win32
		{30B6D154-A548-40A5-BCF1-E8B5B6112CD3}.Debug-U-64|Win32.Build.0 = Debug-U-64|Win32
		{30B6D154-A548-40A5-BCF1-E8B5B6112CD3}.Debug-U-64|x64.ActiveCfg = Debug-U-64|x64
		{30B6D154-A548-40A5-BCF1-E8B5B6112CD3}.Debug-U-64|x64.Build.0 = Debug-U-64|x64
		{30B6D154-A548-40A5-BCF1-E8B5B6112CD3}.Release-A-32|Win32.ActiveCfg = Release-A-32|Win32
		{30B6D154-A548-40A5-BCF1-E8B5B6112CD3}.Release-A-32|Win32.Build.0 = Release-A-32|Win32
		{30B6D154-A548-40A5-BCF1-E8B5B6112CD3}.Release-A-32|x64.ActiveCfg = Release-A-32|x64
		{30B6D154-A548-40A5-BCF1-E8B5B6112CD3}.Release-A-32|x64.Build.0 = Release-A-32|x64
		{30B6D154-A548-40A5-BCF1-E8B5B6112CD3}.Release-DbgMemLeaks-U-32|Win32.ActiveCfg = Release-A-32|Win32
		{30B6D154-A548-40A5-BCF1-E8B5B6112CD3}.Release-DbgMemLeaks-U-32|Win32.Build.0 = Release-A-32|Win32
		{30B6D154-A548-40A5-BCF1-E8B5B6112CD3}.Release-DbgMemLeaks-U-32|x64.ActiveCfg = Release-U-32|x64
		{30B6D154-A548-40A5-BCF1-E8B5B6112CD3}.Release-DbgMemLeaks-U-32|x64.Build.0 = Release-U-32|x64
		{30B6D154-A548-40A5-BCF1-E8B5B6112CD3}.Release-Logging-U-32|Win32.ActiveCfg = Release-A-32|Win32
		{30B6D154-A548-40A5-BCF1-E8B5B6112CD3}.Release-Logging-U-32|Win32.Build.0 = Release-A-32|Win32
		{30B6D154-A548-40A5-BCF1-E8B5B6112CD3}.Release-Logging-U-32|x64.ActiveCfg = Release-U-32|x64
		{30B6D154-A548-40A5-BCF1-E8B5B6112CD3}.Release-Logging-U-32|x64.Build.0 = Release-U-32|x64
		{30B6D154-A548-40A5-BCF1-E8B5B6112CD3}.Release-Logging-U-64|Win32.ActiveCfg = Release-A-32|Win32
		{30B6D154-A548-40A5-BCF1-E8B5B6112CD3}.Release-Logging-U-64|Win32.Build.0 = Release-A-32|Win32
		{30B6D154-A548-40A5-BCF1-E8B5B6112CD3}.Release-Logging-U-64|x64.ActiveCfg = Release-U-32|x64
		{30B6D154-A548-40A5-BCF1-E8B5B6112CD3}.Release-Logging-U-64|x64.Build.0 = Release-U-32|x64
		{30B6D154-A548-40A5-BCF1-E8B5B6112CD3}.Release-U-32|Win32.ActiveCfg = Release-U-32|Win32
		{30B6D154-A548-40A5-BCF1-E8B5B6112CD3}.Release-U-32|Win32.Build.0 = Release-U-32|Win32
		{30B6D154-A548-40A5-BCF1-E8B5B6112CD3}.Release-U-32|x64.ActiveCfg = Release-U-32|x64
		{30B6D154-A548-40A5-BCF1-E8B5B6112CD3}.Release-U-32|x64.Build.0 = Release-U-32|x64
		{30B6D154-A548-40A5-BCF1-E8B5B6112CD3}.Release-U-64|Win32.ActiveCfg = Release-U-64|Win32
		{30B6D154-A548-40A5-BCF1-E8B5B6112CD3}.Release-U-64|Win32.Build.0 = Release-U-64|Win32
		{30B6D154-A548-40A5-BCF1-E8B5B6112CD3}.Release-U-64|x64.ActiveCfg = Release-U-64|x64
		{30B6D154-A548-40A5-BCF1-E8B5B6112CD3}.Release-U-64|x64.Build.0 = Release-U-64|x64
		{5065D4BB-4395-4874-A4F0-C6B4AA6D5DBD}.Debug-A-32|Win32.ActiveCfg = Debug-A-32|Win32
		{5065D4BB-4395-4874-A4F0-C6B4AA6D5DBD}.Debug-A-32|Win32.Build.0 = Debug-A-32|Win32
		{5065D4BB-4395-4874-A4F0-C6B4AA6D5DBD}.Debug-A-32|x64.ActiveCfg = Debug-A-32|x64
		{5065D4BB-4395-4874-A4F0-C6B4AA6D5DBD}.Debug-A-32|x64.Build.0 = Debug-A-32|x64
		{5065D4BB-4395-4874-A4F0-C6B4AA6D5DBD}.Debug-U-32|Win32.ActiveCfg = Debug-U-32|Win32
		{5065D4BB-4395-4874-A4F0-C6B4AA6D5DBD}.Debug-U-32|Win32.Build.0 = Debug-U-32|Win32
		{5065D4BB-4395-4874-A4F0-C6B4AA6D5DBD}.Debug-U-32|x64.ActiveCfg = Debug-U-32|x64
		{5065D4BB-4395-4874-A4F0-C6B4AA6D5DBD}.Debug-U-32|x64.Build.0 = Debug-U-32|x64
		{5065D4BB-4395-4874-A4F0-C6B4AA6D5DBD}.Debug-U-64|Win32.ActiveCfg = Debug-U-64|Win32
		{5065D4BB-4395-4874-A4F0-C6B4AA6D5DBD}.Debug-U-64|Win32.Build.0 = Debug-U-64|Win32
		{5065D4BB-4395-4874-A4F0-C6B4AA6D5DBD}.Debug-U-64|x64.ActiveCfg = Debug-U-64|x64
		{5065D4BB-4395-4874-A4F0-C6B4AA6D5DBD}.Debug-U-64|x64.Build.0 = Debug-U-64|x64
		{5065D4BB-4395-4874-A4F0-C6B4AA6D5DBD}.Release-A-32|Win32.ActiveCfg = Release-A-32|Win32
		{5065D4BB-4395-4874-A4F0-C6B4AA6D5DBD}.Release-A-32|Win32.Build.0 = Release-A-32|Win32
		{5065D4BB-4395-4874-A4F0-C6B4AA6D5DBD}.Release-A-32|x64.ActiveCfg = Release-A-32|x64
		{5065D4BB-4395-4874-A4F0-C6B4AA6D5DBD}.Release-A-32|x64.Build.0 = Release-A-32|x64
		{5065D4BB-4395-4874-A4F0-C6B4AA6D5DBD}.Release-DbgMemLeaks-U-32|Win32.ActiveCfg = Release-A-32|Win32
		{5065D4BB-4395-4874-A4F0-C6B4AA6D5DBD}.Release-DbgMemLeaks-U-32|Win32.Build.0 = Release-A-32|Win32
		{5065D4BB-4395-4874-A4F0-C6B4AA6D5DBD}.Release-DbgMemLeaks-U-32|x64.ActiveCfg = Release-U-32|x64
		{5065D4BB-4395-4874-A4F0-C6B4AA6D5DBD}.Release-DbgMemLeaks-U-32|x64.Build.0 = Release-U-32|x64
		{5065D4BB-4395-4874-A4F0-C6B4AA6D5DBD}.Release-Logging-U-32|Win32.ActiveCfg = Release-A-32|Win32
		{5065D4BB-4395-4874-A4F0-C6B4AA6D5DBD}.Release-Logging-U-32|Win32.Build.0 = Release-A-32|Win32
		{5065D4BB-4395-4874-A4F0-C6B4AA6D5DBD}.Release-Logging-U-32|x64.ActiveCfg = Release-U-32|x64
		{5065D4BB-4395-4874-A4F0-C6B4AA6D5DBD}.Release-Logging-U-32|x64.Build.0 = Release-U-32|x64
		{5065D4BB-4395-4874-A4F0-C6B4AA6D5DBD}.Release-Logging-U-64|Win32.ActiveCfg = Release-A-32|Win32
		{5065D4BB-4395-4874-A4F0-C6B4AA6D5DBD}.Release-Logging-U-64|Win32.Build.0 = Release-A-32|Win32
		{5065D4BB-4395-4874-A4F0-C6B4AA6D5DBD}.Release-Logging-U-64|x64.ActiveCfg = Release-U-32|x64
		{5065D4BB-4395-4874-A4F0-C6B4AA6D5DBD}.Release-Logging-U-64|x64.Build.0 = Release-U-32|x64
		{5065D4BB-4395-4874-A4F0-C6B4AA6D5DBD}.Release-U-32|Win32.ActiveCfg = Release-U-32|Win32
		{5065D4BB-4395-4874-A4F0-C6B4AA6D5DBD}.Release-U-32|Win32.Build.0 = Release-U-32|Win32
		{5065D4BB-4395-4874-A4F0-C6B4AA6D5DBD}.Release-U-32|x64.ActiveCfg = Release-U-32|x64
		{5065D4BB-4395-4874-A4F0-C6B4AA6D5DBD}.Release-U-32|x64.Build.0 = Release-U-32|x64
		{5065D4BB-4395-4874-A4F0-C6B4AA6D5DBD}.Release-U-64|Win32.ActiveCfg = Release-U-64|Win32
		{5065D4BB-4395-4874-A4F0-C6B4AA6D5DBD}.Release-U-64|Win32.Build.0 = Release-U-64|Win32
		{5065D4BB-4395-4874-A4F0-C6B4AA6D5DBD}.Release-U-64|x64.ActiveCfg = Release-U-64|x64
		{5065D4BB-4395-4874-A4F0-C6B4AA6D5DBD}.Release-U-64|x64.Build.0 = Release-U-64|x64
		{D87B1477-CD62-4751-8A7D-AF9DAC2EBDFC}.Debug-A-32|Win32.ActiveCfg = Debug-A-32|Win32
		{D87B1477-CD62-4751-8A7D-AF9DAC2EBDFC}.Debug-A-32|Win32.Build.0 = Debug-A-32|Win32
		{D87B1477-CD62-4751-8A7D-AF9DAC2EBDFC}.Debug-A-32|x64.ActiveCfg = Debug-A-32|x64
		{D87B1477-CD62-4751-8A7D-AF9DAC2EBDFC}.Debug-A-32|x64.Build.0 = Debug-A-32|x64
		{D87B1477-CD62-4751-8A7D-AF9DAC2EBDFC}.Debug-U-32|Win32.ActiveCfg = Debug-U-32|Win32
		{D87B1477-CD62-4751-8A7D-AF9DAC2EBDFC}.Debug-U-32|Win32.Build.0 = Debug-U-32|Win32
		{D87B1477-CD62-4751-8A7D-AF9DAC2EBDFC}.Debug-U-32|x64.ActiveCfg = Debug-U-32|x64
		{D87B1477-CD62-4751-8A7D-AF9DAC2EBDFC}.Debug-U-32|x64.Build.0 = Debug-U-32|x64
		{D87B1477-CD62-4751-8A7D-AF9DAC2EBDFC}.Debug-U-64|Win32.ActiveCfg = Debug-U-64|Win32
		{D87B1477-CD62-4751-8A7D-AF9DAC2EBDFC}.Debug-U-64|Win32.Build.0 = Debug-U-64|Win32
		{D87B1477-CD62-4751-8A7D-AF9DAC2EBDFC}.Debug-U-64|x64.ActiveCfg = Debug-U-64|x64
		{D87B1477-CD62-4751-8A7D-AF9DAC2EBDFC}.Debug-U-64|x64.Build.0 = Debug-U-64|x64
		{D87B1477-CD62-4751-8A7D-AF9DAC2EBDFC}.Release-A-32|Win32.ActiveCfg = Release-A-32|Win32
		{D87B1477-CD62-4751-8A7D-AF9DAC2EBDFC}.Release-A-32|Win32.Build.0 = Release-A-32|Win32
		{D87B1477-CD62-4751-8A7D-AF9DAC2EBDFC}.Release-A-32|x64.ActiveCfg = Release-A-32|x64
		{D87B1477-CD62-4751-8A7D-AF9DAC2EBDFC}.Release-A-32|x64.Build.0 = Release-A-32|x64
		{D87B1477-CD62-4751-8A7D-AF9DAC2EBDFC}.Release-DbgMemLeaks-U-32|Win32.ActiveCfg = Release-A-32|Win32
		{D87B1477-CD62-4751-8A7D-AF9DAC2EBDFC}.Release-DbgMemLeaks-U-32|Win32.Build.0 = Release-A-32|Win32
		{D87B1477-CD62-4751-8A7D-AF9DAC2EBDFC}.Release-DbgMemLeaks-U-32|x64.ActiveCfg = Release-U-32|x64
		{D87B1477-CD62-4751-8A7D-AF9DAC2EBDFC}.Release-DbgMemLeaks-U-32|x64.Build.0 = Release-U-32|x64
		{D87B1477-CD62-4751-8A7D-AF9DAC2EBDFC}.Release-Logging-U-32|Win32.ActiveCfg = Release-U-32|Win32
		{D87B1477-CD62-4751-8A7D-AF9DAC2EBDFC}.Release-Logging-U-32|Win32.Build.0 = Release-U-32|Win32
		{D87B1477-CD62-4751-8A7D-AF9DAC2EBDFC}.Release-Logging-U-32|x64.ActiveCfg = Release-U-32|x64
		{D87B1477-CD62-4751-8A7D-AF9DAC2EBDFC}.Release-Logging-U-32|x64.Build.0 = Release-U-32|x64
		{D87B1477-CD62-4751-8A7D-AF9DAC2EBDFC}.Release-Logging-U-64|Win32.ActiveCfg = Release-A-32|Win32
		{D87B1477-CD62-4751-8A7D-AF9DAC2EBDFC}.Release-Logging-U-64|Win32.Build.0 = Release-A-32|Win32
		{D87B1477-CD62-4751-8A7D-AF9DAC2EBDFC}.Release-Logging-U-64|x64.ActiveCfg = Release-U-64|x64
		{D87B1477-CD62-4751-8A7D-AF9DAC2EBDFC}.Release-Logging-U-64|x64.Build.0 = Release-U-64|x64
		{D87B1477-CD62-4751-8A7D-AF9DAC2EBDFC}.Release-U-32|Win32.ActiveCfg = Release-U-32|Win32
		{D87B1477-CD62-4751-8A7D-AF9DAC2EBDFC}.Release-U-32|Win32.Build.0 = Release-U-32|Win32
		{D87B1477-CD62-4751-8A7D-AF9DAC2EBDFC}.Release-U-32|x64.ActiveCfg = Release-U-32|x64
		{D87B1477-CD62-4751-8A7D-AF9DAC2EBDFC}.Release-U-32|x64.Build.0 = Release-U-32|x64
		{D87B1477-CD62-4751-8A7D-AF9DAC2EBDFC}.Release-U-64|Win32.ActiveCfg = Release-U-64|Win32
		{D87B1477-CD62-4751-8A7D-AF9DAC2EBDFC}.Release-U-64|Win32.Build.0 = Release-U-64|Win32
		{D87B1477-CD62-4751-8A7D-AF9DAC2EBDFC}.Release-U-64|x64.ActiveCfg = Release-U-64|x64
		{D87B1477-CD62-4751-8A7D-AF9DAC2EBDFC}.Release-U-64|x64.Build.0 = Release-U-64|x64
	EndGlobalSection
	GlobalSection(SolutionProperties) = preSolution
		HideSolutionNode = FALSE
	EndGlobalSection
	GlobalSection(NestedProjects) = preSolution
		{5AFC8E54-EFA6-45A6-9E8F-7BB89C84AE5B} = {60B10CF8-17F2-4135-A577-21B7BD811DD6}
		{91C825D0-2702-4800-98DD-B83727D51F5E} = {60B10CF8-17F2-4135-A577-21B7BD811DD6}
		{57B01FEC-9AD1-46A4-B5F1-9E1C531E59D2} = {60B10CF8-17F2-4135-A577-21B7BD811DD6}
		{76C03E61-1308-4973-ABDA-2E83210A5B52} = {60B10CF8-17F2-4135-A577-21B7BD811DD6}
		{BB1903E4-C75B-430B-9E6F-8CAEA64BF194} = {60B10CF8-17F2-4135-A577-21B7BD811DD6}
		{9454F6D7-68B9-4C91-92D1-99958EC9EA42} = {60B10CF8-17F2-4135-A577-21B7BD811DD6}
		{3ADD4C32-1D77-47A2-9F23-83908A2446F6} = {60B10CF8-17F2-4135-A577-21B7BD811DD6}
		{A6C00B9D-8B7F-4C43-A043-1127387E712D} = {60B10CF8-17F2-4135-A577-21B7BD811DD6}
		{CB990386-9FDE-4FBA-9B1F-8A373322E978} = {0D9311A4-3664-4903-A8CA-66B67CEC1727}
		{5BD6F3C4-C037-43F4-9849-5751D35B8A76} = {0D9311A4-3664-4903-A8CA-66B67CEC1727}
		{474730FA-6DA6-4660-9D53-7AA36FBB0373} = {0D9311A4-3664-4903-A8CA-66B67CEC1727}
		{50EDA128-F1DF-4CDA-AFDF-F50E1A8BA421} = {0D9311A4-3664-4903-A8CA-66B67CEC1727}
		{46038101-1D06-45D5-B0ED-5AD62E15AADD} = {0D9311A4-3664-4903-A8CA-66B67CEC1727}
		{8EA91AE8-5DE9-2A75-8211-18478ED91741} = {0D9311A4-3664-4903-A8CA-66B67CEC1727}
		{2E2192CA-3B55-45AD-A66A-3E43FAB9B42C} = {0D9311A4-3664-4903-A8CA-66B67CEC1727}
		{524A1EE0-309A-415C-0445-AF403B339C4B} = {0D9311A4-3664-4903-A8CA-66B67CEC1727}
		{E6501207-BB83-4CE7-94CA-7429272D4977} = {0D9311A4-3664-4903-A8CA-66B67CEC1727}
		{3912B87E-C560-4EEA-A936-5F4BB26B0AA6} = {0D9311A4-3664-4903-A8CA-66B67CEC1727}
		{985C4A1E-F99E-4B52-8CF0-4CFE5B9DC530} = {0D9311A4-3664-4903-A8CA-66B67CEC1727}
		{808123CA-811B-455B-A0B8-B93D289CB7B1} = {60B10CF8-17F2-4135-A577-21B7BD811DD6}
		{17CE653D-28FF-4F04-8007-579A0C708DC1} = {60B10CF8-17F2-4135-A577-21B7BD811DD6}
		{FA8668EC-9366-4862-85E2-67D2F686B937} = {0D9311A4-3664-4903-A8CA-66B67CEC1727}
		{30B6D154-A548-40A5-BCF1-E8B5B6112CD3} = {0D9311A4-3664-4903-A8CA-66B67CEC1727}
		{5065D4BB-4395-4874-A4F0-C6B4AA6D5DBD} = {0D9311A4-3664-4903-A8CA-66B67CEC1727}
		{D87B1477-CD62-4751-8A7D-AF9DAC2EBDFC} = {0D9311A4-3664-4903-A8CA-66B67CEC1727}
	EndGlobalSection
	GlobalSection(ExtensibilityGlobals) = postSolution
		SolutionGuid = {6991AF93-FA39-4CFE-AD4E-56282C79EE18}
	EndGlobalSection
EndGlobal
