Microsoft Visual Studio Solution File, Format Version 11.00
# Visual Studio 2010
Project("{8BC9CEB8-8B4A-11D0-8D11-00A0C91BC942}") = "ActiveLedIt", "ActiveLedIt.vcxproj", "{3912B87E-C560-4EEA-A936-5F4BB26B0AA6}"
EndProject
Project("{8BC9CEB8-8B4A-11D0-8D11-00A0C91BC942}") = "Led", "LedLibrary.vcxproj", "{DCB18ECC-9E35-4F82-BB4B-16D6A76EF614}"
EndProject
Global
	GlobalSection(SolutionConfigurationPlatforms) = preSolution
		Full UNICODE Debug|Win32 = Full UNICODE Debug|Win32
		Full UNICODE Release|Win32 = Full UNICODE Release|Win32
		Partial UNICODE Debug|Win32 = Partial UNICODE Debug|Win32
		Partial UNICODE DEMO Debug|Win32 = Partial UNICODE DEMO Debug|Win32
		Partial UNICODE DEMO Release|Win32 = Partial UNICODE DEMO Release|Win32
		Partial UNICODE Release|Win32 = Partial UNICODE Release|Win32
		SingleByte Debug|Win32 = SingleByte Debug|Win32
		SingleByte Release|Win32 = SingleByte Release|Win32
	EndGlobalSection
	GlobalSection(ProjectConfigurationPlatforms) = postSolution
		{3912B87E-C560-4EEA-A936-5F4BB26B0AA6}.Full UNICODE Debug|Win32.ActiveCfg = Full UNICODE Debug|Win32
		{3912B87E-C560-4EEA-A936-5F4BB26B0AA6}.Full UNICODE Debug|Win32.Build.0 = Full UNICODE Debug|Win32
		{3912B87E-C560-4EEA-A936-5F4BB26B0AA6}.Full UNICODE Release|Win32.ActiveCfg = Full UNICODE Release|Win32
		{3912B87E-C560-4EEA-A936-5F4BB26B0AA6}.Full UNICODE Release|Win32.Build.0 = Full UNICODE Release|Win32
		{3912B87E-C560-4EEA-A936-5F4BB26B0AA6}.Partial UNICODE Debug|Win32.ActiveCfg = Partial UNICODE Debug|Win32
		{3912B87E-C560-4EEA-A936-5F4BB26B0AA6}.Partial UNICODE Debug|Win32.Build.0 = Partial UNICODE Debug|Win32
		{3912B87E-C560-4EEA-A936-5F4BB26B0AA6}.Partial UNICODE DEMO Debug|Win32.ActiveCfg = Partial UNICODE DEMO Debug|Win32
		{3912B87E-C560-4EEA-A936-5F4BB26B0AA6}.Partial UNICODE DEMO Debug|Win32.Build.0 = Partial UNICODE DEMO Debug|Win32
		{3912B87E-C560-4EEA-A936-5F4BB26B0AA6}.Partial UNICODE DEMO Release|Win32.ActiveCfg = Partial UNICODE DEMO Release|Win32
		{3912B87E-C560-4EEA-A936-5F4BB26B0AA6}.Partial UNICODE DEMO Release|Win32.Build.0 = Partial UNICODE DEMO Release|Win32
		{3912B87E-C560-4EEA-A936-5F4BB26B0AA6}.Partial UNICODE Release|Win32.ActiveCfg = Partial UNICODE Release|Win32
		{3912B87E-C560-4EEA-A936-5F4BB26B0AA6}.Partial UNICODE Release|Win32.Build.0 = Partial UNICODE Release|Win32
		{3912B87E-C560-4EEA-A936-5F4BB26B0AA6}.SingleByte Debug|Win32.ActiveCfg = SingleByte Debug|Win32
		{3912B87E-C560-4EEA-A936-5F4BB26B0AA6}.SingleByte Debug|Win32.Build.0 = SingleByte Debug|Win32
		{3912B87E-C560-4EEA-A936-5F4BB26B0AA6}.SingleByte Release|Win32.ActiveCfg = SingleByte Release|Win32
		{3912B87E-C560-4EEA-A936-5F4BB26B0AA6}.SingleByte Release|Win32.Build.0 = SingleByte Release|Win32
		{DCB18ECC-9E35-4F82-BB4B-16D6A76EF614}.Full UNICODE Debug|Win32.ActiveCfg = Full UNICODE Debug|Win32
		{DCB18ECC-9E35-4F82-BB4B-16D6A76EF614}.Full UNICODE Debug|Win32.Build.0 = Full UNICODE Debug|Win32
		{DCB18ECC-9E35-4F82-BB4B-16D6A76EF614}.Full UNICODE Release|Win32.ActiveCfg = Full UNICODE Release|Win32
		{DCB18ECC-9E35-4F82-BB4B-16D6A76EF614}.Full UNICODE Release|Win32.Build.0 = Full UNICODE Release|Win32
		{DCB18ECC-9E35-4F82-BB4B-16D6A76EF614}.Partial UNICODE Debug|Win32.ActiveCfg = Partial UNICODE Debug|Win32
		{DCB18ECC-9E35-4F82-BB4B-16D6A76EF614}.Partial UNICODE Debug|Win32.Build.0 = Partial UNICODE Debug|Win32
		{DCB18ECC-9E35-4F82-BB4B-16D6A76EF614}.Partial UNICODE DEMO Debug|Win32.ActiveCfg = Partial UNICODE DEMO Debug|Win32
		{DCB18ECC-9E35-4F82-BB4B-16D6A76EF614}.Partial UNICODE DEMO Debug|Win32.Build.0 = Partial UNICODE DEMO Debug|Win32
		{DCB18ECC-9E35-4F82-BB4B-16D6A76EF614}.Partial UNICODE DEMO Release|Win32.ActiveCfg = Partial UNICODE DEMO Release|Win32
		{DCB18ECC-9E35-4F82-BB4B-16D6A76EF614}.Partial UNICODE DEMO Release|Win32.Build.0 = Partial UNICODE DEMO Release|Win32
		{DCB18ECC-9E35-4F82-BB4B-16D6A76EF614}.Partial UNICODE Release|Win32.ActiveCfg = Partial UNICODE Release|Win32
		{DCB18ECC-9E35-4F82-BB4B-16D6A76EF614}.Partial UNICODE Release|Win32.Build.0 = Partial UNICODE Release|Win32
		{DCB18ECC-9E35-4F82-BB4B-16D6A76EF614}.SingleByte Debug|Win32.ActiveCfg = SingleByte Debug|Win32
		{DCB18ECC-9E35-4F82-BB4B-16D6A76EF614}.SingleByte Debug|Win32.Build.0 = SingleByte Debug|Win32
		{DCB18ECC-9E35-4F82-BB4B-16D6A76EF614}.SingleByte Release|Win32.ActiveCfg = SingleByte Release|Win32
		{DCB18ECC-9E35-4F82-BB4B-16D6A76EF614}.SingleByte Release|Win32.Build.0 = SingleByte Release|Win32
	EndGlobalSection
	GlobalSection(SolutionProperties) = preSolution
		HideSolutionNode = FALSE
	EndGlobalSection
EndGlobal
