Microsoft Visual Studio Solution File, Format Version 11.00
# Visual Studio 2010
Project("{8BC9CEB8-8B4A-11D0-8D11-00A0C91BC942}") = "ActiveLedIt", "ActiveLedIt_VC7.vcxproj", "{21D70018-A039-CFC3-CC29-0A534FE547AF}"
EndProject
Project("{8BC9CEB8-8B4A-11D0-8D11-00A0C91BC942}") = "Led", "LedLibrary_VC7.vcxproj", "{65D0D51F-5B08-D575-EF63-EA04791E18CC}"
EndProject
Global
	GlobalSection(SolutionConfigurationPlatforms) = preSolution
		Full UNICODE Debug|Win32 = Full UNICODE Debug|Win32
		Full UNICODE Release|Win32 = Full UNICODE Release|Win32
		Partial UNICODE Debug|Win32 = Partial UNICODE Debug|Win32
		Partial UNICODE DEMO Debug|Win32 = Partial UNICODE DEMO Debug|Win32
		Partial UNICODE DEMO Release|Win32 = Partial UNICODE DEMO Release|Win32
		Partial UNICODE Release|Win32 = Partial UNICODE Release|Win32
		SingleByte Debug|Win32 = SingleByte Debug|Win32
		SingleByte Release|Win32 = SingleByte Release|Win32
	EndGlobalSection
	GlobalSection(ProjectConfigurationPlatforms) = postSolution
		{21D70018-A039-CFC3-CC29-0A534FE547AF}.Full UNICODE Debug|Win32.ActiveCfg = Full UNICODE Debug|Win32
		{21D70018-A039-CFC3-CC29-0A534FE547AF}.Full UNICODE Release|Win32.ActiveCfg = Full UNICODE Release|Win32
		{21D70018-A039-CFC3-CC29-0A534FE547AF}.Partial UNICODE Debug|Win32.ActiveCfg = Partial UNICODE Debug|Win32
		{21D70018-A039-CFC3-CC29-0A534FE547AF}.Partial UNICODE DEMO Debug|Win32.ActiveCfg = Partial UNICODE DEMO Debug|Win32
		{21D70018-A039-CFC3-CC29-0A534FE547AF}.Partial UNICODE DEMO Release|Win32.ActiveCfg = Partial UNICODE DEMO Release|Win32
		{21D70018-A039-CFC3-CC29-0A534FE547AF}.Partial UNICODE Release|Win32.ActiveCfg = Partial UNICODE Release|Win32
		{21D70018-A039-CFC3-CC29-0A534FE547AF}.SingleByte Debug|Win32.ActiveCfg = SingleByte Debug|Win32
		{21D70018-A039-CFC3-CC29-0A534FE547AF}.SingleByte Release|Win32.ActiveCfg = SingleByte Release|Win32
		{65D0D51F-5B08-D575-EF63-EA04791E18CC}.Full UNICODE Debug|Win32.ActiveCfg = Full UNICODE Debug|Win32
		{65D0D51F-5B08-D575-EF63-EA04791E18CC}.Full UNICODE Release|Win32.ActiveCfg = Full UNICODE Release|Win32
		{65D0D51F-5B08-D575-EF63-EA04791E18CC}.Partial UNICODE Debug|Win32.ActiveCfg = Partial UNICODE Debug|Win32
		{65D0D51F-5B08-D575-EF63-EA04791E18CC}.Partial UNICODE DEMO Debug|Win32.ActiveCfg = Partial UNICODE DEMO Debug|Win32
		{65D0D51F-5B08-D575-EF63-EA04791E18CC}.Partial UNICODE DEMO Release|Win32.ActiveCfg = Partial UNICODE DEMO Release|Win32
		{65D0D51F-5B08-D575-EF63-EA04791E18CC}.Partial UNICODE Release|Win32.ActiveCfg = Partial UNICODE Release|Win32
		{65D0D51F-5B08-D575-EF63-EA04791E18CC}.SingleByte Debug|Win32.ActiveCfg = SingleByte Debug|Win32
		{65D0D51F-5B08-D575-EF63-EA04791E18CC}.SingleByte Release|Win32.ActiveCfg = SingleByte Release|Win32
	EndGlobalSection
	GlobalSection(SolutionProperties) = preSolution
		HideSolutionNode = FALSE
	EndGlobalSection
EndGlobal
