<?xml version="1.0" encoding="utf-8"?>
<Project ToolsVersion="4.0" xmlns="http://schemas.microsoft.com/developer/msbuild/2003">
  <ItemGroup>
    <Filter Include="Source Files">
      <UniqueIdentifier>{aa6c0cf9-4508-49e9-97ae-5651dc0a04aa}</UniqueIdentifier>
      <Extensions>cpp;c;cxx;rc;def;r;odl;idl;hpj;bat</Extensions>
    </Filter>
    <Filter Include="Header Files">
      <UniqueIdentifier>{3a793089-bc80-4954-94d6-2aac34e7b931}</UniqueIdentifier>
      <Extensions>h;hpp;hxx;hm;inl</Extensions>
    </Filter>
    <Filter Include="Resource Files">
      <UniqueIdentifier>{91dc8d9e-cb9f-44ee-89fd-4efe261d79e8}</UniqueIdentifier>
      <Extensions>ico;cur;bmp;dlg;rc2;rct;bin;cnt;rtf;gif;jpg;jpeg;jpe</Extensions>
    </Filter>
    <Filter Include="Led Headers">
      <UniqueIdentifier>{77278be8-8382-4a65-8aa3-b7a5362600aa}</UniqueIdentifier>
      <Extensions>.h</Extensions>
    </Filter>
    <Filter Include="CabFile">
      <UniqueIdentifier>{f13e63e0-ab41-4b5d-8c5e-647145373d8a}</UniqueIdentifier>
    </Filter>
    <Filter Include="Samples">
      <UniqueIdentifier>{ee423ab9-7755-4524-878e-dfb163ccfa9b}</UniqueIdentifier>
    </Filter>
    <Filter Include="Samples\HTML-VBScript">
      <UniqueIdentifier>{28fa164a-206c-4e68-ad3f-a0c2f6826c48}</UniqueIdentifier>
    </Filter>
    <Filter Include="Samples\HTML-JavaScript">
      <UniqueIdentifier>{989f6fb0-5913-4dbd-8a87-0f5a217730eb}</UniqueIdentifier>
    </Filter>
  </ItemGroup>
  <ItemGroup>
    <ClCompile Include="Sources\ActiveLedIt.cpp">
      <Filter>Source Files</Filter>
    </ClCompile>
    <ClCompile Include="Sources\ActiveLedItControl.cpp">
      <Filter>Source Files</Filter>
    </ClCompile>
    <ClCompile Include="Sources\ActiveLedItPpg.cpp">
      <Filter>Source Files</Filter>
    </ClCompile>
    <ClCompile Include="Sources\FontMenu.cpp">
      <Filter>Source Files</Filter>
    </ClCompile>
    <ClCompile Include="Sources\LedItView.cpp">
      <Filter>Source Files</Filter>
    </ClCompile>
  </ItemGroup>
  <ItemGroup>
    <None Include="Sources\ActiveLedIt.def">
      <Filter>Source Files</Filter>
    </None>
    <None Include="Sources\AboutBoxImage.bmp">
      <Filter>Resource Files</Filter>
    </None>
    <None Include="Sources\ActiveLedIt.ico">
      <Filter>Resource Files</Filter>
    </None>
    <None Include="Sources\ActiveLedItControl.bmp">
      <Filter>Resource Files</Filter>
    </None>
    <None Include="Sources\URLEmbeddingIcon.bmp">
      <Filter>Resource Files</Filter>
    </None>
    <None Include="Sources\UnknownEmbeddingIcon.bmp">
      <Filter>Resource Files</Filter>
    </None>
    <None Include="Sources\UnsupportedPictFormat.bmp">
      <Filter>Resource Files</Filter>
    </None>
    <None Include="..\Led\Sources\LedStdDialogs.r">
      <Filter>Led Headers</Filter>
    </None>
    <None Include="ActiveLedIt.inf">
      <Filter>CabFile</Filter>
    </None>
    <None Include="BuildCAB.bat">
      <Filter>CabFile</Filter>
    </None>
    <None Include="Samples\HTML-VBScript\PreloadingSample.html">
      <Filter>Samples\HTML-VBScript</Filter>
    </None>
    <None Include="Samples\HTML-VBScript\SimpleAutomation.html">
      <Filter>Samples\HTML-VBScript</Filter>
    </None>
    <None Include="Samples\HTML-VBScript\SimpleAutomationAndFileIO.html">
      <Filter>Samples\HTML-VBScript</Filter>
    </None>
    <None Include="Samples\HTML-VBScript\SimpleAutomationAndRTFAccess.html">
      <Filter>Samples\HTML-VBScript</Filter>
    </None>
    <None Include="Samples\HTML-VBScript\SimplestSample.html">
      <Filter>Samples\HTML-VBScript</Filter>
    </None>
    <None Include="Samples\HTML-VBScript\TwoControls.html">
      <Filter>Samples\HTML-VBScript</Filter>
    </None>
    <None Include="Samples\HTML-JavaScript\SimpleAutomation.html">
      <Filter>Samples\HTML-JavaScript</Filter>
    </None>
  </ItemGroup>
  <ItemGroup>
    <Midl Include="Sources\ActiveLedIt.odl">
      <Filter>Source Files</Filter>
    </Midl>
  </ItemGroup>
  <ItemGroup>
    <ResourceCompile Include="Sources\ActiveLedIt.rc">
      <Filter>Source Files</Filter>
    </ResourceCompile>
  </ItemGroup>
  <ItemGroup>
    <ClInclude Include="Headers\ActiveLedIt.h">
      <Filter>Header Files</Filter>
    </ClInclude>
    <ClInclude Include="Headers\ActiveLedItConfig.h">
      <Filter>Header Files</Filter>
    </ClInclude>
    <ClInclude Include="Headers\ActiveLedItControl.h">
      <Filter>Header Files</Filter>
    </ClInclude>
    <ClInclude Include="Headers\ActiveLedItPpg.h">
      <Filter>Header Files</Filter>
    </ClInclude>
    <ClInclude Include="Headers\DispIDs.h">
      <Filter>Header Files</Filter>
    </ClInclude>
    <ClInclude Include="Headers\FontMenu.h">
      <Filter>Header Files</Filter>
    </ClInclude>
    <ClInclude Include="Headers\LedItView.h">
      <Filter>Header Files</Filter>
    </ClInclude>
    <ClInclude Include="Headers\Resource.h">
      <Filter>Header Files</Filter>
    </ClInclude>
    <ClInclude Include="..\Led\Headers\BiDiLayoutEngine.h">
      <Filter>Led Headers</Filter>
    </ClInclude>
    <ClInclude Include="..\Led\Headers\ChunkedArrayTextStore.h">
      <Filter>Led Headers</Filter>
    </ClInclude>
    <ClInclude Include="..\Led\Headers\CodePage.h">
      <Filter>Led Headers</Filter>
    </ClInclude>
    <ClInclude Include="..\Led\Headers\Command.h">
      <Filter>Led Headers</Filter>
    </ClInclude>
    <ClInclude Include="..\Led\Headers\FlavorPackage.h">
      <Filter>Led Headers</Filter>
    </ClInclude>
    <ClInclude Include="..\Led\Headers\HiddenText.h">
      <Filter>Led Headers</Filter>
    </ClInclude>
    <ClInclude Include="..\Led\Headers\IdleManager.h">
      <Filter>Led Headers</Filter>
    </ClInclude>
    <ClInclude Include="..\Led\Headers\LedConfig.h">
      <Filter>Led Headers</Filter>
    </ClInclude>
    <ClInclude Include="..\Led\Headers\LedGDI.h">
      <Filter>Led Headers</Filter>
    </ClInclude>
    <ClInclude Include="..\Led\Headers\LedHandySimple.h">
      <Filter>Led Headers</Filter>
    </ClInclude>
    <ClInclude Include="..\Led\Headers\LedOptionsSupport.h">
      <Filter>Led Headers</Filter>
    </ClInclude>
    <ClInclude Include="..\Led\Headers\LedStdDialogs.h">
      <Filter>Led Headers</Filter>
    </ClInclude>
    <ClInclude Include="..\Led\Headers\LedSupport.h">
      <Filter>Led Headers</Filter>
    </ClInclude>
    <ClInclude Include="..\Led\Headers\Led_MFC.h">
      <Filter>Led Headers</Filter>
    </ClInclude>
    <ClInclude Include="..\Led\Headers\Led_MFC_WordProcessor.h">
      <Filter>Led Headers</Filter>
    </ClInclude>
    <ClInclude Include="..\Led\Headers\Led_Win32.h">
      <Filter>Led Headers</Filter>
    </ClInclude>
    <ClInclude Include="..\Led\Headers\LineBasedPartition.h">
      <Filter>Led Headers</Filter>
    </ClInclude>
    <ClInclude Include="..\Led\Headers\Marker.h">
      <Filter>Led Headers</Filter>
    </ClInclude>
    <ClInclude Include="..\Led\Headers\MarkerCover.h">
      <Filter>Led Headers</Filter>
    </ClInclude>
    <ClInclude Include="..\Led\Headers\MultiRowTextImager.h">
      <Filter>Led Headers</Filter>
    </ClInclude>
    <ClInclude Include="..\Led\Headers\PartitioningTextImager.h">
      <Filter>Led Headers</Filter>
    </ClInclude>
    <ClInclude Include="..\Led\Headers\SimpleTextImager.h">
      <Filter>Led Headers</Filter>
    </ClInclude>
    <ClInclude Include="..\Led\Headers\SimpleTextInteractor.h">
      <Filter>Led Headers</Filter>
    </ClInclude>
    <ClInclude Include="..\Led\Headers\SimpleTextStore.h">
      <Filter>Led Headers</Filter>
    </ClInclude>
    <ClInclude Include="..\Led\Headers\StandardStyledTextImager.h">
      <Filter>Led Headers</Filter>
    </ClInclude>
    <ClInclude Include="..\Led\Headers\StandardStyledTextInteractor.h">
      <Filter>Led Headers</Filter>
    </ClInclude>
    <ClInclude Include="..\Led\Headers\StyledTextEmbeddedObjects.h">
      <Filter>Led Headers</Filter>
    </ClInclude>
    <ClInclude Include="..\Led\Headers\StyledTextIO.h">
      <Filter>Led Headers</Filter>
    </ClInclude>
    <ClInclude Include="..\Led\Headers\StyledTextIO_HTML.h">
      <Filter>Led Headers</Filter>
    </ClInclude>
    <ClInclude Include="..\Led\Headers\StyledTextIO_LedNative.h">
      <Filter>Led Headers</Filter>
    </ClInclude>
    <ClInclude Include="..\Led\Headers\StyledTextIO_PlainText.h">
      <Filter>Led Headers</Filter>
    </ClInclude>
    <ClInclude Include="..\Led\Headers\StyledTextIO_RTF.h">
      <Filter>Led Headers</Filter>
    </ClInclude>
    <ClInclude Include="..\Led\Headers\StyledTextImager.h">
      <Filter>Led Headers</Filter>
    </ClInclude>
    <ClInclude Include="..\Led\Headers\TextBreaks.h">
      <Filter>Led Headers</Filter>
    </ClInclude>
    <ClInclude Include="..\Led\Headers\TextImager.h">
      <Filter>Led Headers</Filter>
    </ClInclude>
    <ClInclude Include="..\Led\Headers\TextInteractor.h">
      <Filter>Led Headers</Filter>
    </ClInclude>
    <ClInclude Include="..\Led\Headers\TextInteractorMixins.h">
      <Filter>Led Headers</Filter>
    </ClInclude>
    <ClInclude Include="..\Led\Headers\TextStore.h">
      <Filter>Led Headers</Filter>
    </ClInclude>
    <ClInclude Include="..\Led\Headers\WordProcessor.h">
      <Filter>Led Headers</Filter>
    </ClInclude>
    <ClInclude Include="..\Led\Headers\WordWrappedTextImager.h">
      <Filter>Led Headers</Filter>
    </ClInclude>
    <ClInclude Include="..\Led\Headers\WordWrappedTextInteractor.h">
      <Filter>Led Headers</Filter>
    </ClInclude>
  </ItemGroup>
</Project>