<?xml version="1.0" encoding="utf-8"?>
<Project ToolsVersion="4.0" xmlns="http://schemas.microsoft.com/developer/msbuild/2003">
  <ItemGroup>
    <Filter Include="Sources">
      <UniqueIdentifier>{e16fa4c5-668c-4616-8685-b390da5db395}</UniqueIdentifier>
      <Extensions>.cpp</Extensions>
    </Filter>
    <Filter Include="Headers">
      <UniqueIdentifier>{7da3946a-2104-4d0b-8d8e-34c6ca02c995}</UniqueIdentifier>
      <Extensions>.h</Extensions>
    </Filter>
  </ItemGroup>
  <ItemGroup>
    <ClCompile Include="..\Led\Sources\BiDiLayoutEngine.cpp">
      <Filter>Sources</Filter>
    </ClCompile>
    <ClCompile Include="..\Led\Sources\ChunkedArrayTextStore.cpp">
      <Filter>Sources</Filter>
    </ClCompile>
    <ClCompile Include="..\Led\Sources\CodePage.cpp">
      <Filter>Sources</Filter>
    </ClCompile>
    <ClCompile Include="..\Led\Sources\Command.cpp">
      <Filter>Sources</Filter>
    </ClCompile>
    <ClCompile Include="..\Led\Sources\FlavorPackage.cpp">
      <Filter>Sources</Filter>
    </ClCompile>
    <ClCompile Include="..\Led\Sources\HiddenText.cpp">
      <Filter>Sources</Filter>
    </ClCompile>
    <ClCompile Include="..\Led\Sources\IdleManager.cpp">
      <Filter>Sources</Filter>
    </ClCompile>
    <ClCompile Include="..\Led\Sources\Led_ATL.cpp">
      <Filter>Sources</Filter>
    </ClCompile>
    <ClCompile Include="..\Led\Sources\Led_MFC.cpp">
      <Filter>Sources</Filter>
    </ClCompile>
    <ClCompile Include="..\Led\Sources\Led_MFC_WordProcessor.cpp">
      <Filter>Sources</Filter>
    </ClCompile>
    <ClCompile Include="..\Led\Sources\Led_Win32.cpp">
      <Filter>Sources</Filter>
    </ClCompile>
    <ClCompile Include="..\Led\Sources\LedGDI.cpp">
      <Filter>Sources</Filter>
    </ClCompile>
    <ClCompile Include="..\Led\Sources\LedHandySimple.cpp">
      <Filter>Sources</Filter>
    </ClCompile>
    <ClCompile Include="..\Led\Sources\LedOptionsSupport.cpp">
      <Filter>Sources</Filter>
    </ClCompile>
    <ClCompile Include="..\Led\Sources\LedStdDialogs.cpp">
      <Filter>Sources</Filter>
    </ClCompile>
    <ClCompile Include="..\Led\Sources\LedSupport.cpp">
      <Filter>Sources</Filter>
    </ClCompile>
    <ClCompile Include="..\Led\Sources\LineBasedPartition.cpp">
      <Filter>Sources</Filter>
    </ClCompile>
    <ClCompile Include="..\Led\Sources\Marker.cpp">
      <Filter>Sources</Filter>
    </ClCompile>
    <ClCompile Include="..\Led\Sources\MarkerCover.cpp">
      <Filter>Sources</Filter>
    </ClCompile>
    <ClCompile Include="..\Led\Sources\MultiRowTextImager.cpp">
      <Filter>Sources</Filter>
    </ClCompile>
    <ClCompile Include="..\Led\Sources\PartitioningTextImager.cpp">
      <Filter>Sources</Filter>
    </ClCompile>
    <ClCompile Include="..\Led\Sources\SimpleTextImager.cpp">
      <Filter>Sources</Filter>
    </ClCompile>
    <ClCompile Include="..\Led\Sources\SimpleTextInteractor.cpp">
      <Filter>Sources</Filter>
    </ClCompile>
    <ClCompile Include="..\Led\Sources\SimpleTextStore.cpp">
      <Filter>Sources</Filter>
    </ClCompile>
    <ClCompile Include="..\Led\Sources\SpellCheckEngine.cpp">
      <Filter>Sources</Filter>
    </ClCompile>
    <ClCompile Include="..\Led\Sources\StandardStyledTextImager.cpp">
      <Filter>Sources</Filter>
    </ClCompile>
    <ClCompile Include="..\Led\Sources\StandardStyledTextInteractor.cpp">
      <Filter>Sources</Filter>
    </ClCompile>
    <ClCompile Include="..\Led\Sources\StyledTextEmbeddedObjects.cpp">
      <Filter>Sources</Filter>
    </ClCompile>
    <ClCompile Include="..\Led\Sources\StyledTextImager.cpp">
      <Filter>Sources</Filter>
    </ClCompile>
    <ClCompile Include="..\Led\Sources\StyledTextIO.cpp">
      <Filter>Sources</Filter>
    </ClCompile>
    <ClCompile Include="..\Led\Sources\StyledTextIO_HTML.cpp">
      <Filter>Sources</Filter>
    </ClCompile>
    <ClCompile Include="..\Led\Sources\StyledTextIO_LedNative.cpp">
      <Filter>Sources</Filter>
    </ClCompile>
    <ClCompile Include="..\Led\Sources\StyledTextIO_PlainText.cpp">
      <Filter>Sources</Filter>
    </ClCompile>
    <ClCompile Include="..\Led\Sources\StyledTextIO_RTF.cpp">
      <Filter>Sources</Filter>
    </ClCompile>
    <ClCompile Include="..\Led\Sources\TextBreaks.cpp">
      <Filter>Sources</Filter>
    </ClCompile>
    <ClCompile Include="..\Led\Sources\TextImager.cpp">
      <Filter>Sources</Filter>
    </ClCompile>
    <ClCompile Include="..\Led\Sources\TextInteractor.cpp">
      <Filter>Sources</Filter>
    </ClCompile>
    <ClCompile Include="..\Led\Sources\TextInteractorMixins.cpp">
      <Filter>Sources</Filter>
    </ClCompile>
    <ClCompile Include="..\Led\Sources\TextStore.cpp">
      <Filter>Sources</Filter>
    </ClCompile>
    <ClCompile Include="..\Led\Sources\WordProcessor.cpp">
      <Filter>Sources</Filter>
    </ClCompile>
    <ClCompile Include="..\Led\Sources\WordWrappedTextImager.cpp">
      <Filter>Sources</Filter>
    </ClCompile>
    <ClCompile Include="..\Led\Sources\WordWrappedTextInteractor.cpp">
      <Filter>Sources</Filter>
    </ClCompile>
  </ItemGroup>
  <ItemGroup>
    <None Include="..\Led\Sources\LedStdDialogs.r">
      <Filter>Sources</Filter>
    </None>
  </ItemGroup>
  <ItemGroup>
    <ClInclude Include="..\Led\Headers\BiDiLayoutEngine.h">
      <Filter>Headers</Filter>
    </ClInclude>
    <ClInclude Include="..\Led\Headers\ChunkedArrayTextStore.h">
      <Filter>Headers</Filter>
    </ClInclude>
    <ClInclude Include="..\Led\Headers\CodePage.h">
      <Filter>Headers</Filter>
    </ClInclude>
    <ClInclude Include="..\Led\Headers\Command.h">
      <Filter>Headers</Filter>
    </ClInclude>
    <ClInclude Include="..\Led\Headers\FlavorPackage.h">
      <Filter>Headers</Filter>
    </ClInclude>
    <ClInclude Include="..\Led\Headers\HiddenText.h">
      <Filter>Headers</Filter>
    </ClInclude>
    <ClInclude Include="..\Led\Headers\IdleManager.h">
      <Filter>Headers</Filter>
    </ClInclude>
    <ClInclude Include="..\Led\Headers\Led_ATL.h">
      <Filter>Headers</Filter>
    </ClInclude>
    <ClInclude Include="..\Led\Headers\Led_MFC.h">
      <Filter>Headers</Filter>
    </ClInclude>
    <ClInclude Include="..\Led\Headers\Led_MFC_WordProcessor.h">
      <Filter>Headers</Filter>
    </ClInclude>
    <ClInclude Include="..\Led\Headers\Led_Win32.h">
      <Filter>Headers</Filter>
    </ClInclude>
    <ClInclude Include="..\Led\Headers\LedConfig.h">
      <Filter>Headers</Filter>
    </ClInclude>
    <ClInclude Include="..\Led\Headers\LedGDI.h">
      <Filter>Headers</Filter>
    </ClInclude>
    <ClInclude Include="..\Led\Headers\LedHandySimple.h">
      <Filter>Headers</Filter>
    </ClInclude>
    <ClInclude Include="..\Led\Headers\LedOptionsSupport.h">
      <Filter>Headers</Filter>
    </ClInclude>
    <ClInclude Include="..\Led\Headers\LedStdDialogs.h">
      <Filter>Headers</Filter>
    </ClInclude>
    <ClInclude Include="..\Led\Headers\LedSupport.h">
      <Filter>Headers</Filter>
    </ClInclude>
    <ClInclude Include="..\Led\Headers\LineBasedPartition.h">
      <Filter>Headers</Filter>
    </ClInclude>
    <ClInclude Include="..\Led\Headers\Marker.h">
      <Filter>Headers</Filter>
    </ClInclude>
    <ClInclude Include="..\Led\Headers\MarkerCover.h">
      <Filter>Headers</Filter>
    </ClInclude>
    <ClInclude Include="..\Led\Headers\MultiRowTextImager.h">
      <Filter>Headers</Filter>
    </ClInclude>
    <ClInclude Include="..\Led\Headers\PartitioningTextImager.h">
      <Filter>Headers</Filter>
    </ClInclude>
    <ClInclude Include="..\Led\Headers\SimpleTextImager.h">
      <Filter>Headers</Filter>
    </ClInclude>
    <ClInclude Include="..\Led\Headers\SimpleTextInteractor.h">
      <Filter>Headers</Filter>
    </ClInclude>
    <ClInclude Include="..\Led\Headers\SimpleTextStore.h">
      <Filter>Headers</Filter>
    </ClInclude>
    <ClInclude Include="..\Led\Headers\SpellCheckEngine.h">
      <Filter>Headers</Filter>
    </ClInclude>
    <ClInclude Include="..\Led\Headers\StandardStyledTextImager.h">
      <Filter>Headers</Filter>
    </ClInclude>
    <ClInclude Include="..\Led\Headers\StandardStyledTextInteractor.h">
      <Filter>Headers</Filter>
    </ClInclude>
    <ClInclude Include="..\Led\Headers\StyledTextEmbeddedObjects.h">
      <Filter>Headers</Filter>
    </ClInclude>
    <ClInclude Include="..\Led\Headers\StyledTextImager.h">
      <Filter>Headers</Filter>
    </ClInclude>
    <ClInclude Include="..\Led\Headers\StyledTextIO.h">
      <Filter>Headers</Filter>
    </ClInclude>
    <ClInclude Include="..\Led\Headers\StyledTextIO_HTML.h">
      <Filter>Headers</Filter>
    </ClInclude>
    <ClInclude Include="..\Led\Headers\StyledTextIO_LedNative.h">
      <Filter>Headers</Filter>
    </ClInclude>
    <ClInclude Include="..\Led\Headers\StyledTextIO_PlainText.h">
      <Filter>Headers</Filter>
    </ClInclude>
    <ClInclude Include="..\Led\Headers\StyledTextIO_RTF.h">
      <Filter>Headers</Filter>
    </ClInclude>
    <ClInclude Include="..\Led\Headers\TextBreaks.h">
      <Filter>Headers</Filter>
    </ClInclude>
    <ClInclude Include="..\Led\Headers\TextImager.h">
      <Filter>Headers</Filter>
    </ClInclude>
    <ClInclude Include="..\Led\Headers\TextInteractor.h">
      <Filter>Headers</Filter>
    </ClInclude>
    <ClInclude Include="..\Led\Headers\TextInteractorMixins.h">
      <Filter>Headers</Filter>
    </ClInclude>
    <ClInclude Include="..\Led\Headers\TextStore.h">
      <Filter>Headers</Filter>
    </ClInclude>
    <ClInclude Include="..\Led\Headers\WordProcessor.h">
      <Filter>Headers</Filter>
    </ClInclude>
    <ClInclude Include="..\Led\Headers\WordWrappedTextImager.h">
      <Filter>Headers</Filter>
    </ClInclude>
    <ClInclude Include="..\Led\Headers\WordWrappedTextInteractor.h">
      <Filter>Headers</Filter>
    </ClInclude>
  </ItemGroup>
</Project>