<?xml version="1.0" encoding="utf-8"?>
<Project ToolsVersion="4.0" xmlns="http://schemas.microsoft.com/developer/msbuild/2003">
  <ItemGroup>
    <Filter Include="Source Files">
      <UniqueIdentifier>{94a75b6a-8a2e-4bf1-a9bb-4a6c6ff8f2fa}</UniqueIdentifier>
      <Extensions>cpp;c;cxx;def;odl;idl;hpj;bat;asm</Extensions>
    </Filter>
    <Filter Include="Header Files">
      <UniqueIdentifier>{97641c47-a5dc-4285-8dd3-a0a4a3a3cc89}</UniqueIdentifier>
      <Extensions>h;hpp;hxx;hm;inl;inc</Extensions>
    </Filter>
  </ItemGroup>
  <ItemGroup>
    <ClCompile Include="..\fribidi-src\fribidi.c">
      <Filter>Source Files</Filter>
    </ClCompile>
    <ClCompile Include="..\fribidi-src\fribidi_char_type.c">
      <Filter>Source Files</Filter>
    </ClCompile>
    <ClCompile Include="..\fribidi-src\fribidi_mem.c">
      <Filter>Source Files</Filter>
    </ClCompile>
    <ClCompile Include="..\fribidi-src\fribidi_mirroring.c">
      <Filter>Source Files</Filter>
    </ClCompile>
    <ClCompile Include="..\fribidi-src\fribidi_types.c">
      <Filter>Source Files</Filter>
    </ClCompile>
    <ClCompile Include="..\fribidi-src\fribidi_utils.c">
      <Filter>Source Files</Filter>
    </ClCompile>
  </ItemGroup>
  <ItemGroup>
    <ClInclude Include="..\fribidi-src\acconfig.h">
      <Filter>Header Files</Filter>
    </ClInclude>
    <ClInclude Include="..\fribidi-src\config.h">
      <Filter>Header Files</Filter>
    </ClInclude>
    <ClInclude Include="..\fribidi-src\fribidi.h">
      <Filter>Header Files</Filter>
    </ClInclude>
    <ClInclude Include="..\fribidi-src\fribidi_config.h">
      <Filter>Header Files</Filter>
    </ClInclude>
    <ClInclude Include="..\fribidi-src\fribidi_mem.h">
      <Filter>Header Files</Filter>
    </ClInclude>
    <ClInclude Include="..\fribidi-src\fribidi_types.h">
      <Filter>Header Files</Filter>
    </ClInclude>
    <ClInclude Include="..\fribidi-src\fribidi_unicode.h">
      <Filter>Header Files</Filter>
    </ClInclude>
    <ClInclude Include="..\fribidi-src\packtab.h">
      <Filter>Header Files</Filter>
    </ClInclude>
  </ItemGroup>
</Project>